// !$*UTF8*$!
{
	archiveVersion = 1;
	classes = {
	};
	objectVersion = 52;
	objects = {

/* Begin PBXBuildFile section */
		0347C3C81E15F3D26AA3F162 /* _CollectionsUtilities.framework in Frameworks */ = {isa = PBXBuildFile; fileRef = A28094A3B3BF946A393C78B6 /* _CollectionsUtilities.framework */; platformFilter = ios; };
		07E0862DE903EC93739ED1BE /* Clocks.framework in Frameworks */ = {isa = PBXBuildFile; fileRef = 84DFD565B033CA050F168176 /* Clocks.framework */; platformFilter = ios; };
		12FDFC7857D50B93E1BA34C9 /* KuringLink.framework in Embed Frameworks */ = {isa = PBXBuildFile; fileRef = 0FA1B6C9BF7D89694A2CACB2 /* KuringLink.framework */; platformFilter = ios; settings = {ATTRIBUTES = (CodeSignOnCopy, RemoveHeadersOnCopy, ); }; };
		1D9EA8F0B873198472C76B56 /* XCTestDynamicOverlay.framework in Frameworks */ = {isa = PBXBuildFile; fileRef = 09ABCE1D18ED04979D1840E1 /* XCTestDynamicOverlay.framework */; platformFilter = ios; };
		2046FAC02499BE955CA43C34 /* ComposableArchitecture.framework in Frameworks */ = {isa = PBXBuildFile; fileRef = 7D62970894D43D9AF58B84AB /* ComposableArchitecture.framework */; platformFilter = ios; };
		25112E3E4E0F660118CFDB66 /* ConcurrencyExtras.framework in Frameworks */ = {isa = PBXBuildFile; fileRef = 98BED0FE1D67D36C26EF5261 /* ConcurrencyExtras.framework */; platformFilter = ios; };
		26E1B12F66580DDE45E71090 /* KuringApp.swift in Sources */ = {isa = PBXBuildFile; fileRef = DA434B67C1ABC307A467E8C0 /* KuringApp.swift */; };
		3322A0ADB49F7132E4EB77F3 /* FirebaseMessaging in Frameworks */ = {isa = PBXBuildFile; productRef = F4076B2568A477D35BD03665 /* FirebaseMessaging */; };
		350EBDBFCD8E5CDDA4151C63 /* IdentifiedCollections.framework in Frameworks */ = {isa = PBXBuildFile; fileRef = 65AFA34C380CB7C93A0A68BE /* IdentifiedCollections.framework */; platformFilter = ios; };
		3AD25E979DEF5FADD602244B /* OrderedCollections.framework in Frameworks */ = {isa = PBXBuildFile; fileRef = 7DED7A8F9C145D5F5C144C1E /* OrderedCollections.framework */; platformFilter = ios; };
		3C4A4F750B4B7E22AA747322 /* DesignSystem.framework in Frameworks */ = {isa = PBXBuildFile; fileRef = E9369BFA2C65412102538303 /* DesignSystem.framework */; platformFilter = ios; };
		3C7854D45F6876DBFFC613CA /* CustomDump.framework in Frameworks */ = {isa = PBXBuildFile; fileRef = 2FF70F273D3C15685D4A7E93 /* CustomDump.framework */; platformFilter = ios; };
		43157BCBA938FA8C02F49966 /* SwiftUINavigationCore.framework in Frameworks */ = {isa = PBXBuildFile; fileRef = D9C8E1FBE2BCCD3E70D87DDE /* SwiftUINavigationCore.framework */; platformFilter = ios; };
		451EFBE3199FFD2B704D3381 /* ComposableArchitecture.framework in Frameworks */ = {isa = PBXBuildFile; fileRef = 7D62970894D43D9AF58B84AB /* ComposableArchitecture.framework */; platformFilter = ios; };
		4A841826BF7FCBA73F0A1C87 /* Clocks.framework in Frameworks */ = {isa = PBXBuildFile; fileRef = 84DFD565B033CA050F168176 /* Clocks.framework */; platformFilter = ios; };
		528CBEE45DFD36451A3C9560 /* DesignSystem.framework in Embed Frameworks */ = {isa = PBXBuildFile; fileRef = E9369BFA2C65412102538303 /* DesignSystem.framework */; platformFilter = ios; settings = {ATTRIBUTES = (CodeSignOnCopy, RemoveHeadersOnCopy, ); }; };
		576E65B1C25F0D1B3AD5A5EF /* Dependencies.framework in Frameworks */ = {isa = PBXBuildFile; fileRef = 4ABA8438B4F227DF7CACA059 /* Dependencies.framework */; platformFilter = ios; };
		5787222CB9182D0542CDC67D /* Assets.xcassets in Resources */ = {isa = PBXBuildFile; fileRef = 8F7F83A194E1D17030DCA033 /* Assets.xcassets */; };
		5A0F3F4BB32EABF08D3B9546 /* XCTestDynamicOverlay.framework in Frameworks */ = {isa = PBXBuildFile; fileRef = 09ABCE1D18ED04979D1840E1 /* XCTestDynamicOverlay.framework */; platformFilter = ios; };
		62A9B4F5A27C6BB61D6619EE /* CombineSchedulers.framework in Frameworks */ = {isa = PBXBuildFile; fileRef = 478531940A89E69929252124 /* CombineSchedulers.framework */; platformFilter = ios; };
		681D64D8225B90ABACFF4137 /* AppDelegate.swift in Sources */ = {isa = PBXBuildFile; fileRef = 7210F22777D23AD1713BCADE /* AppDelegate.swift */; };
		714B58DD2331DDC4D85C32EC /* CombineSchedulers.framework in Frameworks */ = {isa = PBXBuildFile; fileRef = 478531940A89E69929252124 /* CombineSchedulers.framework */; platformFilter = ios; };
		78B7DC24A723ED0129D9B009 /* IdentifiedCollections.framework in Frameworks */ = {isa = PBXBuildFile; fileRef = 65AFA34C380CB7C93A0A68BE /* IdentifiedCollections.framework */; platformFilter = ios; };
		80B6C76E93F41BDC57F06D7B /* OrderedCollections.framework in Frameworks */ = {isa = PBXBuildFile; fileRef = 7DED7A8F9C145D5F5C144C1E /* OrderedCollections.framework */; platformFilter = ios; };
		81C66635865A31475CCDF125 /* DesignSystem.framework in Embed Frameworks */ = {isa = PBXBuildFile; fileRef = E9369BFA2C65412102538303 /* DesignSystem.framework */; platformFilter = ios; settings = {ATTRIBUTES = (CodeSignOnCopy, RemoveHeadersOnCopy, ); }; };
		84D33F77FAFCBAB4D79ACC51 /* DesignSystem.framework in Frameworks */ = {isa = PBXBuildFile; fileRef = E9369BFA2C65412102538303 /* DesignSystem.framework */; platformFilter = ios; };
		886CEB733F4D89AAC7DEA045 /* LaunchScreen.storyboard in Resources */ = {isa = PBXBuildFile; fileRef = 057A3CD8D734F9C1B4948C18 /* LaunchScreen.storyboard */; };
		90341A1FCE0060DED7132A18 /* _CollectionsUtilities.framework in Frameworks */ = {isa = PBXBuildFile; fileRef = A28094A3B3BF946A393C78B6 /* _CollectionsUtilities.framework */; platformFilter = ios; };
		95F4B8798F202DF086415460 /* Assets.xcassets in Resources */ = {isa = PBXBuildFile; fileRef = 8F7F83A194E1D17030DCA033 /* Assets.xcassets */; };
		9DD435BEA74919432226908D /* ContentView.swift in Sources */ = {isa = PBXBuildFile; fileRef = 5E38436ED8889DC7424B93FD /* ContentView.swift */; };
		9EA67337939AA5091F518297 /* CustomDump.framework in Frameworks */ = {isa = PBXBuildFile; fileRef = 2FF70F273D3C15685D4A7E93 /* CustomDump.framework */; platformFilter = ios; };
		A2C0B77C5BDBF5B7F33CE943 /* CasePaths.framework in Frameworks */ = {isa = PBXBuildFile; fileRef = 1EEBEB53C8803AC8D44217FE /* CasePaths.framework */; platformFilter = ios; };
		A57EA478377F3282015047D4 /* KuringLink.framework in Frameworks */ = {isa = PBXBuildFile; fileRef = 0FA1B6C9BF7D89694A2CACB2 /* KuringLink.framework */; platformFilter = ios; };
		A60349EAAE572B5896C64A2C /* ContentView.swift in Sources */ = {isa = PBXBuildFile; fileRef = 5E38436ED8889DC7424B93FD /* ContentView.swift */; };
		B572F3F74E1DED6A78EAD638 /* KuringLink.framework in Frameworks */ = {isa = PBXBuildFile; fileRef = 0FA1B6C9BF7D89694A2CACB2 /* KuringLink.framework */; platformFilter = ios; };
		B90512E52CE18712D36EBBE3 /* FirebaseMessaging in Frameworks */ = {isa = PBXBuildFile; productRef = AADB00EA844393F2C6F18708 /* FirebaseMessaging */; };
		BEC98AAAA6679D960094BA14 /* Dependencies.framework in Frameworks */ = {isa = PBXBuildFile; fileRef = 4ABA8438B4F227DF7CACA059 /* Dependencies.framework */; platformFilter = ios; };
		BED8BA2B0361FC5BBCB10AAB /* LaunchScreen.storyboard in Resources */ = {isa = PBXBuildFile; fileRef = 057A3CD8D734F9C1B4948C18 /* LaunchScreen.storyboard */; };
		C7FFFEBEE24403ED925403E4 /* SwiftUINavigationCore.framework in Frameworks */ = {isa = PBXBuildFile; fileRef = D9C8E1FBE2BCCD3E70D87DDE /* SwiftUINavigationCore.framework */; platformFilter = ios; };
		D0B9D0A5E75DB674F0E28A73 /* ConcurrencyExtras.framework in Frameworks */ = {isa = PBXBuildFile; fileRef = 98BED0FE1D67D36C26EF5261 /* ConcurrencyExtras.framework */; platformFilter = ios; };
		DECC6598189A341F3B0FC560 /* CasePaths.framework in Frameworks */ = {isa = PBXBuildFile; fileRef = 1EEBEB53C8803AC8D44217FE /* CasePaths.framework */; platformFilter = ios; };
		E0A82FA5317D0CC7EFBEE120 /* KuringApp.swift in Sources */ = {isa = PBXBuildFile; fileRef = DA434B67C1ABC307A467E8C0 /* KuringApp.swift */; };
		EE3E4B45F5BDEF7AF0176467 /* AppDelegate.swift in Sources */ = {isa = PBXBuildFile; fileRef = 7210F22777D23AD1713BCADE /* AppDelegate.swift */; };
		F4FA828272E3A4A1E3945BB6 /* dummy.swift in Resources */ = {isa = PBXBuildFile; fileRef = 7481DB2962520B4C722E6AF4 /* dummy.swift */; };
		F58CF16F3989329B6C1981B3 /* dummy.swift in Resources */ = {isa = PBXBuildFile; fileRef = 7481DB2962520B4C722E6AF4 /* dummy.swift */; };
		FBA21C84697C5D4267069353 /* KuringLink.framework in Embed Frameworks */ = {isa = PBXBuildFile; fileRef = 0FA1B6C9BF7D89694A2CACB2 /* KuringLink.framework */; platformFilter = ios; settings = {ATTRIBUTES = (CodeSignOnCopy, RemoveHeadersOnCopy, ); }; };
/* End PBXBuildFile section */

/* Begin PBXCopyFilesBuildPhase section */
		0704AA57489984090B3997F9 /* Embed Frameworks */ = {
			isa = PBXCopyFilesBuildPhase;
			buildActionMask = 2147483647;
			dstPath = "";
			dstSubfolderSpec = 10;
			files = (
				528CBEE45DFD36451A3C9560 /* DesignSystem.framework in Embed Frameworks */,
				12FDFC7857D50B93E1BA34C9 /* KuringLink.framework in Embed Frameworks */,
			);
			name = "Embed Frameworks";
			runOnlyForDeploymentPostprocessing = 0;
		};
		8D1FDFE5AFA7E49F431C87F8 /* Embed Frameworks */ = {
			isa = PBXCopyFilesBuildPhase;
			buildActionMask = 2147483647;
			dstPath = "";
			dstSubfolderSpec = 10;
			files = (
				81C66635865A31475CCDF125 /* DesignSystem.framework in Embed Frameworks */,
				FBA21C84697C5D4267069353 /* KuringLink.framework in Embed Frameworks */,
			);
			name = "Embed Frameworks";
			runOnlyForDeploymentPostprocessing = 0;
		};
/* End PBXCopyFilesBuildPhase section */

/* Begin PBXFileReference section */
		057A3CD8D734F9C1B4948C18 /* LaunchScreen.storyboard */ = {isa = PBXFileReference; lastKnownFileType = file.storyboard; path = LaunchScreen.storyboard; sourceTree = "<group>"; };
		09ABCE1D18ED04979D1840E1 /* XCTestDynamicOverlay.framework */ = {isa = PBXFileReference; explicitFileType = wrapper.framework; includeInIndex = 0; path = XCTestDynamicOverlay.framework; sourceTree = BUILT_PRODUCTS_DIR; };
		0FA1B6C9BF7D89694A2CACB2 /* KuringLink.framework */ = {isa = PBXFileReference; explicitFileType = wrapper.framework; includeInIndex = 0; path = KuringLink.framework; sourceTree = BUILT_PRODUCTS_DIR; };
		1EEBEB53C8803AC8D44217FE /* CasePaths.framework */ = {isa = PBXFileReference; explicitFileType = wrapper.framework; includeInIndex = 0; path = CasePaths.framework; sourceTree = BUILT_PRODUCTS_DIR; };
		27FD9FFC2B1B9294BDB1BB3F /* Kuring.app */ = {isa = PBXFileReference; explicitFileType = wrapper.application; includeInIndex = 0; path = Kuring.app; sourceTree = BUILT_PRODUCTS_DIR; };
		2FF70F273D3C15685D4A7E93 /* CustomDump.framework */ = {isa = PBXFileReference; explicitFileType = wrapper.framework; includeInIndex = 0; path = CustomDump.framework; sourceTree = BUILT_PRODUCTS_DIR; };
		478531940A89E69929252124 /* CombineSchedulers.framework */ = {isa = PBXFileReference; explicitFileType = wrapper.framework; includeInIndex = 0; path = CombineSchedulers.framework; sourceTree = BUILT_PRODUCTS_DIR; };
		4ABA8438B4F227DF7CACA059 /* Dependencies.framework */ = {isa = PBXFileReference; explicitFileType = wrapper.framework; includeInIndex = 0; path = Dependencies.framework; sourceTree = BUILT_PRODUCTS_DIR; };
		5E38436ED8889DC7424B93FD /* ContentView.swift */ = {isa = PBXFileReference; lastKnownFileType = sourcecode.swift; path = ContentView.swift; sourceTree = "<group>"; };
		65AFA34C380CB7C93A0A68BE /* IdentifiedCollections.framework */ = {isa = PBXFileReference; explicitFileType = wrapper.framework; includeInIndex = 0; path = IdentifiedCollections.framework; sourceTree = BUILT_PRODUCTS_DIR; };
		7210F22777D23AD1713BCADE /* AppDelegate.swift */ = {isa = PBXFileReference; lastKnownFileType = sourcecode.swift; path = AppDelegate.swift; sourceTree = "<group>"; };
		7481DB2962520B4C722E6AF4 /* dummy.swift */ = {isa = PBXFileReference; lastKnownFileType = sourcecode.swift; path = dummy.swift; sourceTree = "<group>"; };
		7D62970894D43D9AF58B84AB /* ComposableArchitecture.framework */ = {isa = PBXFileReference; explicitFileType = wrapper.framework; includeInIndex = 0; path = ComposableArchitecture.framework; sourceTree = BUILT_PRODUCTS_DIR; };
		7DED7A8F9C145D5F5C144C1E /* OrderedCollections.framework */ = {isa = PBXFileReference; explicitFileType = wrapper.framework; includeInIndex = 0; path = OrderedCollections.framework; sourceTree = BUILT_PRODUCTS_DIR; };
		84DFD565B033CA050F168176 /* Clocks.framework */ = {isa = PBXFileReference; explicitFileType = wrapper.framework; includeInIndex = 0; path = Clocks.framework; sourceTree = BUILT_PRODUCTS_DIR; };
		8F7F83A194E1D17030DCA033 /* Assets.xcassets */ = {isa = PBXFileReference; lastKnownFileType = folder.assetcatalog; path = Assets.xcassets; sourceTree = "<group>"; };
		98BED0FE1D67D36C26EF5261 /* ConcurrencyExtras.framework */ = {isa = PBXFileReference; explicitFileType = wrapper.framework; includeInIndex = 0; path = ConcurrencyExtras.framework; sourceTree = BUILT_PRODUCTS_DIR; };
		A28094A3B3BF946A393C78B6 /* _CollectionsUtilities.framework */ = {isa = PBXFileReference; explicitFileType = wrapper.framework; includeInIndex = 0; path = _CollectionsUtilities.framework; sourceTree = BUILT_PRODUCTS_DIR; };
		A42885E5471D20470BB1624C /* Kuring_Dev.app */ = {isa = PBXFileReference; explicitFileType = wrapper.application; includeInIndex = 0; path = Kuring_Dev.app; sourceTree = BUILT_PRODUCTS_DIR; };
		D07B2C98B0A0DE8661A2B9B2 /* Kuring-Dev-Info.plist */ = {isa = PBXFileReference; lastKnownFileType = text.plist; path = "Kuring-Dev-Info.plist"; sourceTree = "<group>"; };
		D9C8E1FBE2BCCD3E70D87DDE /* SwiftUINavigationCore.framework */ = {isa = PBXFileReference; explicitFileType = wrapper.framework; includeInIndex = 0; path = SwiftUINavigationCore.framework; sourceTree = BUILT_PRODUCTS_DIR; };
		DA434B67C1ABC307A467E8C0 /* KuringApp.swift */ = {isa = PBXFileReference; lastKnownFileType = sourcecode.swift; path = KuringApp.swift; sourceTree = "<group>"; };
		E9369BFA2C65412102538303 /* DesignSystem.framework */ = {isa = PBXFileReference; explicitFileType = wrapper.framework; includeInIndex = 0; path = DesignSystem.framework; sourceTree = BUILT_PRODUCTS_DIR; };
		F5D8AC42FD1D3CB813FC98F6 /* Kuring-Info.plist */ = {isa = PBXFileReference; lastKnownFileType = text.plist; path = "Kuring-Info.plist"; sourceTree = "<group>"; };
/* End PBXFileReference section */

/* Begin PBXFrameworksBuildPhase section */
		30426774388F8B6027BEA080 /* Frameworks */ = {
			isa = PBXFrameworksBuildPhase;
			buildActionMask = 2147483647;
			files = (
				DECC6598189A341F3B0FC560 /* CasePaths.framework in Frameworks */,
				07E0862DE903EC93739ED1BE /* Clocks.framework in Frameworks */,
				62A9B4F5A27C6BB61D6619EE /* CombineSchedulers.framework in Frameworks */,
				2046FAC02499BE955CA43C34 /* ComposableArchitecture.framework in Frameworks */,
				D0B9D0A5E75DB674F0E28A73 /* ConcurrencyExtras.framework in Frameworks */,
				9EA67337939AA5091F518297 /* CustomDump.framework in Frameworks */,
				576E65B1C25F0D1B3AD5A5EF /* Dependencies.framework in Frameworks */,
				3C4A4F750B4B7E22AA747322 /* DesignSystem.framework in Frameworks */,
				78B7DC24A723ED0129D9B009 /* IdentifiedCollections.framework in Frameworks */,
				A57EA478377F3282015047D4 /* KuringLink.framework in Frameworks */,
				3AD25E979DEF5FADD602244B /* OrderedCollections.framework in Frameworks */,
				43157BCBA938FA8C02F49966 /* SwiftUINavigationCore.framework in Frameworks */,
				1D9EA8F0B873198472C76B56 /* XCTestDynamicOverlay.framework in Frameworks */,
				90341A1FCE0060DED7132A18 /* _CollectionsUtilities.framework in Frameworks */,
				B90512E52CE18712D36EBBE3 /* FirebaseMessaging in Frameworks */,
			);
			runOnlyForDeploymentPostprocessing = 0;
		};
		4F97E4814DE192EB3634746E /* Frameworks */ = {
			isa = PBXFrameworksBuildPhase;
			buildActionMask = 2147483647;
			files = (
				A2C0B77C5BDBF5B7F33CE943 /* CasePaths.framework in Frameworks */,
				4A841826BF7FCBA73F0A1C87 /* Clocks.framework in Frameworks */,
				714B58DD2331DDC4D85C32EC /* CombineSchedulers.framework in Frameworks */,
				451EFBE3199FFD2B704D3381 /* ComposableArchitecture.framework in Frameworks */,
				25112E3E4E0F660118CFDB66 /* ConcurrencyExtras.framework in Frameworks */,
				3C7854D45F6876DBFFC613CA /* CustomDump.framework in Frameworks */,
				BEC98AAAA6679D960094BA14 /* Dependencies.framework in Frameworks */,
				84D33F77FAFCBAB4D79ACC51 /* DesignSystem.framework in Frameworks */,
				350EBDBFCD8E5CDDA4151C63 /* IdentifiedCollections.framework in Frameworks */,
				B572F3F74E1DED6A78EAD638 /* KuringLink.framework in Frameworks */,
				80B6C76E93F41BDC57F06D7B /* OrderedCollections.framework in Frameworks */,
				C7FFFEBEE24403ED925403E4 /* SwiftUINavigationCore.framework in Frameworks */,
				5A0F3F4BB32EABF08D3B9546 /* XCTestDynamicOverlay.framework in Frameworks */,
				0347C3C81E15F3D26AA3F162 /* _CollectionsUtilities.framework in Frameworks */,
				3322A0ADB49F7132E4EB77F3 /* FirebaseMessaging in Frameworks */,
			);
			runOnlyForDeploymentPostprocessing = 0;
		};
/* End PBXFrameworksBuildPhase section */

/* Begin PBXGroup section */
		4102E3E068508DD683953C7D = {
			isa = PBXGroup;
			children = (
				52611B11A5E6A7198C4E57A3 /* Project */,
				BDD1182E50DC622819F25364 /* Frameworks */,
				E9C3DB3EC6D7655028A9C0D3 /* Products */,
			);
			sourceTree = "<group>";
		};
		52611B11A5E6A7198C4E57A3 /* Project */ = {
			isa = PBXGroup;
			children = (
				B3BCDE38B26B330C9A04FADE /* Derived */,
				62EFB15EC88C1D2636544B42 /* Resources */,
				858C4E433DBF0294DFED1B0C /* Sources */,
			);
			name = Project;
			sourceTree = "<group>";
		};
		62EFB15EC88C1D2636544B42 /* Resources */ = {
			isa = PBXGroup;
			children = (
				8F7F83A194E1D17030DCA033 /* Assets.xcassets */,
				7481DB2962520B4C722E6AF4 /* dummy.swift */,
				057A3CD8D734F9C1B4948C18 /* LaunchScreen.storyboard */,
			);
			path = Resources;
			sourceTree = "<group>";
		};
		66EB57D721CBB7D427955C21 /* InfoPlists */ = {
			isa = PBXGroup;
			children = (
				D07B2C98B0A0DE8661A2B9B2 /* Kuring-Dev-Info.plist */,
				F5D8AC42FD1D3CB813FC98F6 /* Kuring-Info.plist */,
			);
			path = InfoPlists;
			sourceTree = "<group>";
		};
		858C4E433DBF0294DFED1B0C /* Sources */ = {
			isa = PBXGroup;
			children = (
				7210F22777D23AD1713BCADE /* AppDelegate.swift */,
				5E38436ED8889DC7424B93FD /* ContentView.swift */,
				DA434B67C1ABC307A467E8C0 /* KuringApp.swift */,
			);
			path = Sources;
			sourceTree = "<group>";
		};
		B3BCDE38B26B330C9A04FADE /* Derived */ = {
			isa = PBXGroup;
			children = (
				66EB57D721CBB7D427955C21 /* InfoPlists */,
			);
			path = Derived;
			sourceTree = "<group>";
		};
		BDD1182E50DC622819F25364 /* Frameworks */ = {
			isa = PBXGroup;
			children = (
			);
			name = Frameworks;
			sourceTree = "<group>";
		};
		E9C3DB3EC6D7655028A9C0D3 /* Products */ = {
			isa = PBXGroup;
			children = (
				A28094A3B3BF946A393C78B6 /* _CollectionsUtilities.framework */,
				1EEBEB53C8803AC8D44217FE /* CasePaths.framework */,
				84DFD565B033CA050F168176 /* Clocks.framework */,
				478531940A89E69929252124 /* CombineSchedulers.framework */,
				7D62970894D43D9AF58B84AB /* ComposableArchitecture.framework */,
				98BED0FE1D67D36C26EF5261 /* ConcurrencyExtras.framework */,
				2FF70F273D3C15685D4A7E93 /* CustomDump.framework */,
				4ABA8438B4F227DF7CACA059 /* Dependencies.framework */,
				E9369BFA2C65412102538303 /* DesignSystem.framework */,
				65AFA34C380CB7C93A0A68BE /* IdentifiedCollections.framework */,
				A42885E5471D20470BB1624C /* Kuring_Dev.app */,
				27FD9FFC2B1B9294BDB1BB3F /* Kuring.app */,
				0FA1B6C9BF7D89694A2CACB2 /* KuringLink.framework */,
				7DED7A8F9C145D5F5C144C1E /* OrderedCollections.framework */,
				D9C8E1FBE2BCCD3E70D87DDE /* SwiftUINavigationCore.framework */,
				09ABCE1D18ED04979D1840E1 /* XCTestDynamicOverlay.framework */,
			);
			name = Products;
			sourceTree = "<group>";
		};
/* End PBXGroup section */

/* Begin PBXNativeTarget section */
		D7885489A9BBEF0B35081F28 /* Kuring-Dev */ = {
			isa = PBXNativeTarget;
			buildConfigurationList = 1C6D9D44C3FB5B3929D0C4FC /* Build configuration list for PBXNativeTarget "Kuring-Dev" */;
			buildPhases = (
				C55CA4F4D138F24332A48B1D /* Sources */,
				9C4F9A454528AA7669BAB3B3 /* Resources */,
				8D1FDFE5AFA7E49F431C87F8 /* Embed Frameworks */,
				30426774388F8B6027BEA080 /* Frameworks */,
			);
			buildRules = (
			);
			dependencies = (
			);
			name = "Kuring-Dev";
			packageProductDependencies = (
				AADB00EA844393F2C6F18708 /* FirebaseMessaging */,
			);
			productName = Kuring_Dev;
			productReference = A42885E5471D20470BB1624C /* Kuring_Dev.app */;
			productType = "com.apple.product-type.application";
		};
		FDC3E97F6738EEFE03E842D8 /* Kuring */ = {
			isa = PBXNativeTarget;
			buildConfigurationList = 2A16B0805BCDA611EF8C5F6A /* Build configuration list for PBXNativeTarget "Kuring" */;
			buildPhases = (
				5F502203031AF0CA183DFE6D /* Sources */,
				46D9232D41B3B1E4A58A112C /* Resources */,
				0704AA57489984090B3997F9 /* Embed Frameworks */,
				4F97E4814DE192EB3634746E /* Frameworks */,
			);
			buildRules = (
			);
			dependencies = (
			);
			name = Kuring;
			packageProductDependencies = (
				F4076B2568A477D35BD03665 /* FirebaseMessaging */,
			);
			productName = Kuring;
			productReference = 27FD9FFC2B1B9294BDB1BB3F /* Kuring.app */;
			productType = "com.apple.product-type.application";
		};
/* End PBXNativeTarget section */

/* Begin PBXProject section */
		6B590BF25178DC7D824D09CE /* Project object */ = {
			isa = PBXProject;
			attributes = {
				ORGANIZATIONNAME = Team.Kuring;
				TargetAttributes = {
				};
			};
			buildConfigurationList = B3FD05C59F197F398A0B04AB /* Build configuration list for PBXProject "App" */;
			compatibilityVersion = "Xcode 13.0";
			developmentRegion = en;
			hasScannedForEncodings = 0;
			knownRegions = (
				Base,
				en,
			);
			mainGroup = 4102E3E068508DD683953C7D;
			packageReferences = (
				8BFE1EBF4B3EE80E0D1DCBDE /* XCRemoteSwiftPackageReference "firebase-ios-sdk" */,
			);
			productRefGroup = E9C3DB3EC6D7655028A9C0D3 /* Products */;
			projectDirPath = "";
			projectRoot = "";
			targets = (
				FDC3E97F6738EEFE03E842D8 /* Kuring */,
				D7885489A9BBEF0B35081F28 /* Kuring-Dev */,
			);
		};
/* End PBXProject section */

/* Begin PBXResourcesBuildPhase section */
		46D9232D41B3B1E4A58A112C /* Resources */ = {
			isa = PBXResourcesBuildPhase;
			buildActionMask = 2147483647;
			files = (
				5787222CB9182D0542CDC67D /* Assets.xcassets in Resources */,
				BED8BA2B0361FC5BBCB10AAB /* LaunchScreen.storyboard in Resources */,
				F58CF16F3989329B6C1981B3 /* dummy.swift in Resources */,
			);
			runOnlyForDeploymentPostprocessing = 0;
		};
		9C4F9A454528AA7669BAB3B3 /* Resources */ = {
			isa = PBXResourcesBuildPhase;
			buildActionMask = 2147483647;
			files = (
				95F4B8798F202DF086415460 /* Assets.xcassets in Resources */,
				886CEB733F4D89AAC7DEA045 /* LaunchScreen.storyboard in Resources */,
				F4FA828272E3A4A1E3945BB6 /* dummy.swift in Resources */,
			);
			runOnlyForDeploymentPostprocessing = 0;
		};
/* End PBXResourcesBuildPhase section */

/* Begin PBXSourcesBuildPhase section */
		5F502203031AF0CA183DFE6D /* Sources */ = {
			isa = PBXSourcesBuildPhase;
			buildActionMask = 2147483647;
			files = (
				EE3E4B45F5BDEF7AF0176467 /* AppDelegate.swift in Sources */,
				A60349EAAE572B5896C64A2C /* ContentView.swift in Sources */,
				E0A82FA5317D0CC7EFBEE120 /* KuringApp.swift in Sources */,
			);
			runOnlyForDeploymentPostprocessing = 0;
		};
		C55CA4F4D138F24332A48B1D /* Sources */ = {
			isa = PBXSourcesBuildPhase;
			buildActionMask = 2147483647;
			files = (
				681D64D8225B90ABACFF4137 /* AppDelegate.swift in Sources */,
				9DD435BEA74919432226908D /* ContentView.swift in Sources */,
				26E1B12F66580DDE45E71090 /* KuringApp.swift in Sources */,
			);
			runOnlyForDeploymentPostprocessing = 0;
		};
/* End PBXSourcesBuildPhase section */

/* Begin XCBuildConfiguration section */
		3A576A5CE00BA02CE4CF632E /* Debug */ = {
			isa = XCBuildConfiguration;
			buildSettings = {
				ASSETCATALOG_COMPILER_APPICON_NAME = AppIcon;
				CODE_SIGN_IDENTITY = "iPhone Developer";
				ENABLE_PREVIEWS = YES;
				INFOPLIST_FILE = "Derived/InfoPlists/Kuring-Info.plist";
				IPHONEOS_DEPLOYMENT_TARGET = 16.0;
				LD_RUNPATH_SEARCH_PATHS = (
					"$(inherited)",
					"@executable_path/Frameworks",
				);
				PRODUCT_BUNDLE_IDENTIFIER = com.kuring.service;
				PRODUCT_NAME = Kuring;
				SDKROOT = iphoneos;
				SUPPORTS_MACCATALYST = NO;
				SUPPORTS_MAC_DESIGNED_FOR_IPHONE_IPAD = YES;
				SWIFT_ACTIVE_COMPILATION_CONDITIONS = DEBUG;
				SWIFT_COMPILATION_MODE = singlefile;
				SWIFT_OPTIMIZATION_LEVEL = "-Onone";
				SWIFT_VERSION = 5.0;
				TARGETED_DEVICE_FAMILY = 1;
			};
			name = Debug;
		};
		5C9EF0E6AF4F9491454DE177 /* Release */ = {
			isa = XCBuildConfiguration;
			buildSettings = {
				ALWAYS_SEARCH_USER_PATHS = NO;
				CLANG_ANALYZER_LOCALIZABILITY_NONLOCALIZED = YES;
				CLANG_ANALYZER_NONNULL = YES;
				CLANG_ANALYZER_NUMBER_OBJECT_CONVERSION = YES_AGGRESSIVE;
				CLANG_CXX_LANGUAGE_STANDARD = "gnu++14";
				CLANG_CXX_LIBRARY = "libc++";
				CLANG_ENABLE_MODULES = YES;
				CLANG_ENABLE_OBJC_ARC = YES;
				CLANG_ENABLE_OBJC_WEAK = YES;
				CLANG_WARN_BLOCK_CAPTURE_AUTORELEASING = YES;
				CLANG_WARN_BOOL_CONVERSION = YES;
				CLANG_WARN_COMMA = YES;
				CLANG_WARN_CONSTANT_CONVERSION = YES;
				CLANG_WARN_DEPRECATED_OBJC_IMPLEMENTATIONS = YES;
				CLANG_WARN_DIRECT_OBJC_ISA_USAGE = YES_ERROR;
				CLANG_WARN_DOCUMENTATION_COMMENTS = YES;
				CLANG_WARN_EMPTY_BODY = YES;
				CLANG_WARN_ENUM_CONVERSION = YES;
				CLANG_WARN_INFINITE_RECURSION = YES;
				CLANG_WARN_INT_CONVERSION = YES;
				CLANG_WARN_NON_LITERAL_NULL_CONVERSION = YES;
				CLANG_WARN_OBJC_IMPLICIT_RETAIN_SELF = YES;
				CLANG_WARN_OBJC_LITERAL_CONVERSION = YES;
				CLANG_WARN_OBJC_ROOT_CLASS = YES_ERROR;
				CLANG_WARN_QUOTED_INCLUDE_IN_FRAMEWORK_HEADER = YES;
				CLANG_WARN_RANGE_LOOP_ANALYSIS = YES;
				CLANG_WARN_STRICT_PROTOTYPES = YES;
				CLANG_WARN_SUSPICIOUS_MOVE = YES;
				CLANG_WARN_UNGUARDED_AVAILABILITY = YES_AGGRESSIVE;
				CLANG_WARN_UNREACHABLE_CODE = YES;
				CLANG_WARN__DUPLICATE_METHOD_MATCH = YES;
				COPY_PHASE_STRIP = NO;
				DEAD_CODE_STRIPPING = YES;
				DEBUG_INFORMATION_FORMAT = "dwarf-with-dsym";
				ENABLE_NS_ASSERTIONS = NO;
				ENABLE_STRICT_OBJC_MSGSEND = YES;
				GCC_C_LANGUAGE_STANDARD = gnu11;
				GCC_NO_COMMON_BLOCKS = YES;
				GCC_WARN_64_TO_32_BIT_CONVERSION = YES;
				GCC_WARN_ABOUT_RETURN_TYPE = YES_ERROR;
				GCC_WARN_UNDECLARED_SELECTOR = YES;
				GCC_WARN_UNINITIALIZED_AUTOS = YES_AGGRESSIVE;
				GCC_WARN_UNUSED_FUNCTION = YES;
				GCC_WARN_UNUSED_VARIABLE = YES;
				MTL_ENABLE_DEBUG_INFO = NO;
				PRODUCT_NAME = "$(TARGET_NAME)";
				VALIDATE_PRODUCT = YES;
			};
			name = Release;
		};
		613CF491531B396F97470861 /* Release */ = {
			isa = XCBuildConfiguration;
			buildSettings = {
				ASSETCATALOG_COMPILER_APPICON_NAME = AppIcon;
				CODE_SIGN_IDENTITY = "iPhone Developer";
				ENABLE_PREVIEWS = YES;
				INFOPLIST_FILE = "Derived/InfoPlists/Kuring-Dev-Info.plist";
				IPHONEOS_DEPLOYMENT_TARGET = 16.0;
				LD_RUNPATH_SEARCH_PATHS = (
					"$(inherited)",
					"@executable_path/Frameworks",
				);
				PRODUCT_BUNDLE_IDENTIFIER = "com.kuring.service-dev";
				PRODUCT_NAME = Kuring_Dev;
				SDKROOT = iphoneos;
				SUPPORTS_MACCATALYST = NO;
				SUPPORTS_MAC_DESIGNED_FOR_IPHONE_IPAD = YES;
				SWIFT_COMPILATION_MODE = wholemodule;
				SWIFT_OPTIMIZATION_LEVEL = "-Owholemodule";
				SWIFT_VERSION = 5.0;
				TARGETED_DEVICE_FAMILY = 1;
			};
			name = Release;
		};
		B7969B79FB0DF73E36078479 /* Release */ = {
			isa = XCBuildConfiguration;
			buildSettings = {
				ASSETCATALOG_COMPILER_APPICON_NAME = AppIcon;
				CODE_SIGN_IDENTITY = "iPhone Developer";
				ENABLE_PREVIEWS = YES;
				INFOPLIST_FILE = "Derived/InfoPlists/Kuring-Info.plist";
				IPHONEOS_DEPLOYMENT_TARGET = 16.0;
				LD_RUNPATH_SEARCH_PATHS = (
					"$(inherited)",
					"@executable_path/Frameworks",
				);
				PRODUCT_BUNDLE_IDENTIFIER = com.kuring.service;
				PRODUCT_NAME = Kuring;
				SDKROOT = iphoneos;
				SUPPORTS_MACCATALYST = NO;
				SUPPORTS_MAC_DESIGNED_FOR_IPHONE_IPAD = YES;
				SWIFT_COMPILATION_MODE = wholemodule;
				SWIFT_OPTIMIZATION_LEVEL = "-Owholemodule";
				SWIFT_VERSION = 5.0;
				TARGETED_DEVICE_FAMILY = 1;
			};
			name = Release;
		};
		BEC4133D919E73341BFE597E /* Debug */ = {
			isa = XCBuildConfiguration;
			buildSettings = {
				ASSETCATALOG_COMPILER_APPICON_NAME = AppIcon;
				CODE_SIGN_IDENTITY = "iPhone Developer";
				ENABLE_PREVIEWS = YES;
				INFOPLIST_FILE = "Derived/InfoPlists/Kuring-Dev-Info.plist";
				IPHONEOS_DEPLOYMENT_TARGET = 16.0;
				LD_RUNPATH_SEARCH_PATHS = (
					"$(inherited)",
					"@executable_path/Frameworks",
				);
				PRODUCT_BUNDLE_IDENTIFIER = "com.kuring.service-dev";
				PRODUCT_NAME = Kuring_Dev;
				SDKROOT = iphoneos;
				SUPPORTS_MACCATALYST = NO;
				SUPPORTS_MAC_DESIGNED_FOR_IPHONE_IPAD = YES;
				SWIFT_ACTIVE_COMPILATION_CONDITIONS = DEBUG;
				SWIFT_COMPILATION_MODE = singlefile;
				SWIFT_OPTIMIZATION_LEVEL = "-Onone";
				SWIFT_VERSION = 5.0;
				TARGETED_DEVICE_FAMILY = 1;
			};
			name = Debug;
		};
		F61063B78755D98B1B9C3697 /* Debug */ = {
			isa = XCBuildConfiguration;
			buildSettings = {
				ALWAYS_SEARCH_USER_PATHS = NO;
				CLANG_ANALYZER_LOCALIZABILITY_NONLOCALIZED = YES;
				CLANG_ANALYZER_NONNULL = YES;
				CLANG_ANALYZER_NUMBER_OBJECT_CONVERSION = YES_AGGRESSIVE;
				CLANG_CXX_LANGUAGE_STANDARD = "gnu++14";
				CLANG_CXX_LIBRARY = "libc++";
				CLANG_ENABLE_MODULES = YES;
				CLANG_ENABLE_OBJC_ARC = YES;
				CLANG_ENABLE_OBJC_WEAK = YES;
				CLANG_WARN_BLOCK_CAPTURE_AUTORELEASING = YES;
				CLANG_WARN_BOOL_CONVERSION = YES;
				CLANG_WARN_COMMA = YES;
				CLANG_WARN_CONSTANT_CONVERSION = YES;
				CLANG_WARN_DEPRECATED_OBJC_IMPLEMENTATIONS = YES;
				CLANG_WARN_DIRECT_OBJC_ISA_USAGE = YES_ERROR;
				CLANG_WARN_DOCUMENTATION_COMMENTS = YES;
				CLANG_WARN_EMPTY_BODY = YES;
				CLANG_WARN_ENUM_CONVERSION = YES;
				CLANG_WARN_INFINITE_RECURSION = YES;
				CLANG_WARN_INT_CONVERSION = YES;
				CLANG_WARN_NON_LITERAL_NULL_CONVERSION = YES;
				CLANG_WARN_OBJC_IMPLICIT_RETAIN_SELF = YES;
				CLANG_WARN_OBJC_LITERAL_CONVERSION = YES;
				CLANG_WARN_OBJC_ROOT_CLASS = YES_ERROR;
				CLANG_WARN_QUOTED_INCLUDE_IN_FRAMEWORK_HEADER = YES;
				CLANG_WARN_RANGE_LOOP_ANALYSIS = YES;
				CLANG_WARN_STRICT_PROTOTYPES = YES;
				CLANG_WARN_SUSPICIOUS_MOVE = YES;
				CLANG_WARN_UNGUARDED_AVAILABILITY = YES_AGGRESSIVE;
				CLANG_WARN_UNREACHABLE_CODE = YES;
				CLANG_WARN__DUPLICATE_METHOD_MATCH = YES;
				COPY_PHASE_STRIP = NO;
				DEAD_CODE_STRIPPING = YES;
				DEBUG_INFORMATION_FORMAT = dwarf;
				ENABLE_STRICT_OBJC_MSGSEND = YES;
				ENABLE_TESTABILITY = YES;
				GCC_C_LANGUAGE_STANDARD = gnu11;
				GCC_DYNAMIC_NO_PIC = NO;
				GCC_NO_COMMON_BLOCKS = YES;
				GCC_OPTIMIZATION_LEVEL = 0;
				GCC_PREPROCESSOR_DEFINITIONS = (
					"DEBUG=1",
					"$(inherited)",
				);
				GCC_WARN_64_TO_32_BIT_CONVERSION = YES;
				GCC_WARN_ABOUT_RETURN_TYPE = YES_ERROR;
				GCC_WARN_UNDECLARED_SELECTOR = YES;
				GCC_WARN_UNINITIALIZED_AUTOS = YES_AGGRESSIVE;
				GCC_WARN_UNUSED_FUNCTION = YES;
				GCC_WARN_UNUSED_VARIABLE = YES;
				MTL_ENABLE_DEBUG_INFO = YES;
				ONLY_ACTIVE_ARCH = YES;
				PRODUCT_NAME = "$(TARGET_NAME)";
			};
			name = Debug;
		};
/* End XCBuildConfiguration section */

/* Begin XCConfigurationList section */
		1C6D9D44C3FB5B3929D0C4FC /* Build configuration list for PBXNativeTarget "Kuring-Dev" */ = {
			isa = XCConfigurationList;
			buildConfigurations = (
				BEC4133D919E73341BFE597E /* Debug */,
				613CF491531B396F97470861 /* Release */,
			);
			defaultConfigurationIsVisible = 0;
			defaultConfigurationName = Release;
		};
		2A16B0805BCDA611EF8C5F6A /* Build configuration list for PBXNativeTarget "Kuring" */ = {
			isa = XCConfigurationList;
			buildConfigurations = (
				3A576A5CE00BA02CE4CF632E /* Debug */,
				B7969B79FB0DF73E36078479 /* Release */,
			);
			defaultConfigurationIsVisible = 0;
			defaultConfigurationName = Release;
		};
		B3FD05C59F197F398A0B04AB /* Build configuration list for PBXProject "App" */ = {
			isa = XCConfigurationList;
			buildConfigurations = (
				F61063B78755D98B1B9C3697 /* Debug */,
				5C9EF0E6AF4F9491454DE177 /* Release */,
			);
			defaultConfigurationIsVisible = 0;
			defaultConfigurationName = Release;
		};
/* End XCConfigurationList section */

/* Begin XCRemoteSwiftPackageReference section */
		8BFE1EBF4B3EE80E0D1DCBDE /* XCRemoteSwiftPackageReference "firebase-ios-sdk" */ = {
			isa = XCRemoteSwiftPackageReference;
			repositoryURL = "https://github.com/firebase/firebase-ios-sdk.git";
			requirement = {
				kind = upToNextMajorVersion;
				minimumVersion = 10.4.0;
			};
		};
/* End XCRemoteSwiftPackageReference section */

/* Begin XCSwiftPackageProductDependency section */
		AADB00EA844393F2C6F18708 /* FirebaseMessaging */ = {
			isa = XCSwiftPackageProductDependency;
			productName = FirebaseMessaging;
		};
		F4076B2568A477D35BD03665 /* FirebaseMessaging */ = {
			isa = XCSwiftPackageProductDependency;
			productName = FirebaseMessaging;
		};
/* End XCSwiftPackageProductDependency section */
	};
	rootObject = 6B590BF25178DC7D824D09CE /* Project object */;
}
