// !$*UTF8*$!
{
	archiveVersion = 1;
	classes = {
	};
	objectVersion = 52;
	objects = {

/* Begin PBXBuildFile section */
		1174D7677A602C7BA1D132BA /* dummy.swift in Sources */ = {isa = PBXBuildFile; fileRef = CC57F3A0745EFEDE3806593D /* dummy.swift */; };
		4221AFCA2ECCDCC5E953549E /* dummy.swift in Resources */ = {isa = PBXBuildFile; fileRef = 7236370FAD5289671DA134E6 /* dummy.swift */; };
		ACA0FAC24360EDDF52B9A4AA /* Satellite.framework in Frameworks */ = {isa = PBXBuildFile; fileRef = 143878B6E393A6BA05EB2131 /* Satellite.framework */; platformFilter = ios; };
		D9D034B196CBE85691D9D19D /* KuringLink.swift in Sources */ = {isa = PBXBuildFile; fileRef = 8D0E6658B5842E81D22734F6 /* KuringLink.swift */; };
		E1925D21F4972D1BBC7C5277 /* dummy.swift in Sources */ = {isa = PBXBuildFile; fileRef = 9D8F5CEB8A9130ACAE1ED345 /* dummy.swift */; };
/* End PBXBuildFile section */

/* Begin PBXCopyFilesBuildPhase section */
		4DFDE5F1F2280989B44E0F7F /* Embed Frameworks */ = {
			isa = PBXCopyFilesBuildPhase;
			buildActionMask = 2147483647;
			dstPath = "";
			dstSubfolderSpec = 10;
			files = (
			);
			name = "Embed Frameworks";
			runOnlyForDeploymentPostprocessing = 0;
		};
		E8910F01EB18D29B40D9A1B9 /* Embed Frameworks */ = {
			isa = PBXCopyFilesBuildPhase;
			buildActionMask = 2147483647;
			dstPath = "";
			dstSubfolderSpec = 10;
			files = (
			);
			name = "Embed Frameworks";
			runOnlyForDeploymentPostprocessing = 0;
		};
/* End PBXCopyFilesBuildPhase section */

/* Begin PBXFileReference section */
		143878B6E393A6BA05EB2131 /* Satellite.framework */ = {isa = PBXFileReference; explicitFileType = wrapper.framework; includeInIndex = 0; path = Satellite.framework; sourceTree = BUILT_PRODUCTS_DIR; };
		1A6F169D420169813F1E0068 /* KuringLink-Info.plist */ = {isa = PBXFileReference; lastKnownFileType = text.plist; path = "KuringLink-Info.plist"; sourceTree = "<group>"; };
		2E73BEA32F3908336EAB33BF /* KuringLinkTests.xctest */ = {isa = PBXFileReference; explicitFileType = wrapper.cfbundle; includeInIndex = 0; path = KuringLinkTests.xctest; sourceTree = BUILT_PRODUCTS_DIR; };
		5C6116813C5E5C61C7890C28 /* KuringLinkTests-Info.plist */ = {isa = PBXFileReference; lastKnownFileType = text.plist; path = "KuringLinkTests-Info.plist"; sourceTree = "<group>"; };
		7236370FAD5289671DA134E6 /* dummy.swift */ = {isa = PBXFileReference; lastKnownFileType = sourcecode.swift; path = dummy.swift; sourceTree = "<group>"; };
		8D0E6658B5842E81D22734F6 /* KuringLink.swift */ = {isa = PBXFileReference; lastKnownFileType = sourcecode.swift; path = KuringLink.swift; sourceTree = "<group>"; };
		8F2148FBF7F0C805BE47C377 /* KuringLink.framework */ = {isa = PBXFileReference; explicitFileType = wrapper.framework; includeInIndex = 0; path = KuringLink.framework; sourceTree = BUILT_PRODUCTS_DIR; };
		9D8F5CEB8A9130ACAE1ED345 /* dummy.swift */ = {isa = PBXFileReference; lastKnownFileType = sourcecode.swift; path = dummy.swift; sourceTree = "<group>"; };
		CC57F3A0745EFEDE3806593D /* dummy.swift */ = {isa = PBXFileReference; lastKnownFileType = sourcecode.swift; path = dummy.swift; sourceTree = "<group>"; };
/* End PBXFileReference section */

/* Begin PBXFrameworksBuildPhase section */
		1CDD4843D2590092922888BD /* Frameworks */ = {
			isa = PBXFrameworksBuildPhase;
			buildActionMask = 2147483647;
			files = (
				ACA0FAC24360EDDF52B9A4AA /* Satellite.framework in Frameworks */,
			);
			runOnlyForDeploymentPostprocessing = 0;
		};
		BA27E0115FDF564D7A4647A0 /* Frameworks */ = {
			isa = PBXFrameworksBuildPhase;
			buildActionMask = 2147483647;
			files = (
			);
			runOnlyForDeploymentPostprocessing = 0;
		};
/* End PBXFrameworksBuildPhase section */

/* Begin PBXGroup section */
		0BB5E017E091F7654945C125 /* Project */ = {
			isa = PBXGroup;
			children = (
				B6108736983C64E7145EFAFF /* Derived */,
				515FA8EC26E4F9690A18337B /* Resources */,
				2DCE892A7BEB2B6AAF3817C8 /* Sources */,
				66C9D720F1AB93160CA404A8 /* Tests */,
			);
			name = Project;
			sourceTree = "<group>";
		};
		264C5241F8AE7B14E10A9874 = {
			isa = PBXGroup;
			children = (
				0BB5E017E091F7654945C125 /* Project */,
				364B8856501209DD19899F98 /* Frameworks */,
				DAF92C31DF3B2F4ADC164C2E /* Products */,
			);
			sourceTree = "<group>";
		};
		285BD3926103D2BAB2E224AE /* InfoPlists */ = {
			isa = PBXGroup;
			children = (
				1A6F169D420169813F1E0068 /* KuringLink-Info.plist */,
				5C6116813C5E5C61C7890C28 /* KuringLinkTests-Info.plist */,
			);
			path = InfoPlists;
			sourceTree = "<group>";
		};
		2DCE892A7BEB2B6AAF3817C8 /* Sources */ = {
			isa = PBXGroup;
			children = (
				CC57F3A0745EFEDE3806593D /* dummy.swift */,
				8D0E6658B5842E81D22734F6 /* KuringLink.swift */,
			);
			path = Sources;
			sourceTree = "<group>";
		};
		364B8856501209DD19899F98 /* Frameworks */ = {
			isa = PBXGroup;
			children = (
			);
			name = Frameworks;
			sourceTree = "<group>";
		};
		515FA8EC26E4F9690A18337B /* Resources */ = {
			isa = PBXGroup;
			children = (
				7236370FAD5289671DA134E6 /* dummy.swift */,
			);
			path = Resources;
			sourceTree = "<group>";
		};
		66C9D720F1AB93160CA404A8 /* Tests */ = {
			isa = PBXGroup;
			children = (
				9D8F5CEB8A9130ACAE1ED345 /* dummy.swift */,
			);
			path = Tests;
			sourceTree = "<group>";
		};
		B6108736983C64E7145EFAFF /* Derived */ = {
			isa = PBXGroup;
			children = (
				285BD3926103D2BAB2E224AE /* InfoPlists */,
			);
			path = Derived;
			sourceTree = "<group>";
		};
		DAF92C31DF3B2F4ADC164C2E /* Products */ = {
			isa = PBXGroup;
			children = (
				8F2148FBF7F0C805BE47C377 /* KuringLink.framework */,
				2E73BEA32F3908336EAB33BF /* KuringLinkTests.xctest */,
				143878B6E393A6BA05EB2131 /* Satellite.framework */,
			);
			name = Products;
			sourceTree = "<group>";
		};
/* End PBXGroup section */

/* Begin PBXNativeTarget section */
		7BD78BC36616E411E6457CB7 /* KuringLink */ = {
			isa = PBXNativeTarget;
			buildConfigurationList = 80097B2F03EEED512B3A84C8 /* Build configuration list for PBXNativeTarget "KuringLink" */;
			buildPhases = (
				B8B0B2A7718B4B5DE920FF55 /* Sources */,
				B8EDEB8B1156BC732821B3FF /* Resources */,
				E8910F01EB18D29B40D9A1B9 /* Embed Frameworks */,
				1CDD4843D2590092922888BD /* Frameworks */,
			);
			buildRules = (
			);
			dependencies = (
			);
			name = KuringLink;
			productName = KuringLink;
			productReference = 8F2148FBF7F0C805BE47C377 /* KuringLink.framework */;
			productType = "com.apple.product-type.framework";
		};
		CFCC41195190FB3D7CF26CF8 /* KuringLinkTests */ = {
			isa = PBXNativeTarget;
			buildConfigurationList = 41C4962F6CE0AF074F9EC5EF /* Build configuration list for PBXNativeTarget "KuringLinkTests" */;
			buildPhases = (
				BF843FD8A0A025D00F4D209E /* Sources */,
				F8BD0F4AE6AAE7FEAE0C841C /* Resources */,
				4DFDE5F1F2280989B44E0F7F /* Embed Frameworks */,
				BA27E0115FDF564D7A4647A0 /* Frameworks */,
			);
			buildRules = (
			);
			dependencies = (
			);
			name = KuringLinkTests;
			productName = KuringLinkTests;
			productReference = 2E73BEA32F3908336EAB33BF /* KuringLinkTests.xctest */;
			productType = "com.apple.product-type.bundle.unit-test";
		};
/* End PBXNativeTarget section */

/* Begin PBXProject section */
		08AFAE653632798AE19249C4 /* Project object */ = {
			isa = PBXProject;
			attributes = {
				ORGANIZATIONNAME = Team.Kuring;
				TargetAttributes = {
				};
			};
			buildConfigurationList = 798575E22E7098903B447B95 /* Build configuration list for PBXProject "KuringLink" */;
			compatibilityVersion = "Xcode 13.0";
			developmentRegion = en;
			hasScannedForEncodings = 0;
			knownRegions = (
				Base,
				en,
			);
			mainGroup = 264C5241F8AE7B14E10A9874;
			productRefGroup = DAF92C31DF3B2F4ADC164C2E /* Products */;
			projectDirPath = "";
			projectRoot = "";
			targets = (
				7BD78BC36616E411E6457CB7 /* KuringLink */,
				CFCC41195190FB3D7CF26CF8 /* KuringLinkTests */,
			);
		};
/* End PBXProject section */

/* Begin PBXResourcesBuildPhase section */
		B8EDEB8B1156BC732821B3FF /* Resources */ = {
			isa = PBXResourcesBuildPhase;
			buildActionMask = 2147483647;
			files = (
				4221AFCA2ECCDCC5E953549E /* dummy.swift in Resources */,
			);
			runOnlyForDeploymentPostprocessing = 0;
		};
		F8BD0F4AE6AAE7FEAE0C841C /* Resources */ = {
			isa = PBXResourcesBuildPhase;
			buildActionMask = 2147483647;
			files = (
			);
			runOnlyForDeploymentPostprocessing = 0;
		};
/* End PBXResourcesBuildPhase section */

/* Begin PBXSourcesBuildPhase section */
		B8B0B2A7718B4B5DE920FF55 /* Sources */ = {
			isa = PBXSourcesBuildPhase;
			buildActionMask = 2147483647;
			files = (
				D9D034B196CBE85691D9D19D /* KuringLink.swift in Sources */,
				1174D7677A602C7BA1D132BA /* dummy.swift in Sources */,
			);
			runOnlyForDeploymentPostprocessing = 0;
		};
		BF843FD8A0A025D00F4D209E /* Sources */ = {
			isa = PBXSourcesBuildPhase;
			buildActionMask = 2147483647;
			files = (
				E1925D21F4972D1BBC7C5277 /* dummy.swift in Sources */,
			);
			runOnlyForDeploymentPostprocessing = 0;
		};
/* End PBXSourcesBuildPhase section */

/* Begin XCBuildConfiguration section */
		16C58AABE2A97FC59E461167 /* Release */ = {
			isa = XCBuildConfiguration;
			buildSettings = {
				ALWAYS_SEARCH_USER_PATHS = NO;
				CLANG_ANALYZER_LOCALIZABILITY_NONLOCALIZED = YES;
				CLANG_ANALYZER_NONNULL = YES;
				CLANG_ANALYZER_NUMBER_OBJECT_CONVERSION = YES_AGGRESSIVE;
				CLANG_CXX_LANGUAGE_STANDARD = "gnu++14";
				CLANG_CXX_LIBRARY = "libc++";
				CLANG_ENABLE_MODULES = YES;
				CLANG_ENABLE_OBJC_ARC = YES;
				CLANG_ENABLE_OBJC_WEAK = YES;
				CLANG_WARN_BLOCK_CAPTURE_AUTORELEASING = YES;
				CLANG_WARN_BOOL_CONVERSION = YES;
				CLANG_WARN_COMMA = YES;
				CLANG_WARN_CONSTANT_CONVERSION = YES;
				CLANG_WARN_DEPRECATED_OBJC_IMPLEMENTATIONS = YES;
				CLANG_WARN_DIRECT_OBJC_ISA_USAGE = YES_ERROR;
				CLANG_WARN_DOCUMENTATION_COMMENTS = YES;
				CLANG_WARN_EMPTY_BODY = YES;
				CLANG_WARN_ENUM_CONVERSION = YES;
				CLANG_WARN_INFINITE_RECURSION = YES;
				CLANG_WARN_INT_CONVERSION = YES;
				CLANG_WARN_NON_LITERAL_NULL_CONVERSION = YES;
				CLANG_WARN_OBJC_IMPLICIT_RETAIN_SELF = YES;
				CLANG_WARN_OBJC_LITERAL_CONVERSION = YES;
				CLANG_WARN_OBJC_ROOT_CLASS = YES_ERROR;
				CLANG_WARN_QUOTED_INCLUDE_IN_FRAMEWORK_HEADER = YES;
				CLANG_WARN_RANGE_LOOP_ANALYSIS = YES;
				CLANG_WARN_STRICT_PROTOTYPES = YES;
				CLANG_WARN_SUSPICIOUS_MOVE = YES;
				CLANG_WARN_UNGUARDED_AVAILABILITY = YES_AGGRESSIVE;
				CLANG_WARN_UNREACHABLE_CODE = YES;
				CLANG_WARN__DUPLICATE_METHOD_MATCH = YES;
				COPY_PHASE_STRIP = NO;
				DEAD_CODE_STRIPPING = YES;
				DEBUG_INFORMATION_FORMAT = "dwarf-with-dsym";
				ENABLE_NS_ASSERTIONS = NO;
				ENABLE_STRICT_OBJC_MSGSEND = YES;
				GCC_C_LANGUAGE_STANDARD = gnu11;
				GCC_NO_COMMON_BLOCKS = YES;
				GCC_WARN_64_TO_32_BIT_CONVERSION = YES;
				GCC_WARN_ABOUT_RETURN_TYPE = YES_ERROR;
				GCC_WARN_UNDECLARED_SELECTOR = YES;
				GCC_WARN_UNINITIALIZED_AUTOS = YES_AGGRESSIVE;
				GCC_WARN_UNUSED_FUNCTION = YES;
				GCC_WARN_UNUSED_VARIABLE = YES;
				MTL_ENABLE_DEBUG_INFO = NO;
				PRODUCT_NAME = "$(TARGET_NAME)";
				VALIDATE_PRODUCT = YES;
			};
			name = Release;
		};
		171C076C6526DEA052D2D62D /* Release */ = {
			isa = XCBuildConfiguration;
			buildSettings = {
				CODE_SIGN_IDENTITY = "iPhone Developer";
				INFOPLIST_FILE = "Derived/InfoPlists/KuringLinkTests-Info.plist";
				IPHONEOS_DEPLOYMENT_TARGET = 16.0;
				LD_RUNPATH_SEARCH_PATHS = (
					"$(inherited)",
					"@executable_path/Frameworks",
					"@loader_path/Frameworks",
				);
				PRODUCT_BUNDLE_IDENTIFIER = com.kuring.KuringLinkTests;
				PRODUCT_NAME = KuringLinkTests;
				SDKROOT = iphoneos;
				SUPPORTS_MACCATALYST = NO;
				SUPPORTS_MAC_DESIGNED_FOR_IPHONE_IPAD = YES;
				SWIFT_COMPILATION_MODE = wholemodule;
				SWIFT_OPTIMIZATION_LEVEL = "-Owholemodule";
				SWIFT_VERSION = 5.0;
				TARGETED_DEVICE_FAMILY = 1;
			};
			name = Release;
		};
		6B2E2DE807C160CFA9C0EBD3 /* Debug */ = {
			isa = XCBuildConfiguration;
			buildSettings = {
				ALWAYS_SEARCH_USER_PATHS = NO;
				CLANG_ANALYZER_LOCALIZABILITY_NONLOCALIZED = YES;
				CLANG_ANALYZER_NONNULL = YES;
				CLANG_ANALYZER_NUMBER_OBJECT_CONVERSION = YES_AGGRESSIVE;
				CLANG_CXX_LANGUAGE_STANDARD = "gnu++14";
				CLANG_CXX_LIBRARY = "libc++";
				CLANG_ENABLE_MODULES = YES;
				CLANG_ENABLE_OBJC_ARC = YES;
				CLANG_ENABLE_OBJC_WEAK = YES;
				CLANG_WARN_BLOCK_CAPTURE_AUTORELEASING = YES;
				CLANG_WARN_BOOL_CONVERSION = YES;
				CLANG_WARN_COMMA = YES;
				CLANG_WARN_CONSTANT_CONVERSION = YES;
				CLANG_WARN_DEPRECATED_OBJC_IMPLEMENTATIONS = YES;
				CLANG_WARN_DIRECT_OBJC_ISA_USAGE = YES_ERROR;
				CLANG_WARN_DOCUMENTATION_COMMENTS = YES;
				CLANG_WARN_EMPTY_BODY = YES;
				CLANG_WARN_ENUM_CONVERSION = YES;
				CLANG_WARN_INFINITE_RECURSION = YES;
				CLANG_WARN_INT_CONVERSION = YES;
				CLANG_WARN_NON_LITERAL_NULL_CONVERSION = YES;
				CLANG_WARN_OBJC_IMPLICIT_RETAIN_SELF = YES;
				CLANG_WARN_OBJC_LITERAL_CONVERSION = YES;
				CLANG_WARN_OBJC_ROOT_CLASS = YES_ERROR;
				CLANG_WARN_QUOTED_INCLUDE_IN_FRAMEWORK_HEADER = YES;
				CLANG_WARN_RANGE_LOOP_ANALYSIS = YES;
				CLANG_WARN_STRICT_PROTOTYPES = YES;
				CLANG_WARN_SUSPICIOUS_MOVE = YES;
				CLANG_WARN_UNGUARDED_AVAILABILITY = YES_AGGRESSIVE;
				CLANG_WARN_UNREACHABLE_CODE = YES;
				CLANG_WARN__DUPLICATE_METHOD_MATCH = YES;
				COPY_PHASE_STRIP = NO;
				DEAD_CODE_STRIPPING = YES;
				DEBUG_INFORMATION_FORMAT = dwarf;
				ENABLE_STRICT_OBJC_MSGSEND = YES;
				ENABLE_TESTABILITY = YES;
				GCC_C_LANGUAGE_STANDARD = gnu11;
				GCC_DYNAMIC_NO_PIC = NO;
				GCC_NO_COMMON_BLOCKS = YES;
				GCC_OPTIMIZATION_LEVEL = 0;
				GCC_PREPROCESSOR_DEFINITIONS = (
					"DEBUG=1",
					"$(inherited)",
				);
				GCC_WARN_64_TO_32_BIT_CONVERSION = YES;
				GCC_WARN_ABOUT_RETURN_TYPE = YES_ERROR;
				GCC_WARN_UNDECLARED_SELECTOR = YES;
				GCC_WARN_UNINITIALIZED_AUTOS = YES_AGGRESSIVE;
				GCC_WARN_UNUSED_FUNCTION = YES;
				GCC_WARN_UNUSED_VARIABLE = YES;
				MTL_ENABLE_DEBUG_INFO = YES;
				ONLY_ACTIVE_ARCH = YES;
				PRODUCT_NAME = "$(TARGET_NAME)";
			};
			name = Debug;
		};
		BEBEBB7D5A15EEFFC3CF3927 /* Release */ = {
			isa = XCBuildConfiguration;
			buildSettings = {
				CODE_SIGN_IDENTITY = "";
				CURRENT_PROJECT_VERSION = 1;
				DEFINES_MODULE = YES;
				DYLIB_COMPATIBILITY_VERSION = 1;
				DYLIB_CURRENT_VERSION = 1;
				DYLIB_INSTALL_NAME_BASE = "@rpath";
				INFOPLIST_FILE = "Derived/InfoPlists/KuringLink-Info.plist";
				INSTALL_PATH = "$(LOCAL_LIBRARY_DIR)/Frameworks";
				IPHONEOS_DEPLOYMENT_TARGET = 16.0;
				LD_RUNPATH_SEARCH_PATHS = (
					"$(inherited)",
					"@executable_path/Frameworks",
					"@loader_path/Frameworks",
				);
				PRODUCT_BUNDLE_IDENTIFIER = com.kuring.kuringlink;
				PRODUCT_NAME = KuringLink;
				SDKROOT = iphoneos;
				SKIP_INSTALL = YES;
				SUPPORTS_MACCATALYST = NO;
				SUPPORTS_MAC_DESIGNED_FOR_IPHONE_IPAD = YES;
				SWIFT_COMPILATION_MODE = wholemodule;
				SWIFT_OPTIMIZATION_LEVEL = "-Owholemodule";
				SWIFT_VERSION = 5.0;
				TARGETED_DEVICE_FAMILY = 1;
				VERSIONING_SYSTEM = "apple-generic";
				VERSION_INFO_PREFIX = "";
			};
			name = Release;
		};
		C3E39965BDBD35E739675FE3 /* Debug */ = {
			isa = XCBuildConfiguration;
			buildSettings = {
				CODE_SIGN_IDENTITY = "iPhone Developer";
				INFOPLIST_FILE = "Derived/InfoPlists/KuringLinkTests-Info.plist";
				IPHONEOS_DEPLOYMENT_TARGET = 16.0;
				LD_RUNPATH_SEARCH_PATHS = (
					"$(inherited)",
					"@executable_path/Frameworks",
					"@loader_path/Frameworks",
				);
				PRODUCT_BUNDLE_IDENTIFIER = com.kuring.KuringLinkTests;
				PRODUCT_NAME = KuringLinkTests;
				SDKROOT = iphoneos;
				SUPPORTS_MACCATALYST = NO;
				SUPPORTS_MAC_DESIGNED_FOR_IPHONE_IPAD = YES;
				SWIFT_ACTIVE_COMPILATION_CONDITIONS = DEBUG;
				SWIFT_COMPILATION_MODE = singlefile;
				SWIFT_OPTIMIZATION_LEVEL = "-Onone";
				SWIFT_VERSION = 5.0;
				TARGETED_DEVICE_FAMILY = 1;
			};
			name = Debug;
		};
		F3879A82FE7ACD4E90CCC26F /* Debug */ = {
			isa = XCBuildConfiguration;
			buildSettings = {
				CODE_SIGN_IDENTITY = "";
				CURRENT_PROJECT_VERSION = 1;
				DEFINES_MODULE = YES;
				DYLIB_COMPATIBILITY_VERSION = 1;
				DYLIB_CURRENT_VERSION = 1;
				DYLIB_INSTALL_NAME_BASE = "@rpath";
				INFOPLIST_FILE = "Derived/InfoPlists/KuringLink-Info.plist";
				INSTALL_PATH = "$(LOCAL_LIBRARY_DIR)/Frameworks";
				IPHONEOS_DEPLOYMENT_TARGET = 16.0;
				LD_RUNPATH_SEARCH_PATHS = (
					"$(inherited)",
					"@executable_path/Frameworks",
					"@loader_path/Frameworks",
				);
				PRODUCT_BUNDLE_IDENTIFIER = com.kuring.kuringlink;
				PRODUCT_NAME = KuringLink;
				SDKROOT = iphoneos;
				SKIP_INSTALL = YES;
				SUPPORTS_MACCATALYST = NO;
				SUPPORTS_MAC_DESIGNED_FOR_IPHONE_IPAD = YES;
				SWIFT_ACTIVE_COMPILATION_CONDITIONS = DEBUG;
				SWIFT_COMPILATION_MODE = singlefile;
				SWIFT_OPTIMIZATION_LEVEL = "-Onone";
				SWIFT_VERSION = 5.0;
				TARGETED_DEVICE_FAMILY = 1;
				VERSIONING_SYSTEM = "apple-generic";
				VERSION_INFO_PREFIX = "";
			};
			name = Debug;
		};
/* End XCBuildConfiguration section */

/* Begin XCConfigurationList section */
		41C4962F6CE0AF074F9EC5EF /* Build configuration list for PBXNativeTarget "KuringLinkTests" */ = {
			isa = XCConfigurationList;
			buildConfigurations = (
				C3E39965BDBD35E739675FE3 /* Debug */,
				171C076C6526DEA052D2D62D /* Release */,
			);
			defaultConfigurationIsVisible = 0;
			defaultConfigurationName = Release;
		};
		798575E22E7098903B447B95 /* Build configuration list for PBXProject "KuringLink" */ = {
			isa = XCConfigurationList;
			buildConfigurations = (
				6B2E2DE807C160CFA9C0EBD3 /* Debug */,
				16C58AABE2A97FC59E461167 /* Release */,
			);
			defaultConfigurationIsVisible = 0;
			defaultConfigurationName = Release;
		};
		80097B2F03EEED512B3A84C8 /* Build configuration list for PBXNativeTarget "KuringLink" */ = {
			isa = XCConfigurationList;
			buildConfigurations = (
				F3879A82FE7ACD4E90CCC26F /* Debug */,
				BEBEBB7D5A15EEFFC3CF3927 /* Release */,
			);
			defaultConfigurationIsVisible = 0;
			defaultConfigurationName = Release;
		};
/* End XCConfigurationList section */
	};
	rootObject = 08AFAE653632798AE19249C4 /* Project object */;
}
