// !$*UTF8*$!
{
	archiveVersion = 1;
	classes = {
	};
	objectVersion = 56;
	objects = {

/* Begin PBXBuildFile section */
		A95DE7422A18C24D00FB1BF7 /* KuringAppApp.swift in Sources */ = {isa = PBXBuildFile; fileRef = A95DE7412A18C24D00FB1BF7 /* KuringAppApp.swift */; };
		A95DE7442A18C24D00FB1BF7 /* ContentView.swift in Sources */ = {isa = PBXBuildFile; fileRef = A95DE7432A18C24D00FB1BF7 /* ContentView.swift */; };
		A95DE7462A18C24E00FB1BF7 /* Assets.xcassets in Resources */ = {isa = PBXBuildFile; fileRef = A95DE7452A18C24E00FB1BF7 /* Assets.xcassets */; };
		A95DE74A2A18C24E00FB1BF7 /* Preview Assets.xcassets in Resources */ = {isa = PBXBuildFile; fileRef = A95DE7492A18C24E00FB1BF7 /* Preview Assets.xcassets */; };
		A95DE7542A18C24E00FB1BF7 /* KuringAppTests.swift in Sources */ = {isa = PBXBuildFile; fileRef = A95DE7532A18C24E00FB1BF7 /* KuringAppTests.swift */; };
		A95DE75E2A18C24E00FB1BF7 /* KuringAppUITests.swift in Sources */ = {isa = PBXBuildFile; fileRef = A95DE75D2A18C24E00FB1BF7 /* KuringAppUITests.swift */; };
		A95DE7602A18C24E00FB1BF7 /* KuringAppUITestsLaunchTests.swift in Sources */ = {isa = PBXBuildFile; fileRef = A95DE75F2A18C24E00FB1BF7 /* KuringAppUITestsLaunchTests.swift */; };
		A95DE76E2A18D15600FB1BF7 /* OrderedCollections in Frameworks */ = {isa = PBXBuildFile; productRef = A95DE76D2A18D15600FB1BF7 /* OrderedCollections */; };
		A95DE7712A18D17F00FB1BF7 /* ComposableArchitecture in Frameworks */ = {isa = PBXBuildFile; productRef = A95DE7702A18D17F00FB1BF7 /* ComposableArchitecture */; };
		A95DE7742A18D1D300FB1BF7 /* KuringLink in Frameworks */ = {isa = PBXBuildFile; productRef = A95DE7732A18D1D300FB1BF7 /* KuringLink */; };
		A95DE7772A18D2F600FB1BF7 /* FirebaseAnalytics in Frameworks */ = {isa = PBXBuildFile; productRef = A95DE7762A18D2F600FB1BF7 /* FirebaseAnalytics */; };
		A95DE7792A18D2F600FB1BF7 /* FirebaseAnalyticsSwift in Frameworks */ = {isa = PBXBuildFile; productRef = A95DE7782A18D2F600FB1BF7 /* FirebaseAnalyticsSwift */; };
		A95DE77B2A18D2F600FB1BF7 /* FirebaseAuth in Frameworks */ = {isa = PBXBuildFile; productRef = A95DE77A2A18D2F600FB1BF7 /* FirebaseAuth */; };
		A95DE77D2A18D2F600FB1BF7 /* FirebaseFirestore in Frameworks */ = {isa = PBXBuildFile; productRef = A95DE77C2A18D2F600FB1BF7 /* FirebaseFirestore */; };
		A95DE77F2A18D2F600FB1BF7 /* FirebaseFirestoreCombine-Community in Frameworks */ = {isa = PBXBuildFile; productRef = A95DE77E2A18D2F600FB1BF7 /* FirebaseFirestoreCombine-Community */; };
		A95DE7812A18D2F600FB1BF7 /* FirebaseFirestoreSwift in Frameworks */ = {isa = PBXBuildFile; productRef = A95DE7802A18D2F600FB1BF7 /* FirebaseFirestoreSwift */; };
		A95DE7832A18D2F600FB1BF7 /* FirebaseMessaging in Frameworks */ = {isa = PBXBuildFile; productRef = A95DE7822A18D2F600FB1BF7 /* FirebaseMessaging */; };
		A95DE7852A18D2F600FB1BF7 /* FirebaseStorage in Frameworks */ = {isa = PBXBuildFile; productRef = A95DE7842A18D2F600FB1BF7 /* FirebaseStorage */; };
		A95DE7882A18D33300FB1BF7 /* ChatUI in Frameworks */ = {isa = PBXBuildFile; productRef = A95DE7872A18D33300FB1BF7 /* ChatUI */; };
		A95DE78E2A18D3D100FB1BF7 /* Enigma in Frameworks */ = {isa = PBXBuildFile; productRef = A95DE78D2A18D3D100FB1BF7 /* Enigma */; };
/* End PBXBuildFile section */

/* Begin PBXContainerItemProxy section */
		A95DE7502A18C24E00FB1BF7 /* PBXContainerItemProxy */ = {
			isa = PBXContainerItemProxy;
			containerPortal = A95DE7362A18C24D00FB1BF7 /* Project object */;
			proxyType = 1;
			remoteGlobalIDString = A95DE73D2A18C24D00FB1BF7;
			remoteInfo = KuringApp;
		};
		A95DE75A2A18C24E00FB1BF7 /* PBXContainerItemProxy */ = {
			isa = PBXContainerItemProxy;
			containerPortal = A95DE7362A18C24D00FB1BF7 /* Project object */;
			proxyType = 1;
			remoteGlobalIDString = A95DE73D2A18C24D00FB1BF7;
			remoteInfo = KuringApp;
		};
/* End PBXContainerItemProxy section */

/* Begin PBXFileReference section */
		A9303D722A18D62100336255 /* Info.plist */ = {isa = PBXFileReference; lastKnownFileType = text.plist; path = Info.plist; sourceTree = "<group>"; };
		A95DE73E2A18C24D00FB1BF7 /* KuringApp.app */ = {isa = PBXFileReference; explicitFileType = wrapper.application; includeInIndex = 0; path = KuringApp.app; sourceTree = BUILT_PRODUCTS_DIR; };
		A95DE7412A18C24D00FB1BF7 /* KuringAppApp.swift */ = {isa = PBXFileReference; lastKnownFileType = sourcecode.swift; path = KuringAppApp.swift; sourceTree = "<group>"; };
		A95DE7432A18C24D00FB1BF7 /* ContentView.swift */ = {isa = PBXFileReference; lastKnownFileType = sourcecode.swift; path = ContentView.swift; sourceTree = "<group>"; };
		A95DE7452A18C24E00FB1BF7 /* Assets.xcassets */ = {isa = PBXFileReference; lastKnownFileType = folder.assetcatalog; path = Assets.xcassets; sourceTree = "<group>"; };
		A95DE7472A18C24E00FB1BF7 /* KuringApp.entitlements */ = {isa = PBXFileReference; lastKnownFileType = text.plist.entitlements; path = KuringApp.entitlements; sourceTree = "<group>"; };
		A95DE7492A18C24E00FB1BF7 /* Preview Assets.xcassets */ = {isa = PBXFileReference; lastKnownFileType = folder.assetcatalog; path = "Preview Assets.xcassets"; sourceTree = "<group>"; };
		A95DE74F2A18C24E00FB1BF7 /* KuringAppTests.xctest */ = {isa = PBXFileReference; explicitFileType = wrapper.cfbundle; includeInIndex = 0; path = KuringAppTests.xctest; sourceTree = BUILT_PRODUCTS_DIR; };
		A95DE7532A18C24E00FB1BF7 /* KuringAppTests.swift */ = {isa = PBXFileReference; lastKnownFileType = sourcecode.swift; path = KuringAppTests.swift; sourceTree = "<group>"; };
		A95DE7592A18C24E00FB1BF7 /* KuringAppUITests.xctest */ = {isa = PBXFileReference; explicitFileType = wrapper.cfbundle; includeInIndex = 0; path = KuringAppUITests.xctest; sourceTree = BUILT_PRODUCTS_DIR; };
		A95DE75D2A18C24E00FB1BF7 /* KuringAppUITests.swift */ = {isa = PBXFileReference; lastKnownFileType = sourcecode.swift; path = KuringAppUITests.swift; sourceTree = "<group>"; };
		A95DE75F2A18C24E00FB1BF7 /* KuringAppUITestsLaunchTests.swift */ = {isa = PBXFileReference; lastKnownFileType = sourcecode.swift; path = KuringAppUITestsLaunchTests.swift; sourceTree = "<group>"; };
		A95DE78B2A18D3A700FB1BF7 /* Enigma */ = {isa = PBXFileReference; lastKnownFileType = wrapper; name = Enigma; path = ../../SDK/Enigma; sourceTree = "<group>"; };
/* End PBXFileReference section */

/* Begin PBXFrameworksBuildPhase section */
		A95DE73B2A18C24D00FB1BF7 /* Frameworks */ = {
			isa = PBXFrameworksBuildPhase;
			buildActionMask = 2147483647;
			files = (
				A95DE78E2A18D3D100FB1BF7 /* Enigma in Frameworks */,
				A95DE7712A18D17F00FB1BF7 /* ComposableArchitecture in Frameworks */,
				A95DE77F2A18D2F600FB1BF7 /* FirebaseFirestoreCombine-Community in Frameworks */,
				A95DE7832A18D2F600FB1BF7 /* FirebaseMessaging in Frameworks */,
				A95DE77B2A18D2F600FB1BF7 /* FirebaseAuth in Frameworks */,
				A95DE7882A18D33300FB1BF7 /* ChatUI in Frameworks */,
				A95DE76E2A18D15600FB1BF7 /* OrderedCollections in Frameworks */,
				A95DE7772A18D2F600FB1BF7 /* FirebaseAnalytics in Frameworks */,
				A95DE7742A18D1D300FB1BF7 /* KuringLink in Frameworks */,
				A95DE7792A18D2F600FB1BF7 /* FirebaseAnalyticsSwift in Frameworks */,
				A95DE7852A18D2F600FB1BF7 /* FirebaseStorage in Frameworks */,
				A95DE77D2A18D2F600FB1BF7 /* FirebaseFirestore in Frameworks */,
				A95DE7812A18D2F600FB1BF7 /* FirebaseFirestoreSwift in Frameworks */,
			);
			runOnlyForDeploymentPostprocessing = 0;
		};
		A95DE74C2A18C24E00FB1BF7 /* Frameworks */ = {
			isa = PBXFrameworksBuildPhase;
			buildActionMask = 2147483647;
			files = (
			);
			runOnlyForDeploymentPostprocessing = 0;
		};
		A95DE7562A18C24E00FB1BF7 /* Frameworks */ = {
			isa = PBXFrameworksBuildPhase;
			buildActionMask = 2147483647;
			files = (
			);
			runOnlyForDeploymentPostprocessing = 0;
		};
/* End PBXFrameworksBuildPhase section */

/* Begin PBXGroup section */
		A95DE7352A18C24D00FB1BF7 = {
			isa = PBXGroup;
			children = (
				A95DE7892A18D35300FB1BF7 /* Packages */,
				A95DE7402A18C24D00FB1BF7 /* KuringApp */,
				A95DE7522A18C24E00FB1BF7 /* KuringAppTests */,
				A95DE75C2A18C24E00FB1BF7 /* KuringAppUITests */,
				A95DE73F2A18C24D00FB1BF7 /* Products */,
				A95DE78C2A18D3D100FB1BF7 /* Frameworks */,
			);
			sourceTree = "<group>";
		};
		A95DE73F2A18C24D00FB1BF7 /* Products */ = {
			isa = PBXGroup;
			children = (
				A95DE73E2A18C24D00FB1BF7 /* KuringApp.app */,
				A95DE74F2A18C24E00FB1BF7 /* KuringAppTests.xctest */,
				A95DE7592A18C24E00FB1BF7 /* KuringAppUITests.xctest */,
			);
			name = Products;
			sourceTree = "<group>";
		};
		A95DE7402A18C24D00FB1BF7 /* KuringApp */ = {
			isa = PBXGroup;
			children = (
				A9303D722A18D62100336255 /* Info.plist */,
				A95DE7412A18C24D00FB1BF7 /* KuringAppApp.swift */,
				A95DE7432A18C24D00FB1BF7 /* ContentView.swift */,
				A95DE7452A18C24E00FB1BF7 /* Assets.xcassets */,
				A95DE7472A18C24E00FB1BF7 /* KuringApp.entitlements */,
				A95DE7482A18C24E00FB1BF7 /* Preview Content */,
			);
			path = KuringApp;
			sourceTree = "<group>";
		};
		A95DE7482A18C24E00FB1BF7 /* Preview Content */ = {
			isa = PBXGroup;
			children = (
				A95DE7492A18C24E00FB1BF7 /* Preview Assets.xcassets */,
			);
			path = "Preview Content";
			sourceTree = "<group>";
		};
		A95DE7522A18C24E00FB1BF7 /* KuringAppTests */ = {
			isa = PBXGroup;
			children = (
				A95DE7532A18C24E00FB1BF7 /* KuringAppTests.swift */,
			);
			path = KuringAppTests;
			sourceTree = "<group>";
		};
		A95DE75C2A18C24E00FB1BF7 /* KuringAppUITests */ = {
			isa = PBXGroup;
			children = (
				A95DE75D2A18C24E00FB1BF7 /* KuringAppUITests.swift */,
				A95DE75F2A18C24E00FB1BF7 /* KuringAppUITestsLaunchTests.swift */,
			);
			path = KuringAppUITests;
			sourceTree = "<group>";
		};
		A95DE7892A18D35300FB1BF7 /* Packages */ = {
			isa = PBXGroup;
			children = (
				A95DE78B2A18D3A700FB1BF7 /* Enigma */,
			);
			name = Packages;
			sourceTree = "<group>";
		};
		A95DE78C2A18D3D100FB1BF7 /* Frameworks */ = {
			isa = PBXGroup;
			children = (
			);
			name = Frameworks;
			sourceTree = "<group>";
		};
/* End PBXGroup section */

/* Begin PBXNativeTarget section */
		A95DE73D2A18C24D00FB1BF7 /* KuringApp */ = {
			isa = PBXNativeTarget;
			buildConfigurationList = A95DE7632A18C24E00FB1BF7 /* Build configuration list for PBXNativeTarget "KuringApp" */;
			buildPhases = (
				A95DE73A2A18C24D00FB1BF7 /* Sources */,
				A95DE73B2A18C24D00FB1BF7 /* Frameworks */,
				A95DE73C2A18C24D00FB1BF7 /* Resources */,
			);
			buildRules = (
			);
			dependencies = (
			);
			name = KuringApp;
			packageProductDependencies = (
				A95DE76D2A18D15600FB1BF7 /* OrderedCollections */,
				A95DE7702A18D17F00FB1BF7 /* ComposableArchitecture */,
				A95DE7732A18D1D300FB1BF7 /* KuringLink */,
				A95DE7762A18D2F600FB1BF7 /* FirebaseAnalytics */,
				A95DE7782A18D2F600FB1BF7 /* FirebaseAnalyticsSwift */,
				A95DE77A2A18D2F600FB1BF7 /* FirebaseAuth */,
				A95DE77C2A18D2F600FB1BF7 /* FirebaseFirestore */,
				A95DE77E2A18D2F600FB1BF7 /* FirebaseFirestoreCombine-Community */,
				A95DE7802A18D2F600FB1BF7 /* FirebaseFirestoreSwift */,
				A95DE7822A18D2F600FB1BF7 /* FirebaseMessaging */,
				A95DE7842A18D2F600FB1BF7 /* FirebaseStorage */,
				A95DE7872A18D33300FB1BF7 /* ChatUI */,
				A95DE78D2A18D3D100FB1BF7 /* Enigma */,
			);
			productName = KuringApp;
			productReference = A95DE73E2A18C24D00FB1BF7 /* KuringApp.app */;
			productType = "com.apple.product-type.application";
		};
		A95DE74E2A18C24E00FB1BF7 /* KuringAppTests */ = {
			isa = PBXNativeTarget;
			buildConfigurationList = A95DE7662A18C24E00FB1BF7 /* Build configuration list for PBXNativeTarget "KuringAppTests" */;
			buildPhases = (
				A95DE74B2A18C24E00FB1BF7 /* Sources */,
				A95DE74C2A18C24E00FB1BF7 /* Frameworks */,
				A95DE74D2A18C24E00FB1BF7 /* Resources */,
			);
			buildRules = (
			);
			dependencies = (
				A95DE7512A18C24E00FB1BF7 /* PBXTargetDependency */,
			);
			name = KuringAppTests;
			productName = KuringAppTests;
			productReference = A95DE74F2A18C24E00FB1BF7 /* KuringAppTests.xctest */;
			productType = "com.apple.product-type.bundle.unit-test";
		};
		A95DE7582A18C24E00FB1BF7 /* KuringAppUITests */ = {
			isa = PBXNativeTarget;
			buildConfigurationList = A95DE7692A18C24E00FB1BF7 /* Build configuration list for PBXNativeTarget "KuringAppUITests" */;
			buildPhases = (
				A95DE7552A18C24E00FB1BF7 /* Sources */,
				A95DE7562A18C24E00FB1BF7 /* Frameworks */,
				A95DE7572A18C24E00FB1BF7 /* Resources */,
			);
			buildRules = (
			);
			dependencies = (
				A95DE75B2A18C24E00FB1BF7 /* PBXTargetDependency */,
			);
			name = KuringAppUITests;
			productName = KuringAppUITests;
			productReference = A95DE7592A18C24E00FB1BF7 /* KuringAppUITests.xctest */;
			productType = "com.apple.product-type.bundle.ui-testing";
		};
/* End PBXNativeTarget section */

/* Begin PBXProject section */
		A95DE7362A18C24D00FB1BF7 /* Project object */ = {
			isa = PBXProject;
			attributes = {
				BuildIndependentTargetsInParallel = 1;
				LastSwiftUpdateCheck = 1410;
				LastUpgradeCheck = 1410;
				TargetAttributes = {
					A95DE73D2A18C24D00FB1BF7 = {
						CreatedOnToolsVersion = 14.1;
					};
					A95DE74E2A18C24E00FB1BF7 = {
						CreatedOnToolsVersion = 14.1;
						TestTargetID = A95DE73D2A18C24D00FB1BF7;
					};
					A95DE7582A18C24E00FB1BF7 = {
						CreatedOnToolsVersion = 14.1;
						TestTargetID = A95DE73D2A18C24D00FB1BF7;
					};
				};
			};
			buildConfigurationList = A95DE7392A18C24D00FB1BF7 /* Build configuration list for PBXProject "KuringApp" */;
			compatibilityVersion = "Xcode 14.0";
			developmentRegion = en;
			hasScannedForEncodings = 0;
			knownRegions = (
				en,
				Base,
			);
			mainGroup = A95DE7352A18C24D00FB1BF7;
			packageReferences = (
				A95DE76C2A18D15600FB1BF7 /* XCRemoteSwiftPackageReference "swift-collections" */,
				A95DE76F2A18D17F00FB1BF7 /* XCRemoteSwiftPackageReference "swift-composable-architecture" */,
				A95DE7722A18D1D300FB1BF7 /* XCRemoteSwiftPackageReference "KuringLink" */,
				A95DE7752A18D2F600FB1BF7 /* XCRemoteSwiftPackageReference "firebase-ios-sdk" */,
				A95DE7862A18D33300FB1BF7 /* XCRemoteSwiftPackageReference "ChatUI" */,
			);
			productRefGroup = A95DE73F2A18C24D00FB1BF7 /* Products */;
			projectDirPath = "";
			projectRoot = "";
			targets = (
				A95DE73D2A18C24D00FB1BF7 /* KuringApp */,
				A95DE74E2A18C24E00FB1BF7 /* KuringAppTests */,
				A95DE7582A18C24E00FB1BF7 /* KuringAppUITests */,
			);
		};
/* End PBXProject section */

/* Begin PBXResourcesBuildPhase section */
		A95DE73C2A18C24D00FB1BF7 /* Resources */ = {
			isa = PBXResourcesBuildPhase;
			buildActionMask = 2147483647;
			files = (
				A95DE74A2A18C24E00FB1BF7 /* Preview Assets.xcassets in Resources */,
				A95DE7462A18C24E00FB1BF7 /* Assets.xcassets in Resources */,
			);
			runOnlyForDeploymentPostprocessing = 0;
		};
		A95DE74D2A18C24E00FB1BF7 /* Resources */ = {
			isa = PBXResourcesBuildPhase;
			buildActionMask = 2147483647;
			files = (
			);
			runOnlyForDeploymentPostprocessing = 0;
		};
		A95DE7572A18C24E00FB1BF7 /* Resources */ = {
			isa = PBXResourcesBuildPhase;
			buildActionMask = 2147483647;
			files = (
			);
			runOnlyForDeploymentPostprocessing = 0;
		};
/* End PBXResourcesBuildPhase section */

/* Begin PBXSourcesBuildPhase section */
		A95DE73A2A18C24D00FB1BF7 /* Sources */ = {
			isa = PBXSourcesBuildPhase;
			buildActionMask = 2147483647;
			files = (
				A95DE7442A18C24D00FB1BF7 /* ContentView.swift in Sources */,
				A95DE7422A18C24D00FB1BF7 /* KuringAppApp.swift in Sources */,
			);
			runOnlyForDeploymentPostprocessing = 0;
		};
		A95DE74B2A18C24E00FB1BF7 /* Sources */ = {
			isa = PBXSourcesBuildPhase;
			buildActionMask = 2147483647;
			files = (
				A95DE7542A18C24E00FB1BF7 /* KuringAppTests.swift in Sources */,
			);
			runOnlyForDeploymentPostprocessing = 0;
		};
		A95DE7552A18C24E00FB1BF7 /* Sources */ = {
			isa = PBXSourcesBuildPhase;
			buildActionMask = 2147483647;
			files = (
				A95DE7602A18C24E00FB1BF7 /* KuringAppUITestsLaunchTests.swift in Sources */,
				A95DE75E2A18C24E00FB1BF7 /* KuringAppUITests.swift in Sources */,
			);
			runOnlyForDeploymentPostprocessing = 0;
		};
/* End PBXSourcesBuildPhase section */

/* Begin PBXTargetDependency section */
		A95DE7512A18C24E00FB1BF7 /* PBXTargetDependency */ = {
			isa = PBXTargetDependency;
			target = A95DE73D2A18C24D00FB1BF7 /* KuringApp */;
			targetProxy = A95DE7502A18C24E00FB1BF7 /* PBXContainerItemProxy */;
		};
		A95DE75B2A18C24E00FB1BF7 /* PBXTargetDependency */ = {
			isa = PBXTargetDependency;
			target = A95DE73D2A18C24D00FB1BF7 /* KuringApp */;
			targetProxy = A95DE75A2A18C24E00FB1BF7 /* PBXContainerItemProxy */;
		};
/* End PBXTargetDependency section */

/* Begin XCBuildConfiguration section */
		A95DE7612A18C24E00FB1BF7 /* Debug */ = {
			isa = XCBuildConfiguration;
			buildSettings = {
				ALWAYS_SEARCH_USER_PATHS = NO;
				CLANG_ANALYZER_NONNULL = YES;
				CLANG_ANALYZER_NUMBER_OBJECT_CONVERSION = YES_AGGRESSIVE;
				CLANG_CXX_LANGUAGE_STANDARD = "gnu++20";
				CLANG_ENABLE_MODULES = YES;
				CLANG_ENABLE_OBJC_ARC = YES;
				CLANG_ENABLE_OBJC_WEAK = YES;
				CLANG_WARN_BLOCK_CAPTURE_AUTORELEASING = YES;
				CLANG_WARN_BOOL_CONVERSION = YES;
				CLANG_WARN_COMMA = YES;
				CLANG_WARN_CONSTANT_CONVERSION = YES;
				CLANG_WARN_DEPRECATED_OBJC_IMPLEMENTATIONS = YES;
				CLANG_WARN_DIRECT_OBJC_ISA_USAGE = YES_ERROR;
				CLANG_WARN_DOCUMENTATION_COMMENTS = YES;
				CLANG_WARN_EMPTY_BODY = YES;
				CLANG_WARN_ENUM_CONVERSION = YES;
				CLANG_WARN_INFINITE_RECURSION = YES;
				CLANG_WARN_INT_CONVERSION = YES;
				CLANG_WARN_NON_LITERAL_NULL_CONVERSION = YES;
				CLANG_WARN_OBJC_IMPLICIT_RETAIN_SELF = YES;
				CLANG_WARN_OBJC_LITERAL_CONVERSION = YES;
				CLANG_WARN_OBJC_ROOT_CLASS = YES_ERROR;
				CLANG_WARN_QUOTED_INCLUDE_IN_FRAMEWORK_HEADER = YES;
				CLANG_WARN_RANGE_LOOP_ANALYSIS = YES;
				CLANG_WARN_STRICT_PROTOTYPES = YES;
				CLANG_WARN_SUSPICIOUS_MOVE = YES;
				CLANG_WARN_UNGUARDED_AVAILABILITY = YES_AGGRESSIVE;
				CLANG_WARN_UNREACHABLE_CODE = YES;
				CLANG_WARN__DUPLICATE_METHOD_MATCH = YES;
				COPY_PHASE_STRIP = NO;
				DEBUG_INFORMATION_FORMAT = dwarf;
				ENABLE_STRICT_OBJC_MSGSEND = YES;
				ENABLE_TESTABILITY = YES;
				GCC_C_LANGUAGE_STANDARD = gnu11;
				GCC_DYNAMIC_NO_PIC = NO;
				GCC_NO_COMMON_BLOCKS = YES;
				GCC_OPTIMIZATION_LEVEL = 0;
				GCC_PREPROCESSOR_DEFINITIONS = (
					"DEBUG=1",
					"$(inherited)",
				);
				GCC_WARN_64_TO_32_BIT_CONVERSION = YES;
				GCC_WARN_ABOUT_RETURN_TYPE = YES_ERROR;
				GCC_WARN_UNDECLARED_SELECTOR = YES;
				GCC_WARN_UNINITIALIZED_AUTOS = YES_AGGRESSIVE;
				GCC_WARN_UNUSED_FUNCTION = YES;
				GCC_WARN_UNUSED_VARIABLE = YES;
				MTL_ENABLE_DEBUG_INFO = INCLUDE_SOURCE;
				MTL_FAST_MATH = YES;
				ONLY_ACTIVE_ARCH = YES;
				SWIFT_ACTIVE_COMPILATION_CONDITIONS = DEBUG;
				SWIFT_OPTIMIZATION_LEVEL = "-Onone";
			};
			name = Debug;
		};
		A95DE7622A18C24E00FB1BF7 /* Release */ = {
			isa = XCBuildConfiguration;
			buildSettings = {
				ALWAYS_SEARCH_USER_PATHS = NO;
				CLANG_ANALYZER_NONNULL = YES;
				CLANG_ANALYZER_NUMBER_OBJECT_CONVERSION = YES_AGGRESSIVE;
				CLANG_CXX_LANGUAGE_STANDARD = "gnu++20";
				CLANG_ENABLE_MODULES = YES;
				CLANG_ENABLE_OBJC_ARC = YES;
				CLANG_ENABLE_OBJC_WEAK = YES;
				CLANG_WARN_BLOCK_CAPTURE_AUTORELEASING = YES;
				CLANG_WARN_BOOL_CONVERSION = YES;
				CLANG_WARN_COMMA = YES;
				CLANG_WARN_CONSTANT_CONVERSION = YES;
				CLANG_WARN_DEPRECATED_OBJC_IMPLEMENTATIONS = YES;
				CLANG_WARN_DIRECT_OBJC_ISA_USAGE = YES_ERROR;
				CLANG_WARN_DOCUMENTATION_COMMENTS = YES;
				CLANG_WARN_EMPTY_BODY = YES;
				CLANG_WARN_ENUM_CONVERSION = YES;
				CLANG_WARN_INFINITE_RECURSION = YES;
				CLANG_WARN_INT_CONVERSION = YES;
				CLANG_WARN_NON_LITERAL_NULL_CONVERSION = YES;
				CLANG_WARN_OBJC_IMPLICIT_RETAIN_SELF = YES;
				CLANG_WARN_OBJC_LITERAL_CONVERSION = YES;
				CLANG_WARN_OBJC_ROOT_CLASS = YES_ERROR;
				CLANG_WARN_QUOTED_INCLUDE_IN_FRAMEWORK_HEADER = YES;
				CLANG_WARN_RANGE_LOOP_ANALYSIS = YES;
				CLANG_WARN_STRICT_PROTOTYPES = YES;
				CLANG_WARN_SUSPICIOUS_MOVE = YES;
				CLANG_WARN_UNGUARDED_AVAILABILITY = YES_AGGRESSIVE;
				CLANG_WARN_UNREACHABLE_CODE = YES;
				CLANG_WARN__DUPLICATE_METHOD_MATCH = YES;
				COPY_PHASE_STRIP = NO;
				DEBUG_INFORMATION_FORMAT = "dwarf-with-dsym";
				ENABLE_NS_ASSERTIONS = NO;
				ENABLE_STRICT_OBJC_MSGSEND = YES;
				GCC_C_LANGUAGE_STANDARD = gnu11;
				GCC_NO_COMMON_BLOCKS = YES;
				GCC_WARN_64_TO_32_BIT_CONVERSION = YES;
				GCC_WARN_ABOUT_RETURN_TYPE = YES_ERROR;
				GCC_WARN_UNDECLARED_SELECTOR = YES;
				GCC_WARN_UNINITIALIZED_AUTOS = YES_AGGRESSIVE;
				GCC_WARN_UNUSED_FUNCTION = YES;
				GCC_WARN_UNUSED_VARIABLE = YES;
				MTL_ENABLE_DEBUG_INFO = NO;
				MTL_FAST_MATH = YES;
				SWIFT_COMPILATION_MODE = wholemodule;
				SWIFT_OPTIMIZATION_LEVEL = "-O";
			};
			name = Release;
		};
		A95DE7642A18C24E00FB1BF7 /* Debug */ = {
			isa = XCBuildConfiguration;
			buildSettings = {
				ASSETCATALOG_COMPILER_APPICON_NAME = AppIcon;
				ASSETCATALOG_COMPILER_GLOBAL_ACCENT_COLOR_NAME = AccentColor;
				CODE_SIGN_ENTITLEMENTS = KuringApp/KuringApp.entitlements;
				CODE_SIGN_STYLE = Automatic;
				CURRENT_PROJECT_VERSION = 1;
				DEVELOPMENT_ASSET_PATHS = "\"KuringApp/Preview Content\"";
				DEVELOPMENT_TEAM = 77CD4KLN3Y;
				ENABLE_HARDENED_RUNTIME = YES;
				ENABLE_PREVIEWS = YES;
				GENERATE_INFOPLIST_FILE = YES;
				INFOPLIST_FILE = KuringApp/Info.plist;
				INFOPLIST_KEY_LSApplicationCategoryType = "public.app-category.utilities";
				"INFOPLIST_KEY_UIApplicationSceneManifest_Generation[sdk=iphoneos*]" = YES;
				"INFOPLIST_KEY_UIApplicationSceneManifest_Generation[sdk=iphonesimulator*]" = YES;
				"INFOPLIST_KEY_UIApplicationSupportsIndirectInputEvents[sdk=iphoneos*]" = YES;
				"INFOPLIST_KEY_UIApplicationSupportsIndirectInputEvents[sdk=iphonesimulator*]" = YES;
				"INFOPLIST_KEY_UILaunchScreen_Generation[sdk=iphoneos*]" = YES;
				"INFOPLIST_KEY_UILaunchScreen_Generation[sdk=iphonesimulator*]" = YES;
				"INFOPLIST_KEY_UIStatusBarStyle[sdk=iphoneos*]" = UIStatusBarStyleDefault;
				"INFOPLIST_KEY_UIStatusBarStyle[sdk=iphonesimulator*]" = UIStatusBarStyleDefault;
				INFOPLIST_KEY_UISupportedInterfaceOrientations_iPad = "UIInterfaceOrientationPortrait UIInterfaceOrientationPortraitUpsideDown UIInterfaceOrientationLandscapeLeft UIInterfaceOrientationLandscapeRight";
				INFOPLIST_KEY_UISupportedInterfaceOrientations_iPhone = "UIInterfaceOrientationPortrait UIInterfaceOrientationLandscapeLeft UIInterfaceOrientationLandscapeRight";
				IPHONEOS_DEPLOYMENT_TARGET = 16.0;
				LD_RUNPATH_SEARCH_PATHS = "@executable_path/Frameworks";
				"LD_RUNPATH_SEARCH_PATHS[sdk=macosx*]" = "@executable_path/../Frameworks";
				MACOSX_DEPLOYMENT_TARGET = 13.0;
				MARKETING_VERSION = 2.0.0;
				PRODUCT_BUNDLE_IDENTIFIER = com.kuring.service;
				PRODUCT_NAME = "$(TARGET_NAME)";
				SDKROOT = auto;
				SUPPORTED_PLATFORMS = "iphoneos iphonesimulator";
				SUPPORTS_MACCATALYST = NO;
				SUPPORTS_MAC_DESIGNED_FOR_IPHONE_IPAD = NO;
				SWIFT_EMIT_LOC_STRINGS = YES;
				SWIFT_VERSION = 5.0;
				TARGETED_DEVICE_FAMILY = "1,2";
			};
			name = Debug;
		};
		A95DE7652A18C24E00FB1BF7 /* Release */ = {
			isa = XCBuildConfiguration;
			buildSettings = {
				ASSETCATALOG_COMPILER_APPICON_NAME = AppIcon;
				ASSETCATALOG_COMPILER_GLOBAL_ACCENT_COLOR_NAME = AccentColor;
				CODE_SIGN_ENTITLEMENTS = KuringApp/KuringApp.entitlements;
				CODE_SIGN_STYLE = Automatic;
				CURRENT_PROJECT_VERSION = 1;
				DEVELOPMENT_ASSET_PATHS = "\"KuringApp/Preview Content\"";
				DEVELOPMENT_TEAM = 77CD4KLN3Y;
				ENABLE_HARDENED_RUNTIME = YES;
				ENABLE_PREVIEWS = YES;
				GENERATE_INFOPLIST_FILE = YES;
				INFOPLIST_FILE = KuringApp/Info.plist;
				INFOPLIST_KEY_LSApplicationCategoryType = "public.app-category.utilities";
				"INFOPLIST_KEY_UIApplicationSceneManifest_Generation[sdk=iphoneos*]" = YES;
				"INFOPLIST_KEY_UIApplicationSceneManifest_Generation[sdk=iphonesimulator*]" = YES;
				"INFOPLIST_KEY_UIApplicationSupportsIndirectInputEvents[sdk=iphoneos*]" = YES;
				"INFOPLIST_KEY_UIApplicationSupportsIndirectInputEvents[sdk=iphonesimulator*]" = YES;
				"INFOPLIST_KEY_UILaunchScreen_Generation[sdk=iphoneos*]" = YES;
				"INFOPLIST_KEY_UILaunchScreen_Generation[sdk=iphonesimulator*]" = YES;
				"INFOPLIST_KEY_UIStatusBarStyle[sdk=iphoneos*]" = UIStatusBarStyleDefault;
				"INFOPLIST_KEY_UIStatusBarStyle[sdk=iphonesimulator*]" = UIStatusBarStyleDefault;
				INFOPLIST_KEY_UISupportedInterfaceOrientations_iPad = "UIInterfaceOrientationPortrait UIInterfaceOrientationPortraitUpsideDown UIInterfaceOrientationLandscapeLeft UIInterfaceOrientationLandscapeRight";
				INFOPLIST_KEY_UISupportedInterfaceOrientations_iPhone = "UIInterfaceOrientationPortrait UIInterfaceOrientationLandscapeLeft UIInterfaceOrientationLandscapeRight";
				IPHONEOS_DEPLOYMENT_TARGET = 16.0;
				LD_RUNPATH_SEARCH_PATHS = "@executable_path/Frameworks";
				"LD_RUNPATH_SEARCH_PATHS[sdk=macosx*]" = "@executable_path/../Frameworks";
				MACOSX_DEPLOYMENT_TARGET = 13.0;
				MARKETING_VERSION = 2.0.0;
				PRODUCT_BUNDLE_IDENTIFIER = com.kuring.service;
				PRODUCT_NAME = "$(TARGET_NAME)";
				SDKROOT = auto;
				SUPPORTED_PLATFORMS = "iphoneos iphonesimulator";
				SUPPORTS_MACCATALYST = NO;
				SUPPORTS_MAC_DESIGNED_FOR_IPHONE_IPAD = NO;
				SWIFT_EMIT_LOC_STRINGS = YES;
				SWIFT_VERSION = 5.0;
				TARGETED_DEVICE_FAMILY = "1,2";
			};
			name = Release;
		};
		A95DE7672A18C24E00FB1BF7 /* Debug */ = {
			isa = XCBuildConfiguration;
			buildSettings = {
				ALWAYS_EMBED_SWIFT_STANDARD_LIBRARIES = YES;
				BUNDLE_LOADER = "$(TEST_HOST)";
				CODE_SIGN_STYLE = Automatic;
				CURRENT_PROJECT_VERSION = 1;
				DEVELOPMENT_TEAM = 77CD4KLN3Y;
				GENERATE_INFOPLIST_FILE = YES;
				IPHONEOS_DEPLOYMENT_TARGET = 16.1;
				MACOSX_DEPLOYMENT_TARGET = 13.0;
				MARKETING_VERSION = 1.0;
				PRODUCT_BUNDLE_IDENTIFIER = com.kuring.KuringAppTests;
				PRODUCT_NAME = "$(TARGET_NAME)";
				SDKROOT = auto;
				SUPPORTED_PLATFORMS = "iphoneos iphonesimulator macosx";
				SWIFT_EMIT_LOC_STRINGS = NO;
				SWIFT_VERSION = 5.0;
				TARGETED_DEVICE_FAMILY = "1,2";
				TEST_HOST = "$(BUILT_PRODUCTS_DIR)/KuringApp.app/$(BUNDLE_EXECUTABLE_FOLDER_PATH)/KuringApp";
			};
			name = Debug;
		};
		A95DE7682A18C24E00FB1BF7 /* Release */ = {
			isa = XCBuildConfiguration;
			buildSettings = {
				ALWAYS_EMBED_SWIFT_STANDARD_LIBRARIES = YES;
				BUNDLE_LOADER = "$(TEST_HOST)";
				CODE_SIGN_STYLE = Automatic;
				CURRENT_PROJECT_VERSION = 1;
				DEVELOPMENT_TEAM = 77CD4KLN3Y;
				GENERATE_INFOPLIST_FILE = YES;
				IPHONEOS_DEPLOYMENT_TARGET = 16.1;
				MACOSX_DEPLOYMENT_TARGET = 13.0;
				MARKETING_VERSION = 1.0;
				PRODUCT_BUNDLE_IDENTIFIER = com.kuring.KuringAppTests;
				PRODUCT_NAME = "$(TARGET_NAME)";
				SDKROOT = auto;
				SUPPORTED_PLATFORMS = "iphoneos iphonesimulator macosx";
				SWIFT_EMIT_LOC_STRINGS = NO;
				SWIFT_VERSION = 5.0;
				TARGETED_DEVICE_FAMILY = "1,2";
				TEST_HOST = "$(BUILT_PRODUCTS_DIR)/KuringApp.app/$(BUNDLE_EXECUTABLE_FOLDER_PATH)/KuringApp";
			};
			name = Release;
		};
		A95DE76A2A18C24E00FB1BF7 /* Debug */ = {
			isa = XCBuildConfiguration;
			buildSettings = {
				ALWAYS_EMBED_SWIFT_STANDARD_LIBRARIES = YES;
				CODE_SIGN_STYLE = Automatic;
				CURRENT_PROJECT_VERSION = 1;
				DEVELOPMENT_TEAM = 77CD4KLN3Y;
				GENERATE_INFOPLIST_FILE = YES;
				IPHONEOS_DEPLOYMENT_TARGET = 16.1;
				MACOSX_DEPLOYMENT_TARGET = 13.0;
				MARKETING_VERSION = 1.0;
				PRODUCT_BUNDLE_IDENTIFIER = com.kuring.KuringAppUITests;
				PRODUCT_NAME = "$(TARGET_NAME)";
				SDKROOT = auto;
				SUPPORTED_PLATFORMS = "iphoneos iphonesimulator macosx";
				SWIFT_EMIT_LOC_STRINGS = NO;
				SWIFT_VERSION = 5.0;
				TARGETED_DEVICE_FAMILY = "1,2";
				TEST_TARGET_NAME = KuringApp;
			};
			name = Debug;
		};
		A95DE76B2A18C24E00FB1BF7 /* Release */ = {
			isa = XCBuildConfiguration;
			buildSettings = {
				ALWAYS_EMBED_SWIFT_STANDARD_LIBRARIES = YES;
				CODE_SIGN_STYLE = Automatic;
				CURRENT_PROJECT_VERSION = 1;
				DEVELOPMENT_TEAM = 77CD4KLN3Y;
				GENERATE_INFOPLIST_FILE = YES;
				IPHONEOS_DEPLOYMENT_TARGET = 16.1;
				MACOSX_DEPLOYMENT_TARGET = 13.0;
				MARKETING_VERSION = 1.0;
				PRODUCT_BUNDLE_IDENTIFIER = com.kuring.KuringAppUITests;
				PRODUCT_NAME = "$(TARGET_NAME)";
				SDKROOT = auto;
				SUPPORTED_PLATFORMS = "iphoneos iphonesimulator macosx";
				SWIFT_EMIT_LOC_STRINGS = NO;
				SWIFT_VERSION = 5.0;
				TARGETED_DEVICE_FAMILY = "1,2";
				TEST_TARGET_NAME = KuringApp;
			};
			name = Release;
		};
/* End XCBuildConfiguration section */

/* Begin XCConfigurationList section */
		A95DE7392A18C24D00FB1BF7 /* Build configuration list for PBXProject "KuringApp" */ = {
			isa = XCConfigurationList;
			buildConfigurations = (
				A95DE7612A18C24E00FB1BF7 /* Debug */,
				A95DE7622A18C24E00FB1BF7 /* Release */,
			);
			defaultConfigurationIsVisible = 0;
			defaultConfigurationName = Release;
		};
		A95DE7632A18C24E00FB1BF7 /* Build configuration list for PBXNativeTarget "KuringApp" */ = {
			isa = XCConfigurationList;
			buildConfigurations = (
				A95DE7642A18C24E00FB1BF7 /* Debug */,
				A95DE7652A18C24E00FB1BF7 /* Release */,
			);
			defaultConfigurationIsVisible = 0;
			defaultConfigurationName = Release;
		};
		A95DE7662A18C24E00FB1BF7 /* Build configuration list for PBXNativeTarget "KuringAppTests" */ = {
			isa = XCConfigurationList;
			buildConfigurations = (
				A95DE7672A18C24E00FB1BF7 /* Debug */,
				A95DE7682A18C24E00FB1BF7 /* Release */,
			);
			defaultConfigurationIsVisible = 0;
			defaultConfigurationName = Release;
		};
		A95DE7692A18C24E00FB1BF7 /* Build configuration list for PBXNativeTarget "KuringAppUITests" */ = {
			isa = XCConfigurationList;
			buildConfigurations = (
				A95DE76A2A18C24E00FB1BF7 /* Debug */,
				A95DE76B2A18C24E00FB1BF7 /* Release */,
			);
			defaultConfigurationIsVisible = 0;
			defaultConfigurationName = Release;
		};
/* End XCConfigurationList section */

/* Begin XCRemoteSwiftPackageReference section */
		A95DE76C2A18D15600FB1BF7 /* XCRemoteSwiftPackageReference "swift-collections" */ = {
			isa = XCRemoteSwiftPackageReference;
			repositoryURL = "https://github.com/apple/swift-collections.git";
			requirement = {
				branch = main;
				kind = branch;
			};
		};
		A95DE76F2A18D17F00FB1BF7 /* XCRemoteSwiftPackageReference "swift-composable-architecture" */ = {
			isa = XCRemoteSwiftPackageReference;
			repositoryURL = "https://github.com/pointfreeco/swift-composable-architecture";
			requirement = {
				branch = main;
				kind = branch;
			};
		};
		A95DE7722A18D1D300FB1BF7 /* XCRemoteSwiftPackageReference "KuringLink" */ = {
			isa = XCRemoteSwiftPackageReference;
			repositoryURL = "https://github.com/ku-ring/KuringLink";
			requirement = {
				branch = release/2.0.0;
				kind = branch;
			};
		};
		A95DE7752A18D2F600FB1BF7 /* XCRemoteSwiftPackageReference "firebase-ios-sdk" */ = {
			isa = XCRemoteSwiftPackageReference;
			repositoryURL = "https://github.com/firebase/firebase-ios-sdk";
			requirement = {
				kind = upToNextMajorVersion;
				minimumVersion = 9.0.0;
			};
		};
		A95DE7862A18D33300FB1BF7 /* XCRemoteSwiftPackageReference "ChatUI" */ = {
			isa = XCRemoteSwiftPackageReference;
			repositoryURL = "https://github.com/jaesung-0o0/ChatUI";
			requirement = {
				branch = main;
				kind = branch;
			};
		};
/* End XCRemoteSwiftPackageReference section */

/* Begin XCSwiftPackageProductDependency section */
		A95DE76D2A18D15600FB1BF7 /* OrderedCollections */ = {
			isa = XCSwiftPackageProductDependency;
			package = A95DE76C2A18D15600FB1BF7 /* XCRemoteSwiftPackageReference "swift-collections" */;
			productName = OrderedCollections;
		};
		A95DE7702A18D17F00FB1BF7 /* ComposableArchitecture */ = {
			isa = XCSwiftPackageProductDependency;
			package = A95DE76F2A18D17F00FB1BF7 /* XCRemoteSwiftPackageReference "swift-composable-architecture" */;
			productName = ComposableArchitecture;
		};
		A95DE7732A18D1D300FB1BF7 /* KuringLink */ = {
			isa = XCSwiftPackageProductDependency;
			package = A95DE7722A18D1D300FB1BF7 /* XCRemoteSwiftPackageReference "KuringLink" */;
			productName = KuringLink;
		};
		A95DE7762A18D2F600FB1BF7 /* FirebaseAnalytics */ = {
			isa = XCSwiftPackageProductDependency;
			package = A95DE7752A18D2F600FB1BF7 /* XCRemoteSwiftPackageReference "firebase-ios-sdk" */;
			productName = FirebaseAnalytics;
		};
		A95DE7782A18D2F600FB1BF7 /* FirebaseAnalyticsSwift */ = {
			isa = XCSwiftPackageProductDependency;
			package = A95DE7752A18D2F600FB1BF7 /* XCRemoteSwiftPackageReference "firebase-ios-sdk" */;
			productName = FirebaseAnalyticsSwift;
		};
		A95DE77A2A18D2F600FB1BF7 /* FirebaseAuth */ = {
			isa = XCSwiftPackageProductDependency;
			package = A95DE7752A18D2F600FB1BF7 /* XCRemoteSwiftPackageReference "firebase-ios-sdk" */;
			productName = FirebaseAuth;
		};
		A95DE77C2A18D2F600FB1BF7 /* FirebaseFirestore */ = {
			isa = XCSwiftPackageProductDependency;
			package = A95DE7752A18D2F600FB1BF7 /* XCRemoteSwiftPackageReference "firebase-ios-sdk" */;
			productName = FirebaseFirestore;
		};
		A95DE77E2A18D2F600FB1BF7 /* FirebaseFirestoreCombine-Community */ = {
			isa = XCSwiftPackageProductDependency;
			package = A95DE7752A18D2F600FB1BF7 /* XCRemoteSwiftPackageReference "firebase-ios-sdk" */;
			productName = "FirebaseFirestoreCombine-Community";
		};
		A95DE7802A18D2F600FB1BF7 /* FirebaseFirestoreSwift */ = {
			isa = XCSwiftPackageProductDependency;
			package = A95DE7752A18D2F600FB1BF7 /* XCRemoteSwiftPackageReference "firebase-ios-sdk" */;
			productName = FirebaseFirestoreSwift;
		};
		A95DE7822A18D2F600FB1BF7 /* FirebaseMessaging */ = {
			isa = XCSwiftPackageProductDependency;
			package = A95DE7752A18D2F600FB1BF7 /* XCRemoteSwiftPackageReference "firebase-ios-sdk" */;
			productName = FirebaseMessaging;
		};
		A95DE7842A18D2F600FB1BF7 /* FirebaseStorage */ = {
			isa = XCSwiftPackageProductDependency;
			package = A95DE7752A18D2F600FB1BF7 /* XCRemoteSwiftPackageReference "firebase-ios-sdk" */;
			productName = FirebaseStorage;
		};
		A95DE7872A18D33300FB1BF7 /* ChatUI */ = {
			isa = XCSwiftPackageProductDependency;
			package = A95DE7862A18D33300FB1BF7 /* XCRemoteSwiftPackageReference "ChatUI" */;
			productName = ChatUI;
		};
		A95DE78D2A18D3D100FB1BF7 /* Enigma */ = {
			isa = XCSwiftPackageProductDependency;
			productName = Enigma;
		};
/* End XCSwiftPackageProductDependency section */
	};
	rootObject = A95DE7362A18C24D00FB1BF7 /* Project object */;
}
