// !$*UTF8*$!
{
	archiveVersion = 1;
	classes = {
	};
	objectVersion = 60;
	objects = {

/* Begin PBXBuildFile section */
		A91454FE2ACF39E000B82A8E /* SettingsApp.swift in Sources */ = {isa = PBXBuildFile; fileRef = A91454FD2ACF39E000B82A8E /* SettingsApp.swift */; };
		A91455002ACF3A3D00B82A8E /* SetttingsApp.Path.swift in Sources */ = {isa = PBXBuildFile; fileRef = A91454FF2ACF3A3D00B82A8E /* SetttingsApp.Path.swift */; };
		A91455032ACF44CE00B82A8E /* KuringIcon.swift in Sources */ = {isa = PBXBuildFile; fileRef = A91455022ACF44CE00B82A8E /* KuringIcon.swift */; };
		A91455062ACF451E00B82A8E /* AppIcons.swift in Sources */ = {isa = PBXBuildFile; fileRef = A91455052ACF451E00B82A8E /* AppIcons.swift */; };
		A9DAFA542AB1F04B0064F748 /* KuringApp.swift in Sources */ = {isa = PBXBuildFile; fileRef = A9DAFA532AB1F04B0064F748 /* KuringApp.swift */; };
		A9DAFA562AB1F04B0064F748 /* ContentView.swift in Sources */ = {isa = PBXBuildFile; fileRef = A9DAFA552AB1F04B0064F748 /* ContentView.swift */; };
		A9DAFA582AB1F04C0064F748 /* Assets.xcassets in Resources */ = {isa = PBXBuildFile; fileRef = A9DAFA572AB1F04C0064F748 /* Assets.xcassets */; };
		A9DAFA5B2AB1F04C0064F748 /* Preview Assets.xcassets in Resources */ = {isa = PBXBuildFile; fileRef = A9DAFA5A2AB1F04C0064F748 /* Preview Assets.xcassets */; };
		CAE658662B3992A800CD8A63 /* App in Frameworks */ = {isa = PBXBuildFile; productRef = CAE658652B3992A800CD8A63 /* App */; };
		DF331DAB2AC917E100D0BB08 /* kuring_app.png in Resources */ = {isa = PBXBuildFile; fileRef = DF331DA72AC917E000D0BB08 /* kuring_app.png */; };
		DF331DAC2AC917E100D0BB08 /* kuring_app_classic.png in Resources */ = {isa = PBXBuildFile; fileRef = DF331DA82AC917E000D0BB08 /* kuring_app_classic.png */; };
		DF331DAD2AC917E100D0BB08 /* kuring_app_sketch.png in Resources */ = {isa = PBXBuildFile; fileRef = DF331DA92AC917E000D0BB08 /* kuring_app_sketch.png */; };
		DF331DAE2AC917E100D0BB08 /* kuring_app_blueprint.png in Resources */ = {isa = PBXBuildFile; fileRef = DF331DAA2AC917E000D0BB08 /* kuring_app_blueprint.png */; };
		DFE7AB152AC332DB00230934 /* SettingView.swift in Sources */ = {isa = PBXBuildFile; fileRef = DFE7AB142AC332DB00230934 /* SettingView.swift */; };
		DFE7AB172AC33D6700230934 /* AppIconSelector.swift in Sources */ = {isa = PBXBuildFile; fileRef = DFE7AB162AC33D6700230934 /* AppIconSelector.swift */; };
/* End PBXBuildFile section */

/* Begin PBXContainerItemProxy section */
		CA52DF332AD58DF2009B9272 /* PBXContainerItemProxy */ = {
			isa = PBXContainerItemProxy;
			containerPortal = A9DAFA482AB1F04B0064F748 /* Project object */;
			proxyType = 1;
			remoteGlobalIDString = A9DAFA4F2AB1F04B0064F748;
			remoteInfo = KuringApp;
		};
/* End PBXContainerItemProxy section */

/* Begin PBXFileReference section */
		A91454FD2ACF39E000B82A8E /* SettingsApp.swift */ = {isa = PBXFileReference; lastKnownFileType = sourcecode.swift; path = SettingsApp.swift; sourceTree = "<group>"; };
		A91454FF2ACF3A3D00B82A8E /* SetttingsApp.Path.swift */ = {isa = PBXFileReference; lastKnownFileType = sourcecode.swift; path = SetttingsApp.Path.swift; sourceTree = "<group>"; };
		A91455022ACF44CE00B82A8E /* KuringIcon.swift */ = {isa = PBXFileReference; lastKnownFileType = sourcecode.swift; path = KuringIcon.swift; sourceTree = "<group>"; };
		A91455052ACF451E00B82A8E /* AppIcons.swift */ = {isa = PBXFileReference; lastKnownFileType = sourcecode.swift; path = AppIcons.swift; sourceTree = "<group>"; };
		A9DAFA502AB1F04B0064F748 /* KuringApp.app */ = {isa = PBXFileReference; explicitFileType = wrapper.application; includeInIndex = 0; path = KuringApp.app; sourceTree = BUILT_PRODUCTS_DIR; };
		A9DAFA532AB1F04B0064F748 /* KuringApp.swift */ = {isa = PBXFileReference; lastKnownFileType = sourcecode.swift; path = KuringApp.swift; sourceTree = "<group>"; };
		A9DAFA552AB1F04B0064F748 /* ContentView.swift */ = {isa = PBXFileReference; lastKnownFileType = sourcecode.swift; path = ContentView.swift; sourceTree = "<group>"; };
		A9DAFA572AB1F04C0064F748 /* Assets.xcassets */ = {isa = PBXFileReference; lastKnownFileType = folder.assetcatalog; path = Assets.xcassets; sourceTree = "<group>"; };
		A9DAFA5A2AB1F04C0064F748 /* Preview Assets.xcassets */ = {isa = PBXFileReference; lastKnownFileType = folder.assetcatalog; path = "Preview Assets.xcassets"; sourceTree = "<group>"; };
		CA52DF2F2AD58DF2009B9272 /* KuringAppTests.xctest */ = {isa = PBXFileReference; explicitFileType = wrapper.cfbundle; includeInIndex = 0; path = KuringAppTests.xctest; sourceTree = BUILT_PRODUCTS_DIR; };
		DF062D4A2AC87B6D00FC48C0 /* Info.plist */ = {isa = PBXFileReference; lastKnownFileType = text.plist; path = Info.plist; sourceTree = "<group>"; };
		DF331DA72AC917E000D0BB08 /* kuring_app.png */ = {isa = PBXFileReference; lastKnownFileType = image.png; path = kuring_app.png; sourceTree = "<group>"; };
		DF331DA82AC917E000D0BB08 /* kuring_app_classic.png */ = {isa = PBXFileReference; lastKnownFileType = image.png; path = kuring_app_classic.png; sourceTree = "<group>"; };
		DF331DA92AC917E000D0BB08 /* kuring_app_sketch.png */ = {isa = PBXFileReference; lastKnownFileType = image.png; path = kuring_app_sketch.png; sourceTree = "<group>"; };
		DF331DAA2AC917E000D0BB08 /* kuring_app_blueprint.png */ = {isa = PBXFileReference; lastKnownFileType = image.png; path = kuring_app_blueprint.png; sourceTree = "<group>"; };
		DFE7AB142AC332DB00230934 /* SettingView.swift */ = {isa = PBXFileReference; lastKnownFileType = sourcecode.swift; path = SettingView.swift; sourceTree = "<group>"; };
		DFE7AB162AC33D6700230934 /* AppIconSelector.swift */ = {isa = PBXFileReference; lastKnownFileType = sourcecode.swift; path = AppIconSelector.swift; sourceTree = "<group>"; };
/* End PBXFileReference section */

/* Begin PBXFrameworksBuildPhase section */
		A9DAFA4D2AB1F04B0064F748 /* Frameworks */ = {
			isa = PBXFrameworksBuildPhase;
			buildActionMask = 2147483647;
			files = (
				CAE658662B3992A800CD8A63 /* App in Frameworks */,
			);
			runOnlyForDeploymentPostprocessing = 0;
		};
		CA52DF2C2AD58DF2009B9272 /* Frameworks */ = {
			isa = PBXFrameworksBuildPhase;
			buildActionMask = 2147483647;
			files = (
			);
			runOnlyForDeploymentPostprocessing = 0;
		};
/* End PBXFrameworksBuildPhase section */

/* Begin PBXGroup section */
		A91455012ACF44BD00B82A8E /* AppIcon */ = {
			isa = PBXGroup;
			children = (
				DFE7AB162AC33D6700230934 /* AppIconSelector.swift */,
				A91455022ACF44CE00B82A8E /* KuringIcon.swift */,
			);
			path = AppIcon;
			sourceTree = "<group>";
		};
		A91455042ACF44F400B82A8E /* Depedencies */ = {
			isa = PBXGroup;
			children = (
				A91455052ACF451E00B82A8E /* AppIcons.swift */,
			);
			path = Depedencies;
			sourceTree = "<group>";
		};
		A947DCBA2AB47BA300A6D614 /* Frameworks */ = {
			isa = PBXGroup;
			children = (
			);
			name = Frameworks;
			sourceTree = "<group>";
		};
		A9DAFA472AB1F04B0064F748 = {
			isa = PBXGroup;
			children = (
				A9DAFA522AB1F04B0064F748 /* KuringApp */,
				CA52DF302AD58DF2009B9272 /* KuringAppTests */,
				A9DAFA512AB1F04B0064F748 /* Products */,
				A947DCBA2AB47BA300A6D614 /* Frameworks */,
			);
			sourceTree = "<group>";
		};
		A9DAFA512AB1F04B0064F748 /* Products */ = {
			isa = PBXGroup;
			children = (
				A9DAFA502AB1F04B0064F748 /* KuringApp.app */,
				CA52DF2F2AD58DF2009B9272 /* KuringAppTests.xctest */,
			);
			name = Products;
			sourceTree = "<group>";
		};
		A9DAFA522AB1F04B0064F748 /* KuringApp */ = {
			isa = PBXGroup;
			children = (
				DF062D4A2AC87B6D00FC48C0 /* Info.plist */,
				DFE7AB132AC332D200230934 /* Setting */,
				A9DAFA532AB1F04B0064F748 /* KuringApp.swift */,
				A9DAFA552AB1F04B0064F748 /* ContentView.swift */,
				A9DAFA572AB1F04C0064F748 /* Assets.xcassets */,
				A9DAFA592AB1F04C0064F748 /* Preview Content */,
			);
			path = KuringApp;
			sourceTree = "<group>";
		};
		A9DAFA592AB1F04C0064F748 /* Preview Content */ = {
			isa = PBXGroup;
			children = (
				A9DAFA5A2AB1F04C0064F748 /* Preview Assets.xcassets */,
			);
			path = "Preview Content";
			sourceTree = "<group>";
		};
		CA52DF302AD58DF2009B9272 /* KuringAppTests */ = {
			isa = PBXGroup;
			children = (
			);
			path = KuringAppTests;
			sourceTree = "<group>";
		};
		DF062D4B2AC8800000FC48C0 /* AppIcons */ = {
			isa = PBXGroup;
			children = (
				DF331DAA2AC917E000D0BB08 /* kuring_app_blueprint.png */,
				DF331DA82AC917E000D0BB08 /* kuring_app_classic.png */,
				DF331DA92AC917E000D0BB08 /* kuring_app_sketch.png */,
				DF331DA72AC917E000D0BB08 /* kuring_app.png */,
			);
			path = AppIcons;
			sourceTree = "<group>";
		};
		DFE7AB132AC332D200230934 /* Setting */ = {
			isa = PBXGroup;
			children = (
				A91455042ACF44F400B82A8E /* Depedencies */,
				DF062D4B2AC8800000FC48C0 /* AppIcons */,
				DFE7AB142AC332DB00230934 /* SettingView.swift */,
				A91454FD2ACF39E000B82A8E /* SettingsApp.swift */,
				A91454FF2ACF3A3D00B82A8E /* SetttingsApp.Path.swift */,
				A91455012ACF44BD00B82A8E /* AppIcon */,
			);
			path = Setting;
			sourceTree = "<group>";
		};
/* End PBXGroup section */

/* Begin PBXNativeTarget section */
		A9DAFA4F2AB1F04B0064F748 /* KuringApp */ = {
			isa = PBXNativeTarget;
			buildConfigurationList = A9DAFA5E2AB1F04C0064F748 /* Build configuration list for PBXNativeTarget "KuringApp" */;
			buildPhases = (
				A9DAFA4C2AB1F04B0064F748 /* Sources */,
				A9DAFA4D2AB1F04B0064F748 /* Frameworks */,
				A9DAFA4E2AB1F04B0064F748 /* Resources */,
			);
			buildRules = (
			);
			dependencies = (
			);
			name = KuringApp;
			packageProductDependencies = (
				CAE658652B3992A800CD8A63 /* App */,
			);
			productName = KuringApp;
			productReference = A9DAFA502AB1F04B0064F748 /* KuringApp.app */;
			productType = "com.apple.product-type.application";
		};
		CA52DF2E2AD58DF2009B9272 /* KuringAppTests */ = {
			isa = PBXNativeTarget;
			buildConfigurationList = CA52DF372AD58DF2009B9272 /* Build configuration list for PBXNativeTarget "KuringAppTests" */;
			buildPhases = (
				CA52DF2B2AD58DF2009B9272 /* Sources */,
				CA52DF2C2AD58DF2009B9272 /* Frameworks */,
				CA52DF2D2AD58DF2009B9272 /* Resources */,
			);
			buildRules = (
			);
			dependencies = (
				CA52DF342AD58DF2009B9272 /* PBXTargetDependency */,
			);
			name = KuringAppTests;
			productName = KuringAppTests;
			productReference = CA52DF2F2AD58DF2009B9272 /* KuringAppTests.xctest */;
			productType = "com.apple.product-type.bundle.unit-test";
		};
/* End PBXNativeTarget section */

/* Begin PBXProject section */
		A9DAFA482AB1F04B0064F748 /* Project object */ = {
			isa = PBXProject;
			attributes = {
				BuildIndependentTargetsInParallel = 1;
				LastSwiftUpdateCheck = 1500;
				LastUpgradeCheck = 1500;
				TargetAttributes = {
					A9DAFA4F2AB1F04B0064F748 = {
						CreatedOnToolsVersion = 15.0;
					};
					CA52DF2E2AD58DF2009B9272 = {
						CreatedOnToolsVersion = 15.0;
						TestTargetID = A9DAFA4F2AB1F04B0064F748;
					};
				};
			};
			buildConfigurationList = A9DAFA4B2AB1F04B0064F748 /* Build configuration list for PBXProject "KuringApp" */;
			compatibilityVersion = "Xcode 14.0";
			developmentRegion = en;
			hasScannedForEncodings = 0;
			knownRegions = (
				en,
				Base,
			);
			mainGroup = A9DAFA472AB1F04B0064F748;
			packageReferences = (
				CAE658642B3992A800CD8A63 /* XCLocalSwiftPackageReference "../KuringPackage" */,
			);
			productRefGroup = A9DAFA512AB1F04B0064F748 /* Products */;
			projectDirPath = "";
			projectRoot = "";
			targets = (
				A9DAFA4F2AB1F04B0064F748 /* KuringApp */,
				CA52DF2E2AD58DF2009B9272 /* KuringAppTests */,
			);
		};
/* End PBXProject section */

/* Begin PBXResourcesBuildPhase section */
		A9DAFA4E2AB1F04B0064F748 /* Resources */ = {
			isa = PBXResourcesBuildPhase;
			buildActionMask = 2147483647;
			files = (
				DF331DAD2AC917E100D0BB08 /* kuring_app_sketch.png in Resources */,
				DF331DAE2AC917E100D0BB08 /* kuring_app_blueprint.png in Resources */,
				A9DAFA5B2AB1F04C0064F748 /* Preview Assets.xcassets in Resources */,
				DF331DAB2AC917E100D0BB08 /* kuring_app.png in Resources */,
				DF331DAC2AC917E100D0BB08 /* kuring_app_classic.png in Resources */,
				A9DAFA582AB1F04C0064F748 /* Assets.xcassets in Resources */,
			);
			runOnlyForDeploymentPostprocessing = 0;
		};
		CA52DF2D2AD58DF2009B9272 /* Resources */ = {
			isa = PBXResourcesBuildPhase;
			buildActionMask = 2147483647;
			files = (
			);
			runOnlyForDeploymentPostprocessing = 0;
		};
/* End PBXResourcesBuildPhase section */

/* Begin PBXSourcesBuildPhase section */
		A9DAFA4C2AB1F04B0064F748 /* Sources */ = {
			isa = PBXSourcesBuildPhase;
			buildActionMask = 2147483647;
			files = (
				DFE7AB152AC332DB00230934 /* SettingView.swift in Sources */,
				A91455002ACF3A3D00B82A8E /* SetttingsApp.Path.swift in Sources */,
				A91455062ACF451E00B82A8E /* AppIcons.swift in Sources */,
				A9DAFA562AB1F04B0064F748 /* ContentView.swift in Sources */,
				A91455032ACF44CE00B82A8E /* KuringIcon.swift in Sources */,
				A91454FE2ACF39E000B82A8E /* SettingsApp.swift in Sources */,
				A9DAFA542AB1F04B0064F748 /* KuringApp.swift in Sources */,
				DFE7AB172AC33D6700230934 /* AppIconSelector.swift in Sources */,
			);
			runOnlyForDeploymentPostprocessing = 0;
		};
		CA52DF2B2AD58DF2009B9272 /* Sources */ = {
			isa = PBXSourcesBuildPhase;
			buildActionMask = 2147483647;
			files = (
			);
			runOnlyForDeploymentPostprocessing = 0;
		};
/* End PBXSourcesBuildPhase section */

/* Begin PBXTargetDependency section */
		CA52DF342AD58DF2009B9272 /* PBXTargetDependency */ = {
			isa = PBXTargetDependency;
			target = A9DAFA4F2AB1F04B0064F748 /* KuringApp */;
			targetProxy = CA52DF332AD58DF2009B9272 /* PBXContainerItemProxy */;
		};
/* End PBXTargetDependency section */

/* Begin XCBuildConfiguration section */
		A9DAFA5C2AB1F04C0064F748 /* Debug */ = {
			isa = XCBuildConfiguration;
			buildSettings = {
				ALWAYS_SEARCH_USER_PATHS = NO;
				ASSETCATALOG_COMPILER_GENERATE_SWIFT_ASSET_SYMBOL_EXTENSIONS = YES;
				CLANG_ANALYZER_NONNULL = YES;
				CLANG_ANALYZER_NUMBER_OBJECT_CONVERSION = YES_AGGRESSIVE;
				CLANG_CXX_LANGUAGE_STANDARD = "gnu++20";
				CLANG_ENABLE_MODULES = YES;
				CLANG_ENABLE_OBJC_ARC = YES;
				CLANG_ENABLE_OBJC_WEAK = YES;
				CLANG_WARN_BLOCK_CAPTURE_AUTORELEASING = YES;
				CLANG_WARN_BOOL_CONVERSION = YES;
				CLANG_WARN_COMMA = YES;
				CLANG_WARN_CONSTANT_CONVERSION = YES;
				CLANG_WARN_DEPRECATED_OBJC_IMPLEMENTATIONS = YES;
				CLANG_WARN_DIRECT_OBJC_ISA_USAGE = YES_ERROR;
				CLANG_WARN_DOCUMENTATION_COMMENTS = YES;
				CLANG_WARN_EMPTY_BODY = YES;
				CLANG_WARN_ENUM_CONVERSION = YES;
				CLANG_WARN_INFINITE_RECURSION = YES;
				CLANG_WARN_INT_CONVERSION = YES;
				CLANG_WARN_NON_LITERAL_NULL_CONVERSION = YES;
				CLANG_WARN_OBJC_IMPLICIT_RETAIN_SELF = YES;
				CLANG_WARN_OBJC_LITERAL_CONVERSION = YES;
				CLANG_WARN_OBJC_ROOT_CLASS = YES_ERROR;
				CLANG_WARN_QUOTED_INCLUDE_IN_FRAMEWORK_HEADER = YES;
				CLANG_WARN_RANGE_LOOP_ANALYSIS = YES;
				CLANG_WARN_STRICT_PROTOTYPES = YES;
				CLANG_WARN_SUSPICIOUS_MOVE = YES;
				CLANG_WARN_UNGUARDED_AVAILABILITY = YES_AGGRESSIVE;
				CLANG_WARN_UNREACHABLE_CODE = YES;
				CLANG_WARN__DUPLICATE_METHOD_MATCH = YES;
				COPY_PHASE_STRIP = NO;
				DEBUG_INFORMATION_FORMAT = dwarf;
				ENABLE_STRICT_OBJC_MSGSEND = YES;
				ENABLE_TESTABILITY = YES;
				ENABLE_USER_SCRIPT_SANDBOXING = YES;
				GCC_C_LANGUAGE_STANDARD = gnu17;
				GCC_DYNAMIC_NO_PIC = NO;
				GCC_NO_COMMON_BLOCKS = YES;
				GCC_OPTIMIZATION_LEVEL = 0;
				GCC_PREPROCESSOR_DEFINITIONS = (
					"DEBUG=1",
					"$(inherited)",
				);
				GCC_WARN_64_TO_32_BIT_CONVERSION = YES;
				GCC_WARN_ABOUT_RETURN_TYPE = YES_ERROR;
				GCC_WARN_UNDECLARED_SELECTOR = YES;
				GCC_WARN_UNINITIALIZED_AUTOS = YES_AGGRESSIVE;
				GCC_WARN_UNUSED_FUNCTION = YES;
				GCC_WARN_UNUSED_VARIABLE = YES;
				IPHONEOS_DEPLOYMENT_TARGET = 17.0;
				LOCALIZATION_PREFERS_STRING_CATALOGS = YES;
				MTL_ENABLE_DEBUG_INFO = INCLUDE_SOURCE;
				MTL_FAST_MATH = YES;
				ONLY_ACTIVE_ARCH = YES;
				SDKROOT = iphoneos;
				SWIFT_ACTIVE_COMPILATION_CONDITIONS = "DEBUG $(inherited)";
				SWIFT_OPTIMIZATION_LEVEL = "-Onone";
			};
			name = Debug;
		};
		A9DAFA5D2AB1F04C0064F748 /* Release */ = {
			isa = XCBuildConfiguration;
			buildSettings = {
				ALWAYS_SEARCH_USER_PATHS = NO;
				ASSETCATALOG_COMPILER_GENERATE_SWIFT_ASSET_SYMBOL_EXTENSIONS = YES;
				CLANG_ANALYZER_NONNULL = YES;
				CLANG_ANALYZER_NUMBER_OBJECT_CONVERSION = YES_AGGRESSIVE;
				CLANG_CXX_LANGUAGE_STANDARD = "gnu++20";
				CLANG_ENABLE_MODULES = YES;
				CLANG_ENABLE_OBJC_ARC = YES;
				CLANG_ENABLE_OBJC_WEAK = YES;
				CLANG_WARN_BLOCK_CAPTURE_AUTORELEASING = YES;
				CLANG_WARN_BOOL_CONVERSION = YES;
				CLANG_WARN_COMMA = YES;
				CLANG_WARN_CONSTANT_CONVERSION = YES;
				CLANG_WARN_DEPRECATED_OBJC_IMPLEMENTATIONS = YES;
				CLANG_WARN_DIRECT_OBJC_ISA_USAGE = YES_ERROR;
				CLANG_WARN_DOCUMENTATION_COMMENTS = YES;
				CLANG_WARN_EMPTY_BODY = YES;
				CLANG_WARN_ENUM_CONVERSION = YES;
				CLANG_WARN_INFINITE_RECURSION = YES;
				CLANG_WARN_INT_CONVERSION = YES;
				CLANG_WARN_NON_LITERAL_NULL_CONVERSION = YES;
				CLANG_WARN_OBJC_IMPLICIT_RETAIN_SELF = YES;
				CLANG_WARN_OBJC_LITERAL_CONVERSION = YES;
				CLANG_WARN_OBJC_ROOT_CLASS = YES_ERROR;
				CLANG_WARN_QUOTED_INCLUDE_IN_FRAMEWORK_HEADER = YES;
				CLANG_WARN_RANGE_LOOP_ANALYSIS = YES;
				CLANG_WARN_STRICT_PROTOTYPES = YES;
				CLANG_WARN_SUSPICIOUS_MOVE = YES;
				CLANG_WARN_UNGUARDED_AVAILABILITY = YES_AGGRESSIVE;
				CLANG_WARN_UNREACHABLE_CODE = YES;
				CLANG_WARN__DUPLICATE_METHOD_MATCH = YES;
				COPY_PHASE_STRIP = NO;
				DEBUG_INFORMATION_FORMAT = "dwarf-with-dsym";
				ENABLE_NS_ASSERTIONS = NO;
				ENABLE_STRICT_OBJC_MSGSEND = YES;
				ENABLE_USER_SCRIPT_SANDBOXING = YES;
				GCC_C_LANGUAGE_STANDARD = gnu17;
				GCC_NO_COMMON_BLOCKS = YES;
				GCC_WARN_64_TO_32_BIT_CONVERSION = YES;
				GCC_WARN_ABOUT_RETURN_TYPE = YES_ERROR;
				GCC_WARN_UNDECLARED_SELECTOR = YES;
				GCC_WARN_UNINITIALIZED_AUTOS = YES_AGGRESSIVE;
				GCC_WARN_UNUSED_FUNCTION = YES;
				GCC_WARN_UNUSED_VARIABLE = YES;
				IPHONEOS_DEPLOYMENT_TARGET = 17.0;
				LOCALIZATION_PREFERS_STRING_CATALOGS = YES;
				MTL_ENABLE_DEBUG_INFO = NO;
				MTL_FAST_MATH = YES;
				SDKROOT = iphoneos;
				SWIFT_COMPILATION_MODE = wholemodule;
				VALIDATE_PRODUCT = YES;
			};
			name = Release;
		};
		A9DAFA5F2AB1F04C0064F748 /* Debug */ = {
			isa = XCBuildConfiguration;
			buildSettings = {
				ASSETCATALOG_COMPILER_APPICON_NAME = AppIcon;
				ASSETCATALOG_COMPILER_GLOBAL_ACCENT_COLOR_NAME = AccentColor;
				CODE_SIGN_STYLE = Automatic;
				CURRENT_PROJECT_VERSION = 1;
				DEVELOPMENT_ASSET_PATHS = "\"KuringApp/Preview Content\"";
				DEVELOPMENT_TEAM = 77CD4KLN3Y;
				ENABLE_PREVIEWS = YES;
				GENERATE_INFOPLIST_FILE = YES;
				INFOPLIST_FILE = KuringApp/Info.plist;
				INFOPLIST_KEY_CFBundleDisplayName = "쿠링";
				INFOPLIST_KEY_UIApplicationSceneManifest_Generation = YES;
				INFOPLIST_KEY_UIApplicationSupportsIndirectInputEvents = YES;
				INFOPLIST_KEY_UILaunchScreen_Generation = YES;
				INFOPLIST_KEY_UISupportedInterfaceOrientations = UIInterfaceOrientationPortrait;
				INFOPLIST_KEY_UISupportedInterfaceOrientations_iPad = "UIInterfaceOrientationLandscapeLeft UIInterfaceOrientationLandscapeRight UIInterfaceOrientationPortrait UIInterfaceOrientationPortraitUpsideDown";
				IPHONEOS_DEPLOYMENT_TARGET = 17.0;
				LD_RUNPATH_SEARCH_PATHS = (
					"$(inherited)",
					"@executable_path/Frameworks",
				);
				MARKETING_VERSION = 2.0.0;
				PRODUCT_BUNDLE_IDENTIFIER = com.kuring.service;
				PRODUCT_NAME = "$(TARGET_NAME)";
				SWIFT_EMIT_LOC_STRINGS = YES;
				SWIFT_VERSION = 5.0;
				TARGETED_DEVICE_FAMILY = "1,2";
			};
			name = Debug;
		};
		A9DAFA602AB1F04C0064F748 /* Release */ = {
			isa = XCBuildConfiguration;
			buildSettings = {
				ASSETCATALOG_COMPILER_APPICON_NAME = AppIcon;
				ASSETCATALOG_COMPILER_GLOBAL_ACCENT_COLOR_NAME = AccentColor;
				CODE_SIGN_STYLE = Automatic;
				CURRENT_PROJECT_VERSION = 1;
				DEVELOPMENT_ASSET_PATHS = "\"KuringApp/Preview Content\"";
				DEVELOPMENT_TEAM = 77CD4KLN3Y;
				ENABLE_PREVIEWS = YES;
				GENERATE_INFOPLIST_FILE = YES;
				INFOPLIST_FILE = KuringApp/Info.plist;
				INFOPLIST_KEY_CFBundleDisplayName = "쿠링";
				INFOPLIST_KEY_UIApplicationSceneManifest_Generation = YES;
				INFOPLIST_KEY_UIApplicationSupportsIndirectInputEvents = YES;
				INFOPLIST_KEY_UILaunchScreen_Generation = YES;
				INFOPLIST_KEY_UISupportedInterfaceOrientations = UIInterfaceOrientationPortrait;
				INFOPLIST_KEY_UISupportedInterfaceOrientations_iPad = "UIInterfaceOrientationLandscapeLeft UIInterfaceOrientationLandscapeRight UIInterfaceOrientationPortrait UIInterfaceOrientationPortraitUpsideDown";
				IPHONEOS_DEPLOYMENT_TARGET = 17.0;
				LD_RUNPATH_SEARCH_PATHS = (
					"$(inherited)",
					"@executable_path/Frameworks",
				);
				MARKETING_VERSION = 2.0.0;
				PRODUCT_BUNDLE_IDENTIFIER = com.kuring.service;
				PRODUCT_NAME = "$(TARGET_NAME)";
				SWIFT_EMIT_LOC_STRINGS = YES;
				SWIFT_VERSION = 5.0;
				TARGETED_DEVICE_FAMILY = "1,2";
			};
			name = Release;
		};
		CA52DF352AD58DF2009B9272 /* Debug */ = {
			isa = XCBuildConfiguration;
			buildSettings = {
				BUNDLE_LOADER = "$(TEST_HOST)";
				CODE_SIGN_STYLE = Automatic;
				CURRENT_PROJECT_VERSION = 1;
				DEVELOPMENT_TEAM = 77CD4KLN3Y;
				GENERATE_INFOPLIST_FILE = YES;
				IPHONEOS_DEPLOYMENT_TARGET = 17.0;
				MACOSX_DEPLOYMENT_TARGET = 14.0;
				MARKETING_VERSION = 1.0;
				PRODUCT_BUNDLE_IDENTIFIER = com.kuring.service.KuringAppTests;
				PRODUCT_NAME = "$(TARGET_NAME)";
				SDKROOT = auto;
				SUPPORTED_PLATFORMS = "iphoneos iphonesimulator macosx";
				SWIFT_EMIT_LOC_STRINGS = NO;
				SWIFT_VERSION = 5.0;
				TARGETED_DEVICE_FAMILY = "1,2";
				TEST_HOST = "$(BUILT_PRODUCTS_DIR)/KuringApp.app/$(BUNDLE_EXECUTABLE_FOLDER_PATH)/KuringApp";
			};
			name = Debug;
		};
		CA52DF362AD58DF2009B9272 /* Release */ = {
			isa = XCBuildConfiguration;
			buildSettings = {
				BUNDLE_LOADER = "$(TEST_HOST)";
				CODE_SIGN_STYLE = Automatic;
				CURRENT_PROJECT_VERSION = 1;
				DEVELOPMENT_TEAM = 77CD4KLN3Y;
				GENERATE_INFOPLIST_FILE = YES;
				IPHONEOS_DEPLOYMENT_TARGET = 17.0;
				MACOSX_DEPLOYMENT_TARGET = 14.0;
				MARKETING_VERSION = 1.0;
				PRODUCT_BUNDLE_IDENTIFIER = com.kuring.service.KuringAppTests;
				PRODUCT_NAME = "$(TARGET_NAME)";
				SDKROOT = auto;
				SUPPORTED_PLATFORMS = "iphoneos iphonesimulator macosx";
				SWIFT_EMIT_LOC_STRINGS = NO;
				SWIFT_VERSION = 5.0;
				TARGETED_DEVICE_FAMILY = "1,2";
				TEST_HOST = "$(BUILT_PRODUCTS_DIR)/KuringApp.app/$(BUNDLE_EXECUTABLE_FOLDER_PATH)/KuringApp";
			};
			name = Release;
		};
/* End XCBuildConfiguration section */

/* Begin XCConfigurationList section */
		A9DAFA4B2AB1F04B0064F748 /* Build configuration list for PBXProject "KuringApp" */ = {
			isa = XCConfigurationList;
			buildConfigurations = (
				A9DAFA5C2AB1F04C0064F748 /* Debug */,
				A9DAFA5D2AB1F04C0064F748 /* Release */,
			);
			defaultConfigurationIsVisible = 0;
			defaultConfigurationName = Release;
		};
		A9DAFA5E2AB1F04C0064F748 /* Build configuration list for PBXNativeTarget "KuringApp" */ = {
			isa = XCConfigurationList;
			buildConfigurations = (
				A9DAFA5F2AB1F04C0064F748 /* Debug */,
				A9DAFA602AB1F04C0064F748 /* Release */,
			);
			defaultConfigurationIsVisible = 0;
			defaultConfigurationName = Release;
		};
		CA52DF372AD58DF2009B9272 /* Build configuration list for PBXNativeTarget "KuringAppTests" */ = {
			isa = XCConfigurationList;
			buildConfigurations = (
				CA52DF352AD58DF2009B9272 /* Debug */,
				CA52DF362AD58DF2009B9272 /* Release */,
			);
			defaultConfigurationIsVisible = 0;
			defaultConfigurationName = Release;
		};
/* End XCConfigurationList section */

/* Begin XCLocalSwiftPackageReference section */
		CAE658642B3992A800CD8A63 /* XCLocalSwiftPackageReference "../KuringPackage" */ = {
			isa = XCLocalSwiftPackageReference;
			relativePath = ../KuringPackage;
		};
/* End XCLocalSwiftPackageReference section */

/* Begin XCSwiftPackageProductDependency section */
		CAE658652B3992A800CD8A63 /* App */ = {
			isa = XCSwiftPackageProductDependency;
			productName = App;
		};
/* End XCSwiftPackageProductDependency section */
	};
	rootObject = A9DAFA482AB1F04B0064F748 /* Project object */;
}
