// !$*UTF8*$!
{
	archiveVersion = 1;
	classes = {
	};
	objectVersion = 56;
	objects = {

/* Begin PBXBuildFile section */
		A947DCBE2AB47D3800A6D614 /* Notices in Frameworks */ = {isa = PBXBuildFile; productRef = A947DCBD2AB47D3800A6D614 /* Notices */; };
		A947DCC02AB47D3B00A6D614 /* Feedbacks in Frameworks */ = {isa = PBXBuildFile; productRef = A947DCBF2AB47D3B00A6D614 /* Feedbacks */; };
		A947DCC22AB47D3E00A6D614 /* Subscriptions in Frameworks */ = {isa = PBXBuildFile; productRef = A947DCC12AB47D3E00A6D614 /* Subscriptions */; };
		A9DAFA542AB1F04B0064F748 /* KuringApp.swift in Sources */ = {isa = PBXBuildFile; fileRef = A9DAFA532AB1F04B0064F748 /* KuringApp.swift */; };
		A9DAFA562AB1F04B0064F748 /* ContentView.swift in Sources */ = {isa = PBXBuildFile; fileRef = A9DAFA552AB1F04B0064F748 /* ContentView.swift */; };
		A9DAFA582AB1F04C0064F748 /* Assets.xcassets in Resources */ = {isa = PBXBuildFile; fileRef = A9DAFA572AB1F04C0064F748 /* Assets.xcassets */; };
		A9DAFA5B2AB1F04C0064F748 /* Preview Assets.xcassets in Resources */ = {isa = PBXBuildFile; fileRef = A9DAFA5A2AB1F04C0064F748 /* Preview Assets.xcassets */; };
		DF062D502AC8801000FC48C0 /* kuring_app_classic.png in Resources */ = {isa = PBXBuildFile; fileRef = DF062D4C2AC8801000FC48C0 /* kuring_app_classic.png */; };
		DF062D512AC8801000FC48C0 /* kuring_app_blueprint.png in Resources */ = {isa = PBXBuildFile; fileRef = DF062D4D2AC8801000FC48C0 /* kuring_app_blueprint.png */; };
		DF062D522AC8801000FC48C0 /* kuring_app.png in Resources */ = {isa = PBXBuildFile; fileRef = DF062D4E2AC8801000FC48C0 /* kuring_app.png */; };
		DF062D532AC8801000FC48C0 /* kuring_app_sketch.png in Resources */ = {isa = PBXBuildFile; fileRef = DF062D4F2AC8801000FC48C0 /* kuring_app_sketch.png */; };
		DFE7AB152AC332DB00230934 /* SettingView.swift in Sources */ = {isa = PBXBuildFile; fileRef = DFE7AB142AC332DB00230934 /* SettingView.swift */; };
		DFE7AB172AC33D6700230934 /* AppIconSelectView.swift in Sources */ = {isa = PBXBuildFile; fileRef = DFE7AB162AC33D6700230934 /* AppIconSelectView.swift */; };
/* End PBXBuildFile section */

/* Begin PBXFileReference section */
		A9DAFA502AB1F04B0064F748 /* KuringApp.app */ = {isa = PBXFileReference; explicitFileType = wrapper.application; includeInIndex = 0; path = KuringApp.app; sourceTree = BUILT_PRODUCTS_DIR; };
		A9DAFA532AB1F04B0064F748 /* KuringApp.swift */ = {isa = PBXFileReference; lastKnownFileType = sourcecode.swift; path = KuringApp.swift; sourceTree = "<group>"; };
		A9DAFA552AB1F04B0064F748 /* ContentView.swift */ = {isa = PBXFileReference; lastKnownFileType = sourcecode.swift; path = ContentView.swift; sourceTree = "<group>"; };
		A9DAFA572AB1F04C0064F748 /* Assets.xcassets */ = {isa = PBXFileReference; lastKnownFileType = folder.assetcatalog; path = Assets.xcassets; sourceTree = "<group>"; };
		A9DAFA5A2AB1F04C0064F748 /* Preview Assets.xcassets */ = {isa = PBXFileReference; lastKnownFileType = folder.assetcatalog; path = "Preview Assets.xcassets"; sourceTree = "<group>"; };
		A9DAFA662AB1F09B0064F748 /* KuringModulePackage */ = {isa = PBXFileReference; lastKnownFileType = wrapper; name = KuringModulePackage; path = ../KuringModulePackage; sourceTree = "<group>"; };
		DF062D4A2AC87B6D00FC48C0 /* Info.plist */ = {isa = PBXFileReference; lastKnownFileType = text.plist; path = Info.plist; sourceTree = "<group>"; };
		DF062D4C2AC8801000FC48C0 /* kuring_app_classic.png */ = {isa = PBXFileReference; lastKnownFileType = image.png; name = kuring_app_classic.png; path = "../../../../../../../Downloads/쿠링앱아이콘/kuring_app_classic.png"; sourceTree = "<group>"; };
		DF062D4D2AC8801000FC48C0 /* kuring_app_blueprint.png */ = {isa = PBXFileReference; lastKnownFileType = image.png; name = kuring_app_blueprint.png; path = "../../../../../../../Downloads/쿠링앱아이콘/kuring_app_blueprint.png"; sourceTree = "<group>"; };
		DF062D4E2AC8801000FC48C0 /* kuring_app.png */ = {isa = PBXFileReference; lastKnownFileType = image.png; name = kuring_app.png; path = "../../../../../../../Downloads/쿠링앱아이콘/kuring_app.png"; sourceTree = "<group>"; };
		DF062D4F2AC8801000FC48C0 /* kuring_app_sketch.png */ = {isa = PBXFileReference; lastKnownFileType = image.png; name = kuring_app_sketch.png; path = "../../../../../../../Downloads/쿠링앱아이콘/kuring_app_sketch.png"; sourceTree = "<group>"; };
		DFE7AB142AC332DB00230934 /* SettingView.swift */ = {isa = PBXFileReference; lastKnownFileType = sourcecode.swift; path = SettingView.swift; sourceTree = "<group>"; };
		DFE7AB162AC33D6700230934 /* AppIconSelectView.swift */ = {isa = PBXFileReference; lastKnownFileType = sourcecode.swift; path = AppIconSelectView.swift; sourceTree = "<group>"; };
/* End PBXFileReference section */

/* Begin PBXFrameworksBuildPhase section */
		A9DAFA4D2AB1F04B0064F748 /* Frameworks */ = {
			isa = PBXFrameworksBuildPhase;
			buildActionMask = 2147483647;
			files = (
				A947DCBE2AB47D3800A6D614 /* Notices in Frameworks */,
				A947DCC02AB47D3B00A6D614 /* Feedbacks in Frameworks */,
				A947DCC22AB47D3E00A6D614 /* Subscriptions in Frameworks */,
			);
			runOnlyForDeploymentPostprocessing = 0;
		};
/* End PBXFrameworksBuildPhase section */

/* Begin PBXGroup section */
		A947DCBA2AB47BA300A6D614 /* Frameworks */ = {
			isa = PBXGroup;
			children = (
			);
			name = Frameworks;
			sourceTree = "<group>";
		};
		A9DAFA472AB1F04B0064F748 = {
			isa = PBXGroup;
			children = (
				A9DAFA662AB1F09B0064F748 /* KuringModulePackage */,
				A9DAFA522AB1F04B0064F748 /* KuringApp */,
				A9DAFA512AB1F04B0064F748 /* Products */,
				A947DCBA2AB47BA300A6D614 /* Frameworks */,
			);
			sourceTree = "<group>";
		};
		A9DAFA512AB1F04B0064F748 /* Products */ = {
			isa = PBXGroup;
			children = (
				A9DAFA502AB1F04B0064F748 /* KuringApp.app */,
			);
			name = Products;
			sourceTree = "<group>";
		};
		A9DAFA522AB1F04B0064F748 /* KuringApp */ = {
			isa = PBXGroup;
			children = (
				DF062D4A2AC87B6D00FC48C0 /* Info.plist */,
				DFE7AB132AC332D200230934 /* Setting */,
				A9DAFA532AB1F04B0064F748 /* KuringApp.swift */,
				A9DAFA552AB1F04B0064F748 /* ContentView.swift */,
				A9DAFA572AB1F04C0064F748 /* Assets.xcassets */,
				A9DAFA592AB1F04C0064F748 /* Preview Content */,
			);
			path = KuringApp;
			sourceTree = "<group>";
		};
		A9DAFA592AB1F04C0064F748 /* Preview Content */ = {
			isa = PBXGroup;
			children = (
				A9DAFA5A2AB1F04C0064F748 /* Preview Assets.xcassets */,
			);
			path = "Preview Content";
			sourceTree = "<group>";
		};
		DF062D4B2AC8800000FC48C0 /* AppLogos */ = {
			isa = PBXGroup;
			children = (
				DF062D4D2AC8801000FC48C0 /* kuring_app_blueprint.png */,
				DF062D4C2AC8801000FC48C0 /* kuring_app_classic.png */,
				DF062D4E2AC8801000FC48C0 /* kuring_app.png */,
				DF062D4F2AC8801000FC48C0 /* kuring_app_sketch.png */,
			);
			path = AppLogos;
			sourceTree = "<group>";
		};
		DFE7AB132AC332D200230934 /* Setting */ = {
			isa = PBXGroup;
			children = (
				DF062D4B2AC8800000FC48C0 /* AppLogos */,
				DFE7AB142AC332DB00230934 /* SettingView.swift */,
				DFE7AB162AC33D6700230934 /* AppIconSelectView.swift */,
			);
			path = Setting;
			sourceTree = "<group>";
		};
/* End PBXGroup section */

/* Begin PBXNativeTarget section */
		A9DAFA4F2AB1F04B0064F748 /* KuringApp */ = {
			isa = PBXNativeTarget;
			buildConfigurationList = A9DAFA5E2AB1F04C0064F748 /* Build configuration list for PBXNativeTarget "KuringApp" */;
			buildPhases = (
				A9DAFA4C2AB1F04B0064F748 /* Sources */,
				A9DAFA4D2AB1F04B0064F748 /* Frameworks */,
				A9DAFA4E2AB1F04B0064F748 /* Resources */,
			);
			buildRules = (
			);
			dependencies = (
			);
			name = KuringApp;
			packageProductDependencies = (
				A947DCBD2AB47D3800A6D614 /* Notices */,
				A947DCBF2AB47D3B00A6D614 /* Feedbacks */,
				A947DCC12AB47D3E00A6D614 /* Subscriptions */,
			);
			productName = KuringApp;
			productReference = A9DAFA502AB1F04B0064F748 /* KuringApp.app */;
			productType = "com.apple.product-type.application";
		};
/* End PBXNativeTarget section */

/* Begin PBXProject section */
		A9DAFA482AB1F04B0064F748 /* Project object */ = {
			isa = PBXProject;
			attributes = {
				BuildIndependentTargetsInParallel = 1;
				LastSwiftUpdateCheck = 1500;
				LastUpgradeCheck = 1500;
				TargetAttributes = {
					A9DAFA4F2AB1F04B0064F748 = {
						CreatedOnToolsVersion = 15.0;
					};
				};
			};
			buildConfigurationList = A9DAFA4B2AB1F04B0064F748 /* Build configuration list for PBXProject "KuringApp" */;
			compatibilityVersion = "Xcode 14.0";
			developmentRegion = en;
			hasScannedForEncodings = 0;
			knownRegions = (
				en,
				Base,
			);
			mainGroup = A9DAFA472AB1F04B0064F748;
			packageReferences = (
			);
			productRefGroup = A9DAFA512AB1F04B0064F748 /* Products */;
			projectDirPath = "";
			projectRoot = "";
			targets = (
				A9DAFA4F2AB1F04B0064F748 /* KuringApp */,
			);
		};
/* End PBXProject section */

/* Begin PBXResourcesBuildPhase section */
		A9DAFA4E2AB1F04B0064F748 /* Resources */ = {
			isa = PBXResourcesBuildPhase;
			buildActionMask = 2147483647;
			files = (
				A9DAFA5B2AB1F04C0064F748 /* Preview Assets.xcassets in Resources */,
				DF062D532AC8801000FC48C0 /* kuring_app_sketch.png in Resources */,
				DF062D512AC8801000FC48C0 /* kuring_app_blueprint.png in Resources */,
				DF062D502AC8801000FC48C0 /* kuring_app_classic.png in Resources */,
				A9DAFA582AB1F04C0064F748 /* Assets.xcassets in Resources */,
				DF062D522AC8801000FC48C0 /* kuring_app.png in Resources */,
			);
			runOnlyForDeploymentPostprocessing = 0;
		};
/* End PBXResourcesBuildPhase section */

/* Begin PBXSourcesBuildPhase section */
		A9DAFA4C2AB1F04B0064F748 /* Sources */ = {
			isa = PBXSourcesBuildPhase;
			buildActionMask = 2147483647;
			files = (
				DFE7AB152AC332DB00230934 /* SettingView.swift in Sources */,
				A9DAFA562AB1F04B0064F748 /* ContentView.swift in Sources */,
				A9DAFA542AB1F04B0064F748 /* KuringApp.swift in Sources */,
				DFE7AB172AC33D6700230934 /* AppIconSelectView.swift in Sources */,
			);
			runOnlyForDeploymentPostprocessing = 0;
		};
/* End PBXSourcesBuildPhase section */

/* Begin XCBuildConfiguration section */
		A9DAFA5C2AB1F04C0064F748 /* Debug */ = {
			isa = XCBuildConfiguration;
			buildSettings = {
				ALWAYS_SEARCH_USER_PATHS = NO;
				ASSETCATALOG_COMPILER_GENERATE_SWIFT_ASSET_SYMBOL_EXTENSIONS = YES;
				CLANG_ANALYZER_NONNULL = YES;
				CLANG_ANALYZER_NUMBER_OBJECT_CONVERSION = YES_AGGRESSIVE;
				CLANG_CXX_LANGUAGE_STANDARD = "gnu++20";
				CLANG_ENABLE_MODULES = YES;
				CLANG_ENABLE_OBJC_ARC = YES;
				CLANG_ENABLE_OBJC_WEAK = YES;
				CLANG_WARN_BLOCK_CAPTURE_AUTORELEASING = YES;
				CLANG_WARN_BOOL_CONVERSION = YES;
				CLANG_WARN_COMMA = YES;
				CLANG_WARN_CONSTANT_CONVERSION = YES;
				CLANG_WARN_DEPRECATED_OBJC_IMPLEMENTATIONS = YES;
				CLANG_WARN_DIRECT_OBJC_ISA_USAGE = YES_ERROR;
				CLANG_WARN_DOCUMENTATION_COMMENTS = YES;
				CLANG_WARN_EMPTY_BODY = YES;
				CLANG_WARN_ENUM_CONVERSION = YES;
				CLANG_WARN_INFINITE_RECURSION = YES;
				CLANG_WARN_INT_CONVERSION = YES;
				CLANG_WARN_NON_LITERAL_NULL_CONVERSION = YES;
				CLANG_WARN_OBJC_IMPLICIT_RETAIN_SELF = YES;
				CLANG_WARN_OBJC_LITERAL_CONVERSION = YES;
				CLANG_WARN_OBJC_ROOT_CLASS = YES_ERROR;
				CLANG_WARN_QUOTED_INCLUDE_IN_FRAMEWORK_HEADER = YES;
				CLANG_WARN_RANGE_LOOP_ANALYSIS = YES;
				CLANG_WARN_STRICT_PROTOTYPES = YES;
				CLANG_WARN_SUSPICIOUS_MOVE = YES;
				CLANG_WARN_UNGUARDED_AVAILABILITY = YES_AGGRESSIVE;
				CLANG_WARN_UNREACHABLE_CODE = YES;
				CLANG_WARN__DUPLICATE_METHOD_MATCH = YES;
				COPY_PHASE_STRIP = NO;
				DEBUG_INFORMATION_FORMAT = dwarf;
				ENABLE_STRICT_OBJC_MSGSEND = YES;
				ENABLE_TESTABILITY = YES;
				ENABLE_USER_SCRIPT_SANDBOXING = YES;
				GCC_C_LANGUAGE_STANDARD = gnu17;
				GCC_DYNAMIC_NO_PIC = NO;
				GCC_NO_COMMON_BLOCKS = YES;
				GCC_OPTIMIZATION_LEVEL = 0;
				GCC_PREPROCESSOR_DEFINITIONS = (
					"DEBUG=1",
					"$(inherited)",
				);
				GCC_WARN_64_TO_32_BIT_CONVERSION = YES;
				GCC_WARN_ABOUT_RETURN_TYPE = YES_ERROR;
				GCC_WARN_UNDECLARED_SELECTOR = YES;
				GCC_WARN_UNINITIALIZED_AUTOS = YES_AGGRESSIVE;
				GCC_WARN_UNUSED_FUNCTION = YES;
				GCC_WARN_UNUSED_VARIABLE = YES;
				IPHONEOS_DEPLOYMENT_TARGET = 17.0;
				LOCALIZATION_PREFERS_STRING_CATALOGS = YES;
				MTL_ENABLE_DEBUG_INFO = INCLUDE_SOURCE;
				MTL_FAST_MATH = YES;
				ONLY_ACTIVE_ARCH = YES;
				SDKROOT = iphoneos;
				SWIFT_ACTIVE_COMPILATION_CONDITIONS = "DEBUG $(inherited)";
				SWIFT_OPTIMIZATION_LEVEL = "-Onone";
			};
			name = Debug;
		};
		A9DAFA5D2AB1F04C0064F748 /* Release */ = {
			isa = XCBuildConfiguration;
			buildSettings = {
				ALWAYS_SEARCH_USER_PATHS = NO;
				ASSETCATALOG_COMPILER_GENERATE_SWIFT_ASSET_SYMBOL_EXTENSIONS = YES;
				CLANG_ANALYZER_NONNULL = YES;
				CLANG_ANALYZER_NUMBER_OBJECT_CONVERSION = YES_AGGRESSIVE;
				CLANG_CXX_LANGUAGE_STANDARD = "gnu++20";
				CLANG_ENABLE_MODULES = YES;
				CLANG_ENABLE_OBJC_ARC = YES;
				CLANG_ENABLE_OBJC_WEAK = YES;
				CLANG_WARN_BLOCK_CAPTURE_AUTORELEASING = YES;
				CLANG_WARN_BOOL_CONVERSION = YES;
				CLANG_WARN_COMMA = YES;
				CLANG_WARN_CONSTANT_CONVERSION = YES;
				CLANG_WARN_DEPRECATED_OBJC_IMPLEMENTATIONS = YES;
				CLANG_WARN_DIRECT_OBJC_ISA_USAGE = YES_ERROR;
				CLANG_WARN_DOCUMENTATION_COMMENTS = YES;
				CLANG_WARN_EMPTY_BODY = YES;
				CLANG_WARN_ENUM_CONVERSION = YES;
				CLANG_WARN_INFINITE_RECURSION = YES;
				CLANG_WARN_INT_CONVERSION = YES;
				CLANG_WARN_NON_LITERAL_NULL_CONVERSION = YES;
				CLANG_WARN_OBJC_IMPLICIT_RETAIN_SELF = YES;
				CLANG_WARN_OBJC_LITERAL_CONVERSION = YES;
				CLANG_WARN_OBJC_ROOT_CLASS = YES_ERROR;
				CLANG_WARN_QUOTED_INCLUDE_IN_FRAMEWORK_HEADER = YES;
				CLANG_WARN_RANGE_LOOP_ANALYSIS = YES;
				CLANG_WARN_STRICT_PROTOTYPES = YES;
				CLANG_WARN_SUSPICIOUS_MOVE = YES;
				CLANG_WARN_UNGUARDED_AVAILABILITY = YES_AGGRESSIVE;
				CLANG_WARN_UNREACHABLE_CODE = YES;
				CLANG_WARN__DUPLICATE_METHOD_MATCH = YES;
				COPY_PHASE_STRIP = NO;
				DEBUG_INFORMATION_FORMAT = "dwarf-with-dsym";
				ENABLE_NS_ASSERTIONS = NO;
				ENABLE_STRICT_OBJC_MSGSEND = YES;
				ENABLE_USER_SCRIPT_SANDBOXING = YES;
				GCC_C_LANGUAGE_STANDARD = gnu17;
				GCC_NO_COMMON_BLOCKS = YES;
				GCC_WARN_64_TO_32_BIT_CONVERSION = YES;
				GCC_WARN_ABOUT_RETURN_TYPE = YES_ERROR;
				GCC_WARN_UNDECLARED_SELECTOR = YES;
				GCC_WARN_UNINITIALIZED_AUTOS = YES_AGGRESSIVE;
				GCC_WARN_UNUSED_FUNCTION = YES;
				GCC_WARN_UNUSED_VARIABLE = YES;
				IPHONEOS_DEPLOYMENT_TARGET = 17.0;
				LOCALIZATION_PREFERS_STRING_CATALOGS = YES;
				MTL_ENABLE_DEBUG_INFO = NO;
				MTL_FAST_MATH = YES;
				SDKROOT = iphoneos;
				SWIFT_COMPILATION_MODE = wholemodule;
				VALIDATE_PRODUCT = YES;
			};
			name = Release;
		};
		A9DAFA5F2AB1F04C0064F748 /* Debug */ = {
			isa = XCBuildConfiguration;
			buildSettings = {
				ASSETCATALOG_COMPILER_APPICON_NAME = AppIcon;
				ASSETCATALOG_COMPILER_GLOBAL_ACCENT_COLOR_NAME = AccentColor;
				CODE_SIGN_STYLE = Automatic;
				CURRENT_PROJECT_VERSION = 1;
				DEVELOPMENT_ASSET_PATHS = "\"KuringApp/Preview Content\"";
				DEVELOPMENT_TEAM = 77CD4KLN3Y;
				ENABLE_PREVIEWS = YES;
				GENERATE_INFOPLIST_FILE = YES;
				INFOPLIST_FILE = KuringApp/Info.plist;
				INFOPLIST_KEY_UIApplicationSceneManifest_Generation = YES;
				INFOPLIST_KEY_UIApplicationSupportsIndirectInputEvents = YES;
				INFOPLIST_KEY_UILaunchScreen_Generation = YES;
				INFOPLIST_KEY_UISupportedInterfaceOrientations_iPad = "UIInterfaceOrientationPortrait UIInterfaceOrientationPortraitUpsideDown UIInterfaceOrientationLandscapeLeft UIInterfaceOrientationLandscapeRight";
				INFOPLIST_KEY_UISupportedInterfaceOrientations_iPhone = "UIInterfaceOrientationPortrait UIInterfaceOrientationLandscapeLeft UIInterfaceOrientationLandscapeRight";
				LD_RUNPATH_SEARCH_PATHS = (
					"$(inherited)",
					"@executable_path/Frameworks",
				);
				MARKETING_VERSION = 1.0;
				PRODUCT_BUNDLE_IDENTIFIER = com.jsung.KuringApp;
				PRODUCT_NAME = "$(TARGET_NAME)";
				SWIFT_EMIT_LOC_STRINGS = YES;
				SWIFT_VERSION = 5.0;
				TARGETED_DEVICE_FAMILY = "1,2";
			};
			name = Debug;
		};
		A9DAFA602AB1F04C0064F748 /* Release */ = {
			isa = XCBuildConfiguration;
			buildSettings = {
				ASSETCATALOG_COMPILER_APPICON_NAME = AppIcon;
				ASSETCATALOG_COMPILER_GLOBAL_ACCENT_COLOR_NAME = AccentColor;
				CODE_SIGN_STYLE = Automatic;
				CURRENT_PROJECT_VERSION = 1;
				DEVELOPMENT_ASSET_PATHS = "\"KuringApp/Preview Content\"";
				DEVELOPMENT_TEAM = 77CD4KLN3Y;
				ENABLE_PREVIEWS = YES;
				GENERATE_INFOPLIST_FILE = YES;
				INFOPLIST_FILE = KuringApp/Info.plist;
				INFOPLIST_KEY_UIApplicationSceneManifest_Generation = YES;
				INFOPLIST_KEY_UIApplicationSupportsIndirectInputEvents = YES;
				INFOPLIST_KEY_UILaunchScreen_Generation = YES;
				INFOPLIST_KEY_UISupportedInterfaceOrientations_iPad = "UIInterfaceOrientationPortrait UIInterfaceOrientationPortraitUpsideDown UIInterfaceOrientationLandscapeLeft UIInterfaceOrientationLandscapeRight";
				INFOPLIST_KEY_UISupportedInterfaceOrientations_iPhone = "UIInterfaceOrientationPortrait UIInterfaceOrientationLandscapeLeft UIInterfaceOrientationLandscapeRight";
				LD_RUNPATH_SEARCH_PATHS = (
					"$(inherited)",
					"@executable_path/Frameworks",
				);
				MARKETING_VERSION = 1.0;
				PRODUCT_BUNDLE_IDENTIFIER = com.jsung.KuringApp;
				PRODUCT_NAME = "$(TARGET_NAME)";
				SWIFT_EMIT_LOC_STRINGS = YES;
				SWIFT_VERSION = 5.0;
				TARGETED_DEVICE_FAMILY = "1,2";
			};
			name = Release;
		};
/* End XCBuildConfiguration section */

/* Begin XCConfigurationList section */
		A9DAFA4B2AB1F04B0064F748 /* Build configuration list for PBXProject "KuringApp" */ = {
			isa = XCConfigurationList;
			buildConfigurations = (
				A9DAFA5C2AB1F04C0064F748 /* Debug */,
				A9DAFA5D2AB1F04C0064F748 /* Release */,
			);
			defaultConfigurationIsVisible = 0;
			defaultConfigurationName = Release;
		};
		A9DAFA5E2AB1F04C0064F748 /* Build configuration list for PBXNativeTarget "KuringApp" */ = {
			isa = XCConfigurationList;
			buildConfigurations = (
				A9DAFA5F2AB1F04C0064F748 /* Debug */,
				A9DAFA602AB1F04C0064F748 /* Release */,
			);
			defaultConfigurationIsVisible = 0;
			defaultConfigurationName = Release;
		};
/* End XCConfigurationList section */

/* Begin XCSwiftPackageProductDependency section */
		A947DCBD2AB47D3800A6D614 /* Notices */ = {
			isa = XCSwiftPackageProductDependency;
			productName = Notices;
		};
		A947DCBF2AB47D3B00A6D614 /* Feedbacks */ = {
			isa = XCSwiftPackageProductDependency;
			productName = Feedbacks;
		};
		A947DCC12AB47D3E00A6D614 /* Subscriptions */ = {
			isa = XCSwiftPackageProductDependency;
			productName = Subscriptions;
		};
/* End XCSwiftPackageProductDependency section */
	};
	rootObject = A9DAFA482AB1F04B0064F748 /* Project object */;
}
