// !$*UTF8*$!
{
	archiveVersion = 1;
	classes = {
	};
	objectVersion = 56;
	objects = {

/* Begin PBXBuildFile section */
		A995E9B32AA6179D00CF469B /* KuringApp.swift in Sources */ = {isa = PBXBuildFile; fileRef = A995E9B22AA6179D00CF469B /* KuringApp.swift */; };
		A995E9B52AA6179D00CF469B /* ContentView.swift in Sources */ = {isa = PBXBuildFile; fileRef = A995E9B42AA6179D00CF469B /* ContentView.swift */; };
		A995E9B72AA6179E00CF469B /* Assets.xcassets in Resources */ = {isa = PBXBuildFile; fileRef = A995E9B62AA6179E00CF469B /* Assets.xcassets */; };
		A995E9BA2AA6179E00CF469B /* Preview Assets.xcassets in Resources */ = {isa = PBXBuildFile; fileRef = A995E9B92AA6179E00CF469B /* Preview Assets.xcassets */; };
		A995E9C62AA6179E00CF469B /* KuringAppTests.swift in Sources */ = {isa = PBXBuildFile; fileRef = A995E9C52AA6179E00CF469B /* KuringAppTests.swift */; };
		A995E9D02AA6179E00CF469B /* KuringAppUITests.swift in Sources */ = {isa = PBXBuildFile; fileRef = A995E9CF2AA6179E00CF469B /* KuringAppUITests.swift */; };
		A995E9D22AA6179E00CF469B /* KuringAppUITestsLaunchTests.swift in Sources */ = {isa = PBXBuildFile; fileRef = A995E9D12AA6179E00CF469B /* KuringAppUITestsLaunchTests.swift */; };
		A995E9E02AA617D400CF469B /* ComposableArchitecture in Frameworks */ = {isa = PBXBuildFile; productRef = A995E9DF2AA617D400CF469B /* ComposableArchitecture */; };
		A995E9E22AA617DF00CF469B /* NoticeList.swift in Sources */ = {isa = PBXBuildFile; fileRef = A995E9E12AA617DF00CF469B /* NoticeList.swift */; };
		A995E9E42AA6191A00CF469B /* Notice.swift in Sources */ = {isa = PBXBuildFile; fileRef = A995E9E32AA6191A00CF469B /* Notice.swift */; };
		A995E9E62AA61F2500CF469B /* DepartmentEditor.swift in Sources */ = {isa = PBXBuildFile; fileRef = A995E9E52AA61F2500CF469B /* DepartmentEditor.swift */; };
		A995E9EB2AA6233A00CF469B /* Department.swift in Sources */ = {isa = PBXBuildFile; fileRef = A995E9EA2AA6233A00CF469B /* Department.swift */; };
/* End PBXBuildFile section */

/* Begin PBXContainerItemProxy section */
		A995E9C22AA6179E00CF469B /* PBXContainerItemProxy */ = {
			isa = PBXContainerItemProxy;
			containerPortal = A995E9A72AA6179D00CF469B /* Project object */;
			proxyType = 1;
			remoteGlobalIDString = A995E9AE2AA6179D00CF469B;
			remoteInfo = KuringApp;
		};
		A995E9CC2AA6179E00CF469B /* PBXContainerItemProxy */ = {
			isa = PBXContainerItemProxy;
			containerPortal = A995E9A72AA6179D00CF469B /* Project object */;
			proxyType = 1;
			remoteGlobalIDString = A995E9AE2AA6179D00CF469B;
			remoteInfo = KuringApp;
		};
/* End PBXContainerItemProxy section */

/* Begin PBXFileReference section */
		A995E9AF2AA6179D00CF469B /* KuringApp.app */ = {isa = PBXFileReference; explicitFileType = wrapper.application; includeInIndex = 0; path = KuringApp.app; sourceTree = BUILT_PRODUCTS_DIR; };
		A995E9B22AA6179D00CF469B /* KuringApp.swift */ = {isa = PBXFileReference; lastKnownFileType = sourcecode.swift; path = KuringApp.swift; sourceTree = "<group>"; };
		A995E9B42AA6179D00CF469B /* ContentView.swift */ = {isa = PBXFileReference; lastKnownFileType = sourcecode.swift; path = ContentView.swift; sourceTree = "<group>"; };
		A995E9B62AA6179E00CF469B /* Assets.xcassets */ = {isa = PBXFileReference; lastKnownFileType = folder.assetcatalog; path = Assets.xcassets; sourceTree = "<group>"; };
		A995E9B92AA6179E00CF469B /* Preview Assets.xcassets */ = {isa = PBXFileReference; lastKnownFileType = folder.assetcatalog; path = "Preview Assets.xcassets"; sourceTree = "<group>"; };
		A995E9C12AA6179E00CF469B /* KuringAppTests.xctest */ = {isa = PBXFileReference; explicitFileType = wrapper.cfbundle; includeInIndex = 0; path = KuringAppTests.xctest; sourceTree = BUILT_PRODUCTS_DIR; };
		A995E9C52AA6179E00CF469B /* KuringAppTests.swift */ = {isa = PBXFileReference; lastKnownFileType = sourcecode.swift; path = KuringAppTests.swift; sourceTree = "<group>"; };
		A995E9CB2AA6179E00CF469B /* KuringAppUITests.xctest */ = {isa = PBXFileReference; explicitFileType = wrapper.cfbundle; includeInIndex = 0; path = KuringAppUITests.xctest; sourceTree = BUILT_PRODUCTS_DIR; };
		A995E9CF2AA6179E00CF469B /* KuringAppUITests.swift */ = {isa = PBXFileReference; lastKnownFileType = sourcecode.swift; path = KuringAppUITests.swift; sourceTree = "<group>"; };
		A995E9D12AA6179E00CF469B /* KuringAppUITestsLaunchTests.swift */ = {isa = PBXFileReference; lastKnownFileType = sourcecode.swift; path = KuringAppUITestsLaunchTests.swift; sourceTree = "<group>"; };
		A995E9E12AA617DF00CF469B /* NoticeList.swift */ = {isa = PBXFileReference; lastKnownFileType = sourcecode.swift; path = NoticeList.swift; sourceTree = "<group>"; };
		A995E9E32AA6191A00CF469B /* Notice.swift */ = {isa = PBXFileReference; lastKnownFileType = sourcecode.swift; path = Notice.swift; sourceTree = "<group>"; };
		A995E9E52AA61F2500CF469B /* DepartmentEditor.swift */ = {isa = PBXFileReference; lastKnownFileType = sourcecode.swift; path = DepartmentEditor.swift; sourceTree = "<group>"; };
		A995E9EA2AA6233A00CF469B /* Department.swift */ = {isa = PBXFileReference; lastKnownFileType = sourcecode.swift; path = Department.swift; sourceTree = "<group>"; };
/* End PBXFileReference section */

/* Begin PBXFrameworksBuildPhase section */
		A995E9AC2AA6179D00CF469B /* Frameworks */ = {
			isa = PBXFrameworksBuildPhase;
			buildActionMask = 2147483647;
			files = (
				A995E9E02AA617D400CF469B /* ComposableArchitecture in Frameworks */,
			);
			runOnlyForDeploymentPostprocessing = 0;
		};
		A995E9BE2AA6179E00CF469B /* Frameworks */ = {
			isa = PBXFrameworksBuildPhase;
			buildActionMask = 2147483647;
			files = (
			);
			runOnlyForDeploymentPostprocessing = 0;
		};
		A995E9C82AA6179E00CF469B /* Frameworks */ = {
			isa = PBXFrameworksBuildPhase;
			buildActionMask = 2147483647;
			files = (
			);
			runOnlyForDeploymentPostprocessing = 0;
		};
/* End PBXFrameworksBuildPhase section */

/* Begin PBXGroup section */
		A995E9A62AA6179D00CF469B = {
			isa = PBXGroup;
			children = (
				A995E9B12AA6179D00CF469B /* KuringApp */,
				A995E9C42AA6179E00CF469B /* KuringAppTests */,
				A995E9CE2AA6179E00CF469B /* KuringAppUITests */,
				A995E9B02AA6179D00CF469B /* Products */,
			);
			sourceTree = "<group>";
		};
		A995E9B02AA6179D00CF469B /* Products */ = {
			isa = PBXGroup;
			children = (
				A995E9AF2AA6179D00CF469B /* KuringApp.app */,
				A995E9C12AA6179E00CF469B /* KuringAppTests.xctest */,
				A995E9CB2AA6179E00CF469B /* KuringAppUITests.xctest */,
			);
			name = Products;
			sourceTree = "<group>";
		};
		A995E9B12AA6179D00CF469B /* KuringApp */ = {
			isa = PBXGroup;
			children = (
				A995E9B22AA6179D00CF469B /* KuringApp.swift */,
				A995E9B42AA6179D00CF469B /* ContentView.swift */,
				A995E9E82AA61F3600CF469B /* NoticeList */,
				A995E9E72AA61F2B00CF469B /* Department */,
				A995E9E92AA61F3D00CF469B /* Model */,
				A995E9B62AA6179E00CF469B /* Assets.xcassets */,
				A995E9B82AA6179E00CF469B /* Preview Content */,
			);
			path = KuringApp;
			sourceTree = "<group>";
		};
		A995E9B82AA6179E00CF469B /* Preview Content */ = {
			isa = PBXGroup;
			children = (
				A995E9B92AA6179E00CF469B /* Preview Assets.xcassets */,
			);
			path = "Preview Content";
			sourceTree = "<group>";
		};
		A995E9C42AA6179E00CF469B /* KuringAppTests */ = {
			isa = PBXGroup;
			children = (
				A995E9C52AA6179E00CF469B /* KuringAppTests.swift */,
			);
			path = KuringAppTests;
			sourceTree = "<group>";
		};
		A995E9CE2AA6179E00CF469B /* KuringAppUITests */ = {
			isa = PBXGroup;
			children = (
				A995E9CF2AA6179E00CF469B /* KuringAppUITests.swift */,
				A995E9D12AA6179E00CF469B /* KuringAppUITestsLaunchTests.swift */,
			);
			path = KuringAppUITests;
			sourceTree = "<group>";
		};
		A995E9E72AA61F2B00CF469B /* Department */ = {
			isa = PBXGroup;
			children = (
				A995E9E52AA61F2500CF469B /* DepartmentEditor.swift */,
			);
			path = Department;
			sourceTree = "<group>";
		};
		A995E9E82AA61F3600CF469B /* NoticeList */ = {
			isa = PBXGroup;
			children = (
				A995E9E12AA617DF00CF469B /* NoticeList.swift */,
			);
			path = NoticeList;
			sourceTree = "<group>";
		};
		A995E9E92AA61F3D00CF469B /* Model */ = {
			isa = PBXGroup;
			children = (
				A995E9E32AA6191A00CF469B /* Notice.swift */,
				A995E9EA2AA6233A00CF469B /* Department.swift */,
			);
			path = Model;
			sourceTree = "<group>";
		};
/* End PBXGroup section */

/* Begin PBXNativeTarget section */
		A995E9AE2AA6179D00CF469B /* KuringApp */ = {
			isa = PBXNativeTarget;
			buildConfigurationList = A995E9D52AA6179E00CF469B /* Build configuration list for PBXNativeTarget "KuringApp" */;
			buildPhases = (
				A995E9AB2AA6179D00CF469B /* Sources */,
				A995E9AC2AA6179D00CF469B /* Frameworks */,
				A995E9AD2AA6179D00CF469B /* Resources */,
			);
			buildRules = (
			);
			dependencies = (
			);
			name = KuringApp;
			packageProductDependencies = (
				A995E9DF2AA617D400CF469B /* ComposableArchitecture */,
			);
			productName = KuringApp;
			productReference = A995E9AF2AA6179D00CF469B /* KuringApp.app */;
			productType = "com.apple.product-type.application";
		};
		A995E9C02AA6179E00CF469B /* KuringAppTests */ = {
			isa = PBXNativeTarget;
			buildConfigurationList = A995E9D82AA6179E00CF469B /* Build configuration list for PBXNativeTarget "KuringAppTests" */;
			buildPhases = (
				A995E9BD2AA6179E00CF469B /* Sources */,
				A995E9BE2AA6179E00CF469B /* Frameworks */,
				A995E9BF2AA6179E00CF469B /* Resources */,
			);
			buildRules = (
			);
			dependencies = (
				A995E9C32AA6179E00CF469B /* PBXTargetDependency */,
			);
			name = KuringAppTests;
			productName = KuringAppTests;
			productReference = A995E9C12AA6179E00CF469B /* KuringAppTests.xctest */;
			productType = "com.apple.product-type.bundle.unit-test";
		};
		A995E9CA2AA6179E00CF469B /* KuringAppUITests */ = {
			isa = PBXNativeTarget;
			buildConfigurationList = A995E9DB2AA6179E00CF469B /* Build configuration list for PBXNativeTarget "KuringAppUITests" */;
			buildPhases = (
				A995E9C72AA6179E00CF469B /* Sources */,
				A995E9C82AA6179E00CF469B /* Frameworks */,
				A995E9C92AA6179E00CF469B /* Resources */,
			);
			buildRules = (
			);
			dependencies = (
				A995E9CD2AA6179E00CF469B /* PBXTargetDependency */,
			);
			name = KuringAppUITests;
			productName = KuringAppUITests;
			productReference = A995E9CB2AA6179E00CF469B /* KuringAppUITests.xctest */;
			productType = "com.apple.product-type.bundle.ui-testing";
		};
/* End PBXNativeTarget section */

/* Begin PBXProject section */
		A995E9A72AA6179D00CF469B /* Project object */ = {
			isa = PBXProject;
			attributes = {
				BuildIndependentTargetsInParallel = 1;
				LastSwiftUpdateCheck = 1500;
				LastUpgradeCheck = 1500;
				TargetAttributes = {
					A995E9AE2AA6179D00CF469B = {
						CreatedOnToolsVersion = 15.0;
					};
					A995E9C02AA6179E00CF469B = {
						CreatedOnToolsVersion = 15.0;
						TestTargetID = A995E9AE2AA6179D00CF469B;
					};
					A995E9CA2AA6179E00CF469B = {
						CreatedOnToolsVersion = 15.0;
						TestTargetID = A995E9AE2AA6179D00CF469B;
					};
				};
			};
			buildConfigurationList = A995E9AA2AA6179D00CF469B /* Build configuration list for PBXProject "KuringApp" */;
			compatibilityVersion = "Xcode 14.0";
			developmentRegion = en;
			hasScannedForEncodings = 0;
			knownRegions = (
				en,
				Base,
			);
			mainGroup = A995E9A62AA6179D00CF469B;
			packageReferences = (
				A995E9DE2AA617D400CF469B /* XCRemoteSwiftPackageReference "swift-composable-architecture" */,
			);
			productRefGroup = A995E9B02AA6179D00CF469B /* Products */;
			projectDirPath = "";
			projectRoot = "";
			targets = (
				A995E9AE2AA6179D00CF469B /* KuringApp */,
				A995E9C02AA6179E00CF469B /* KuringAppTests */,
				A995E9CA2AA6179E00CF469B /* KuringAppUITests */,
			);
		};
/* End PBXProject section */

/* Begin PBXResourcesBuildPhase section */
		A995E9AD2AA6179D00CF469B /* Resources */ = {
			isa = PBXResourcesBuildPhase;
			buildActionMask = 2147483647;
			files = (
				A995E9BA2AA6179E00CF469B /* Preview Assets.xcassets in Resources */,
				A995E9B72AA6179E00CF469B /* Assets.xcassets in Resources */,
			);
			runOnlyForDeploymentPostprocessing = 0;
		};
		A995E9BF2AA6179E00CF469B /* Resources */ = {
			isa = PBXResourcesBuildPhase;
			buildActionMask = 2147483647;
			files = (
			);
			runOnlyForDeploymentPostprocessing = 0;
		};
		A995E9C92AA6179E00CF469B /* Resources */ = {
			isa = PBXResourcesBuildPhase;
			buildActionMask = 2147483647;
			files = (
			);
			runOnlyForDeploymentPostprocessing = 0;
		};
/* End PBXResourcesBuildPhase section */

/* Begin PBXSourcesBuildPhase section */
		A995E9AB2AA6179D00CF469B /* Sources */ = {
			isa = PBXSourcesBuildPhase;
			buildActionMask = 2147483647;
			files = (
				A995E9B52AA6179D00CF469B /* ContentView.swift in Sources */,
				A995E9E42AA6191A00CF469B /* Notice.swift in Sources */,
				A995E9E22AA617DF00CF469B /* NoticeList.swift in Sources */,
				A995E9B32AA6179D00CF469B /* KuringApp.swift in Sources */,
				A995E9E62AA61F2500CF469B /* DepartmentEditor.swift in Sources */,
				A995E9EB2AA6233A00CF469B /* Department.swift in Sources */,
			);
			runOnlyForDeploymentPostprocessing = 0;
		};
		A995E9BD2AA6179E00CF469B /* Sources */ = {
			isa = PBXSourcesBuildPhase;
			buildActionMask = 2147483647;
			files = (
				A995E9C62AA6179E00CF469B /* KuringAppTests.swift in Sources */,
			);
			runOnlyForDeploymentPostprocessing = 0;
		};
		A995E9C72AA6179E00CF469B /* Sources */ = {
			isa = PBXSourcesBuildPhase;
			buildActionMask = 2147483647;
			files = (
				A995E9D22AA6179E00CF469B /* KuringAppUITestsLaunchTests.swift in Sources */,
				A995E9D02AA6179E00CF469B /* KuringAppUITests.swift in Sources */,
			);
			runOnlyForDeploymentPostprocessing = 0;
		};
/* End PBXSourcesBuildPhase section */

/* Begin PBXTargetDependency section */
		A995E9C32AA6179E00CF469B /* PBXTargetDependency */ = {
			isa = PBXTargetDependency;
			target = A995E9AE2AA6179D00CF469B /* KuringApp */;
			targetProxy = A995E9C22AA6179E00CF469B /* PBXContainerItemProxy */;
		};
		A995E9CD2AA6179E00CF469B /* PBXTargetDependency */ = {
			isa = PBXTargetDependency;
			target = A995E9AE2AA6179D00CF469B /* KuringApp */;
			targetProxy = A995E9CC2AA6179E00CF469B /* PBXContainerItemProxy */;
		};
/* End PBXTargetDependency section */

/* Begin XCBuildConfiguration section */
		A995E9D32AA6179E00CF469B /* Debug */ = {
			isa = XCBuildConfiguration;
			buildSettings = {
				ALWAYS_SEARCH_USER_PATHS = NO;
				ASSETCATALOG_COMPILER_GENERATE_SWIFT_ASSET_SYMBOL_EXTENSIONS = YES;
				CLANG_ANALYZER_NONNULL = YES;
				CLANG_ANALYZER_NUMBER_OBJECT_CONVERSION = YES_AGGRESSIVE;
				CLANG_CXX_LANGUAGE_STANDARD = "gnu++20";
				CLANG_ENABLE_MODULES = YES;
				CLANG_ENABLE_OBJC_ARC = YES;
				CLANG_ENABLE_OBJC_WEAK = YES;
				CLANG_WARN_BLOCK_CAPTURE_AUTORELEASING = YES;
				CLANG_WARN_BOOL_CONVERSION = YES;
				CLANG_WARN_COMMA = YES;
				CLANG_WARN_CONSTANT_CONVERSION = YES;
				CLANG_WARN_DEPRECATED_OBJC_IMPLEMENTATIONS = YES;
				CLANG_WARN_DIRECT_OBJC_ISA_USAGE = YES_ERROR;
				CLANG_WARN_DOCUMENTATION_COMMENTS = YES;
				CLANG_WARN_EMPTY_BODY = YES;
				CLANG_WARN_ENUM_CONVERSION = YES;
				CLANG_WARN_INFINITE_RECURSION = YES;
				CLANG_WARN_INT_CONVERSION = YES;
				CLANG_WARN_NON_LITERAL_NULL_CONVERSION = YES;
				CLANG_WARN_OBJC_IMPLICIT_RETAIN_SELF = YES;
				CLANG_WARN_OBJC_LITERAL_CONVERSION = YES;
				CLANG_WARN_OBJC_ROOT_CLASS = YES_ERROR;
				CLANG_WARN_QUOTED_INCLUDE_IN_FRAMEWORK_HEADER = YES;
				CLANG_WARN_RANGE_LOOP_ANALYSIS = YES;
				CLANG_WARN_STRICT_PROTOTYPES = YES;
				CLANG_WARN_SUSPICIOUS_MOVE = YES;
				CLANG_WARN_UNGUARDED_AVAILABILITY = YES_AGGRESSIVE;
				CLANG_WARN_UNREACHABLE_CODE = YES;
				CLANG_WARN__DUPLICATE_METHOD_MATCH = YES;
				COPY_PHASE_STRIP = NO;
				DEBUG_INFORMATION_FORMAT = dwarf;
				ENABLE_STRICT_OBJC_MSGSEND = YES;
				ENABLE_TESTABILITY = YES;
				ENABLE_USER_SCRIPT_SANDBOXING = YES;
				GCC_C_LANGUAGE_STANDARD = gnu17;
				GCC_DYNAMIC_NO_PIC = NO;
				GCC_NO_COMMON_BLOCKS = YES;
				GCC_OPTIMIZATION_LEVEL = 0;
				GCC_PREPROCESSOR_DEFINITIONS = (
					"DEBUG=1",
					"$(inherited)",
				);
				GCC_WARN_64_TO_32_BIT_CONVERSION = YES;
				GCC_WARN_ABOUT_RETURN_TYPE = YES_ERROR;
				GCC_WARN_UNDECLARED_SELECTOR = YES;
				GCC_WARN_UNINITIALIZED_AUTOS = YES_AGGRESSIVE;
				GCC_WARN_UNUSED_FUNCTION = YES;
				GCC_WARN_UNUSED_VARIABLE = YES;
				IPHONEOS_DEPLOYMENT_TARGET = 17.0;
				LOCALIZATION_PREFERS_STRING_CATALOGS = YES;
				MTL_ENABLE_DEBUG_INFO = INCLUDE_SOURCE;
				MTL_FAST_MATH = YES;
				ONLY_ACTIVE_ARCH = YES;
				SDKROOT = iphoneos;
				SWIFT_ACTIVE_COMPILATION_CONDITIONS = "DEBUG $(inherited)";
				SWIFT_OPTIMIZATION_LEVEL = "-Onone";
			};
			name = Debug;
		};
		A995E9D42AA6179E00CF469B /* Release */ = {
			isa = XCBuildConfiguration;
			buildSettings = {
				ALWAYS_SEARCH_USER_PATHS = NO;
				ASSETCATALOG_COMPILER_GENERATE_SWIFT_ASSET_SYMBOL_EXTENSIONS = YES;
				CLANG_ANALYZER_NONNULL = YES;
				CLANG_ANALYZER_NUMBER_OBJECT_CONVERSION = YES_AGGRESSIVE;
				CLANG_CXX_LANGUAGE_STANDARD = "gnu++20";
				CLANG_ENABLE_MODULES = YES;
				CLANG_ENABLE_OBJC_ARC = YES;
				CLANG_ENABLE_OBJC_WEAK = YES;
				CLANG_WARN_BLOCK_CAPTURE_AUTORELEASING = YES;
				CLANG_WARN_BOOL_CONVERSION = YES;
				CLANG_WARN_COMMA = YES;
				CLANG_WARN_CONSTANT_CONVERSION = YES;
				CLANG_WARN_DEPRECATED_OBJC_IMPLEMENTATIONS = YES;
				CLANG_WARN_DIRECT_OBJC_ISA_USAGE = YES_ERROR;
				CLANG_WARN_DOCUMENTATION_COMMENTS = YES;
				CLANG_WARN_EMPTY_BODY = YES;
				CLANG_WARN_ENUM_CONVERSION = YES;
				CLANG_WARN_INFINITE_RECURSION = YES;
				CLANG_WARN_INT_CONVERSION = YES;
				CLANG_WARN_NON_LITERAL_NULL_CONVERSION = YES;
				CLANG_WARN_OBJC_IMPLICIT_RETAIN_SELF = YES;
				CLANG_WARN_OBJC_LITERAL_CONVERSION = YES;
				CLANG_WARN_OBJC_ROOT_CLASS = YES_ERROR;
				CLANG_WARN_QUOTED_INCLUDE_IN_FRAMEWORK_HEADER = YES;
				CLANG_WARN_RANGE_LOOP_ANALYSIS = YES;
				CLANG_WARN_STRICT_PROTOTYPES = YES;
				CLANG_WARN_SUSPICIOUS_MOVE = YES;
				CLANG_WARN_UNGUARDED_AVAILABILITY = YES_AGGRESSIVE;
				CLANG_WARN_UNREACHABLE_CODE = YES;
				CLANG_WARN__DUPLICATE_METHOD_MATCH = YES;
				COPY_PHASE_STRIP = NO;
				DEBUG_INFORMATION_FORMAT = "dwarf-with-dsym";
				ENABLE_NS_ASSERTIONS = NO;
				ENABLE_STRICT_OBJC_MSGSEND = YES;
				ENABLE_USER_SCRIPT_SANDBOXING = YES;
				GCC_C_LANGUAGE_STANDARD = gnu17;
				GCC_NO_COMMON_BLOCKS = YES;
				GCC_WARN_64_TO_32_BIT_CONVERSION = YES;
				GCC_WARN_ABOUT_RETURN_TYPE = YES_ERROR;
				GCC_WARN_UNDECLARED_SELECTOR = YES;
				GCC_WARN_UNINITIALIZED_AUTOS = YES_AGGRESSIVE;
				GCC_WARN_UNUSED_FUNCTION = YES;
				GCC_WARN_UNUSED_VARIABLE = YES;
				IPHONEOS_DEPLOYMENT_TARGET = 17.0;
				LOCALIZATION_PREFERS_STRING_CATALOGS = YES;
				MTL_ENABLE_DEBUG_INFO = NO;
				MTL_FAST_MATH = YES;
				SDKROOT = iphoneos;
				SWIFT_COMPILATION_MODE = wholemodule;
				VALIDATE_PRODUCT = YES;
			};
			name = Release;
		};
		A995E9D62AA6179E00CF469B /* Debug */ = {
			isa = XCBuildConfiguration;
			buildSettings = {
				ASSETCATALOG_COMPILER_APPICON_NAME = AppIcon;
				ASSETCATALOG_COMPILER_GLOBAL_ACCENT_COLOR_NAME = AccentColor;
				CODE_SIGN_STYLE = Automatic;
				CURRENT_PROJECT_VERSION = 1;
				DEVELOPMENT_ASSET_PATHS = "\"KuringApp/Preview Content\"";
				DEVELOPMENT_TEAM = 77CD4KLN3Y;
				ENABLE_PREVIEWS = YES;
				GENERATE_INFOPLIST_FILE = YES;
				INFOPLIST_KEY_UIApplicationSceneManifest_Generation = YES;
				INFOPLIST_KEY_UIApplicationSupportsIndirectInputEvents = YES;
				INFOPLIST_KEY_UILaunchScreen_Generation = YES;
				INFOPLIST_KEY_UISupportedInterfaceOrientations_iPad = "UIInterfaceOrientationPortrait UIInterfaceOrientationPortraitUpsideDown UIInterfaceOrientationLandscapeLeft UIInterfaceOrientationLandscapeRight";
				INFOPLIST_KEY_UISupportedInterfaceOrientations_iPhone = "UIInterfaceOrientationPortrait UIInterfaceOrientationLandscapeLeft UIInterfaceOrientationLandscapeRight";
				IPHONEOS_DEPLOYMENT_TARGET = 17.0;
				LD_RUNPATH_SEARCH_PATHS = (
					"$(inherited)",
					"@executable_path/Frameworks",
				);
				MARKETING_VERSION = 1.0;
				PRODUCT_BUNDLE_IDENTIFIER = com.jsung.tca.kuring.KuringApp;
				PRODUCT_NAME = "$(TARGET_NAME)";
				SWIFT_EMIT_LOC_STRINGS = YES;
				SWIFT_VERSION = 5.0;
				TARGETED_DEVICE_FAMILY = "1,2";
			};
			name = Debug;
		};
		A995E9D72AA6179E00CF469B /* Release */ = {
			isa = XCBuildConfiguration;
			buildSettings = {
				ASSETCATALOG_COMPILER_APPICON_NAME = AppIcon;
				ASSETCATALOG_COMPILER_GLOBAL_ACCENT_COLOR_NAME = AccentColor;
				CODE_SIGN_STYLE = Automatic;
				CURRENT_PROJECT_VERSION = 1;
				DEVELOPMENT_ASSET_PATHS = "\"KuringApp/Preview Content\"";
				DEVELOPMENT_TEAM = 77CD4KLN3Y;
				ENABLE_PREVIEWS = YES;
				GENERATE_INFOPLIST_FILE = YES;
				INFOPLIST_KEY_UIApplicationSceneManifest_Generation = YES;
				INFOPLIST_KEY_UIApplicationSupportsIndirectInputEvents = YES;
				INFOPLIST_KEY_UILaunchScreen_Generation = YES;
				INFOPLIST_KEY_UISupportedInterfaceOrientations_iPad = "UIInterfaceOrientationPortrait UIInterfaceOrientationPortraitUpsideDown UIInterfaceOrientationLandscapeLeft UIInterfaceOrientationLandscapeRight";
				INFOPLIST_KEY_UISupportedInterfaceOrientations_iPhone = "UIInterfaceOrientationPortrait UIInterfaceOrientationLandscapeLeft UIInterfaceOrientationLandscapeRight";
				IPHONEOS_DEPLOYMENT_TARGET = 17.0;
				LD_RUNPATH_SEARCH_PATHS = (
					"$(inherited)",
					"@executable_path/Frameworks",
				);
				MARKETING_VERSION = 1.0;
				PRODUCT_BUNDLE_IDENTIFIER = com.jsung.tca.kuring.KuringApp;
				PRODUCT_NAME = "$(TARGET_NAME)";
				SWIFT_EMIT_LOC_STRINGS = YES;
				SWIFT_VERSION = 5.0;
				TARGETED_DEVICE_FAMILY = "1,2";
			};
			name = Release;
		};
		A995E9D92AA6179E00CF469B /* Debug */ = {
			isa = XCBuildConfiguration;
			buildSettings = {
				ALWAYS_EMBED_SWIFT_STANDARD_LIBRARIES = YES;
				BUNDLE_LOADER = "$(TEST_HOST)";
				CODE_SIGN_STYLE = Automatic;
				CURRENT_PROJECT_VERSION = 1;
				DEVELOPMENT_TEAM = 77CD4KLN3Y;
				GENERATE_INFOPLIST_FILE = YES;
				IPHONEOS_DEPLOYMENT_TARGET = 17.0;
				MARKETING_VERSION = 1.0;
				PRODUCT_BUNDLE_IDENTIFIER = com.jsung.tca.kuring.KuringAppTests;
				PRODUCT_NAME = "$(TARGET_NAME)";
				SWIFT_EMIT_LOC_STRINGS = NO;
				SWIFT_VERSION = 5.0;
				TARGETED_DEVICE_FAMILY = "1,2";
				TEST_HOST = "$(BUILT_PRODUCTS_DIR)/KuringApp.app/$(BUNDLE_EXECUTABLE_FOLDER_PATH)/KuringApp";
			};
			name = Debug;
		};
		A995E9DA2AA6179E00CF469B /* Release */ = {
			isa = XCBuildConfiguration;
			buildSettings = {
				ALWAYS_EMBED_SWIFT_STANDARD_LIBRARIES = YES;
				BUNDLE_LOADER = "$(TEST_HOST)";
				CODE_SIGN_STYLE = Automatic;
				CURRENT_PROJECT_VERSION = 1;
				DEVELOPMENT_TEAM = 77CD4KLN3Y;
				GENERATE_INFOPLIST_FILE = YES;
				IPHONEOS_DEPLOYMENT_TARGET = 17.0;
				MARKETING_VERSION = 1.0;
				PRODUCT_BUNDLE_IDENTIFIER = com.jsung.tca.kuring.KuringAppTests;
				PRODUCT_NAME = "$(TARGET_NAME)";
				SWIFT_EMIT_LOC_STRINGS = NO;
				SWIFT_VERSION = 5.0;
				TARGETED_DEVICE_FAMILY = "1,2";
				TEST_HOST = "$(BUILT_PRODUCTS_DIR)/KuringApp.app/$(BUNDLE_EXECUTABLE_FOLDER_PATH)/KuringApp";
			};
			name = Release;
		};
		A995E9DC2AA6179E00CF469B /* Debug */ = {
			isa = XCBuildConfiguration;
			buildSettings = {
				ALWAYS_EMBED_SWIFT_STANDARD_LIBRARIES = YES;
				CODE_SIGN_STYLE = Automatic;
				CURRENT_PROJECT_VERSION = 1;
				DEVELOPMENT_TEAM = 77CD4KLN3Y;
				GENERATE_INFOPLIST_FILE = YES;
				MARKETING_VERSION = 1.0;
				PRODUCT_BUNDLE_IDENTIFIER = com.jsung.tca.kuring.KuringAppUITests;
				PRODUCT_NAME = "$(TARGET_NAME)";
				SWIFT_EMIT_LOC_STRINGS = NO;
				SWIFT_VERSION = 5.0;
				TARGETED_DEVICE_FAMILY = "1,2";
				TEST_TARGET_NAME = KuringApp;
			};
			name = Debug;
		};
		A995E9DD2AA6179E00CF469B /* Release */ = {
			isa = XCBuildConfiguration;
			buildSettings = {
				ALWAYS_EMBED_SWIFT_STANDARD_LIBRARIES = YES;
				CODE_SIGN_STYLE = Automatic;
				CURRENT_PROJECT_VERSION = 1;
				DEVELOPMENT_TEAM = 77CD4KLN3Y;
				GENERATE_INFOPLIST_FILE = YES;
				MARKETING_VERSION = 1.0;
				PRODUCT_BUNDLE_IDENTIFIER = com.jsung.tca.kuring.KuringAppUITests;
				PRODUCT_NAME = "$(TARGET_NAME)";
				SWIFT_EMIT_LOC_STRINGS = NO;
				SWIFT_VERSION = 5.0;
				TARGETED_DEVICE_FAMILY = "1,2";
				TEST_TARGET_NAME = KuringApp;
			};
			name = Release;
		};
/* End XCBuildConfiguration section */

/* Begin XCConfigurationList section */
		A995E9AA2AA6179D00CF469B /* Build configuration list for PBXProject "KuringApp" */ = {
			isa = XCConfigurationList;
			buildConfigurations = (
				A995E9D32AA6179E00CF469B /* Debug */,
				A995E9D42AA6179E00CF469B /* Release */,
			);
			defaultConfigurationIsVisible = 0;
			defaultConfigurationName = Release;
		};
		A995E9D52AA6179E00CF469B /* Build configuration list for PBXNativeTarget "KuringApp" */ = {
			isa = XCConfigurationList;
			buildConfigurations = (
				A995E9D62AA6179E00CF469B /* Debug */,
				A995E9D72AA6179E00CF469B /* Release */,
			);
			defaultConfigurationIsVisible = 0;
			defaultConfigurationName = Release;
		};
		A995E9D82AA6179E00CF469B /* Build configuration list for PBXNativeTarget "KuringAppTests" */ = {
			isa = XCConfigurationList;
			buildConfigurations = (
				A995E9D92AA6179E00CF469B /* Debug */,
				A995E9DA2AA6179E00CF469B /* Release */,
			);
			defaultConfigurationIsVisible = 0;
			defaultConfigurationName = Release;
		};
		A995E9DB2AA6179E00CF469B /* Build configuration list for PBXNativeTarget "KuringAppUITests" */ = {
			isa = XCConfigurationList;
			buildConfigurations = (
				A995E9DC2AA6179E00CF469B /* Debug */,
				A995E9DD2AA6179E00CF469B /* Release */,
			);
			defaultConfigurationIsVisible = 0;
			defaultConfigurationName = Release;
		};
/* End XCConfigurationList section */

/* Begin XCRemoteSwiftPackageReference section */
		A995E9DE2AA617D400CF469B /* XCRemoteSwiftPackageReference "swift-composable-architecture" */ = {
			isa = XCRemoteSwiftPackageReference;
			repositoryURL = "https://github.com/pointfreeco/swift-composable-architecture";
			requirement = {
				kind = upToNextMajorVersion;
				minimumVersion = 1.2.0;
			};
		};
/* End XCRemoteSwiftPackageReference section */

/* Begin XCSwiftPackageProductDependency section */
		A995E9DF2AA617D400CF469B /* ComposableArchitecture */ = {
			isa = XCSwiftPackageProductDependency;
			package = A995E9DE2AA617D400CF469B /* XCRemoteSwiftPackageReference "swift-composable-architecture" */;
			productName = ComposableArchitecture;
		};
/* End XCSwiftPackageProductDependency section */
	};
	rootObject = A995E9A72AA6179D00CF469B /* Project object */;
}
